// !$*UTF8*$!
{
	archiveVersion = 1;
	classes = {
	};
	objectVersion = 42;
	objects = {

/* Begin PBXBuildFile section */
		3813315114141F8600B8CE5B /* entity.cpp in Sources */ = {isa = PBXBuildFile; fileRef = 3813312A14141F8600B8CE5B /* entity.cpp */; };
		3813315214141F8600B8CE5B /* gamescreen.cpp in Sources */ = {isa = PBXBuildFile; fileRef = 3813312C14141F8600B8CE5B /* gamescreen.cpp */; };
		3813315314141F8600B8CE5B /* main.cpp in Sources */ = {isa = PBXBuildFile; fileRef = 3813312E14141F8600B8CE5B /* main.cpp */; };
		3813315414141F8600B8CE5B /* player.cpp in Sources */ = {isa = PBXBuildFile; fileRef = 3813312F14141F8600B8CE5B /* player.cpp */; };
		3813315514141F8600B8CE5B /* random.cpp in Sources */ = {isa = PBXBuildFile; fileRef = 3813313114141F8600B8CE5B /* random.cpp */; };
		3813315614141F8600B8CE5B /* scenery.cpp in Sources */ = {isa = PBXBuildFile; fileRef = 3813313314141F8600B8CE5B /* scenery.cpp */; };
		3813315714141F8600B8CE5B /* shapes.cpp in Sources */ = {isa = PBXBuildFile; fileRef = 3813313514141F8600B8CE5B /* shapes.cpp */; };
		3813315814141F8600B8CE5B /* ship.cpp in Sources */ = {isa = PBXBuildFile; fileRef = 3813313714141F8600B8CE5B /* ship.cpp */; };
		3813315914141F8600B8CE5B /* shot.cpp in Sources */ = {isa = PBXBuildFile; fileRef = 3813313914141F8600B8CE5B /* shot.cpp */; };
		3813315A14141F8600B8CE5B /* stars.cpp in Sources */ = {isa = PBXBuildFile; fileRef = 3813313B14141F8600B8CE5B /* stars.cpp */; };
		3813315B14141F8600B8CE5B /* thinker.cpp in Sources */ = {isa = PBXBuildFile; fileRef = 3813313D14141F8600B8CE5B /* thinker.cpp */; };
		3813315C14141F8600B8CE5B /* world.cpp in Sources */ = {isa = PBXBuildFile; fileRef = 3813314014141F8600B8CE5B /* world.cpp */; };
		3813315D14141F8600B8CE5B /* explosion.cpp in Sources */ = {isa = PBXBuildFile; fileRef = 3813314314141F8600B8CE5B /* explosion.cpp */; };
		3813315E14141F8600B8CE5B /* gamescreen.cpp in Sources */ = {isa = PBXBuildFile; fileRef = 3813314514141F8600B8CE5B /* gamescreen.cpp */; };
		3813315F14141F8600B8CE5B /* object.cpp in Sources */ = {isa = PBXBuildFile; fileRef = 3813314714141F8600B8CE5B /* object.cpp */; };
		3813316014141F8600B8CE5B /* obstacle.cpp in Sources */ = {isa = PBXBuildFile; fileRef = 3813314914141F8600B8CE5B /* obstacle.cpp */; };
		3813316114141F8600B8CE5B /* player.cpp in Sources */ = {isa = PBXBuildFile; fileRef = 3813314B14141F8600B8CE5B /* player.cpp */; };
		3813316214141F8600B8CE5B /* shot.cpp in Sources */ = {isa = PBXBuildFile; fileRef = 3813314D14141F8600B8CE5B /* shot.cpp */; };
		3813316314141F8600B8CE5B /* world.cpp in Sources */ = {isa = PBXBuildFile; fileRef = 3813314F14141F8600B8CE5B /* world.cpp */; };
		382C270712119C2E0048F4BF /* model.cpp in Sources */ = {isa = PBXBuildFile; fileRef = 382C270512119C2E0048F4BF /* model.cpp */; };
		382D217C11D98E5C009C8EF5 /* OpenGL.framework in Frameworks */ = {isa = PBXBuildFile; fileRef = 382D217B11D98E5C009C8EF5 /* OpenGL.framework */; };
		382D219011D98E62009C8EF5 /* AppKit.framework in Frameworks */ = {isa = PBXBuildFile; fileRef = 382D218F11D98E62009C8EF5 /* AppKit.framework */; };
		382D224611D98E6A009C8EF5 /* Foundation.framework in Frameworks */ = {isa = PBXBuildFile; fileRef = 382D224511D98E6A009C8EF5 /* Foundation.framework */; };
		382D22C711D98E80009C8EF5 /* ApplicationServices.framework in Frameworks */ = {isa = PBXBuildFile; fileRef = 382D22C611D98E80009C8EF5 /* ApplicationServices.framework */; };
		3857BE631321785B00F81D56 /* rastertext_osx.cpp in Sources */ = {isa = PBXBuildFile; fileRef = 3857BE5E1321785B00F81D56 /* rastertext_osx.cpp */; };
		3857BE641321785B00F81D56 /* rastertext.cpp in Sources */ = {isa = PBXBuildFile; fileRef = 3857BE5F1321785B00F81D56 /* rastertext.cpp */; };
		3857BE6C132178A600F81D56 /* button.cpp in Sources */ = {isa = PBXBuildFile; fileRef = 3857BE67132178A600F81D56 /* button.cpp */; };
		3857BE72132178AE00F81D56 /* screen.cpp in Sources */ = {isa = PBXBuildFile; fileRef = 3857BE70132178AE00F81D56 /* screen.cpp */; };
		3857BE73132178AE00F81D56 /* mousemanager.cpp in Sources */ = {isa = PBXBuildFile; fileRef = 3857BE71132178AE00F81D56 /* mousemanager.cpp */; };
		3857BE861321790100F81D56 /* group.cpp in Sources */ = {isa = PBXBuildFile; fileRef = 3857BE801321790100F81D56 /* group.cpp */; };
		3857BE871321790100F81D56 /* leafobject.cpp in Sources */ = {isa = PBXBuildFile; fileRef = 3857BE821321790100F81D56 /* leafobject.cpp */; };
		3857BE881321790100F81D56 /* object.cpp in Sources */ = {isa = PBXBuildFile; fileRef = 3857BE841321790100F81D56 /* object.cpp */; };
		3857BE8D13217A3F00F81D56 /* font_osx.cpp in Sources */ = {isa = PBXBuildFile; fileRef = 3857BE8C13217A3F00F81D56 /* font_osx.cpp */; };
		38709E7B13309B5600DA858D /* dummytexture.cpp in Sources */ = {isa = PBXBuildFile; fileRef = 38709E7913309B5600DA858D /* dummytexture.cpp */; };
		38709E8013309B5D00DA858D /* texture.cpp in Sources */ = {isa = PBXBuildFile; fileRef = 38709E7C13309B5D00DA858D /* texture.cpp */; };
		38709E8113309B5D00DA858D /* texturefile.cpp in Sources */ = {isa = PBXBuildFile; fileRef = 38709E7E13309B5D00DA858D /* texturefile.cpp */; };
		38709EDC1330A5A200DA858D /* config.cpp in Sources */ = {isa = PBXBuildFile; fileRef = 38709EC71330A5A200DA858D /* config.cpp */; };
		38709EDD1330A5A200DA858D /* configfile.cpp in Sources */ = {isa = PBXBuildFile; fileRef = 38709EC91330A5A200DA858D /* configfile.cpp */; };
		38709EDF1330A5A200DA858D /* ifile.cpp in Sources */ = {isa = PBXBuildFile; fileRef = 38709ECC1330A5A200DA858D /* ifile.cpp */; };
		38709EE01330A5A200DA858D /* ifilereg.cpp in Sources */ = {isa = PBXBuildFile; fileRef = 38709ECE1330A5A200DA858D /* ifilereg.cpp */; };
		38709EE21330A5A200DA858D /* path.cpp in Sources */ = {isa = PBXBuildFile; fileRef = 38709ED11330A5A200DA858D /* path.cpp */; };
		38709EE31330A5A200DA858D /* resource.cpp in Sources */ = {isa = PBXBuildFile; fileRef = 38709ED31330A5A200DA858D /* resource.cpp */; };
		38709EE41330A5A200DA858D /* stringarray.cpp in Sources */ = {isa = PBXBuildFile; fileRef = 38709ED61330A5A200DA858D /* stringarray.cpp */; };
		38709EE51330A5A200DA858D /* system_error.cpp in Sources */ = {isa = PBXBuildFile; fileRef = 38709ED81330A5A200DA858D /* system_error.cpp */; };
		38709EE81330A5D000DA858D /* configfileread.cpp in Sources */ = {isa = PBXBuildFile; fileRef = 38709EE71330A5D000DA858D /* configfileread.cpp */; };
		38709F181330B45C00DA858D /* data in Resources */ = {isa = PBXBuildFile; fileRef = 38709F0D1330B45C00DA858D /* data */; };
		38709F4C1330B7CA00DA858D /* path_osx.cpp in Sources */ = {isa = PBXBuildFile; fileRef = 38709F261330B6FD00DA858D /* path_osx.cpp */; };
		3871E294141ACAA3000DF3D6 /* main.c in Sources */ = {isa = PBXBuildFile; fileRef = 3871E293141ACAA3000DF3D6 /* main.c */; };
		3871E297141ACAF7000DF3D6 /* MainMenu.xib in Resources */ = {isa = PBXBuildFile; fileRef = 3871E296141ACAF7000DF3D6 /* MainMenu.xib */; };
		3871E29B141ACB60000DF3D6 /* GController.mm in Sources */ = {isa = PBXBuildFile; fileRef = 3871E29A141ACB60000DF3D6 /* GController.mm */; };
		3871E2A1141ACEA6000DF3D6 /* GView.mm in Sources */ = {isa = PBXBuildFile; fileRef = 3871E2A0141ACEA6000DF3D6 /* GView.mm */; };
		3871E2A9141ACFCB000DF3D6 /* clock_osx.cpp in Sources */ = {isa = PBXBuildFile; fileRef = 3871E2A8141ACFCB000DF3D6 /* clock_osx.cpp */; };
		3871E3CD141B31C3000DF3D6 /* window.cpp in Sources */ = {isa = PBXBuildFile; fileRef = 3871E3CB141B31C3000DF3D6 /* window.cpp */; };
		389F06701210A46A00E6AA2A /* menu.cpp in Sources */ = {isa = PBXBuildFile; fileRef = 389F066E1210A46A00E6AA2A /* menu.cpp */; };
		38B2409D117BAE0800903838 /* rand.cpp in Sources */ = {isa = PBXBuildFile; fileRef = 38B2409B117BAE0800903838 /* rand.cpp */; };
		38F7832A121317550080545B /* widget.cpp in Sources */ = {isa = PBXBuildFile; fileRef = 38F78329121317550080545B /* widget.cpp */; };
/* End PBXBuildFile section */

/* Begin PBXFileReference section */
		3813312A14141F8600B8CE5B /* entity.cpp */ = {isa = PBXFileReference; fileEncoding = 4; lastKnownFileType = sourcecode.cpp.cpp; path = entity.cpp; sourceTree = "<group>"; };
		3813312B14141F8600B8CE5B /* entity.hpp */ = {isa = PBXFileReference; fileEncoding = 4; lastKnownFileType = sourcecode.cpp.h; path = entity.hpp; sourceTree = "<group>"; };
		3813312C14141F8600B8CE5B /* gamescreen.cpp */ = {isa = PBXFileReference; fileEncoding = 4; lastKnownFileType = sourcecode.cpp.cpp; path = gamescreen.cpp; sourceTree = "<group>"; };
		3813312D14141F8600B8CE5B /* gamescreen.hpp */ = {isa = PBXFileReference; fileEncoding = 4; lastKnownFileType = sourcecode.cpp.h; path = gamescreen.hpp; sourceTree = "<group>"; };
		3813312E14141F8600B8CE5B /* main.cpp */ = {isa = PBXFileReference; fileEncoding = 4; lastKnownFileType = sourcecode.cpp.cpp; path = main.cpp; sourceTree = "<group>"; };
		3813312F14141F8600B8CE5B /* player.cpp */ = {isa = PBXFileReference; fileEncoding = 4; lastKnownFileType = sourcecode.cpp.cpp; path = player.cpp; sourceTree = "<group>"; };
		3813313014141F8600B8CE5B /* player.hpp */ = {isa = PBXFileReference; fileEncoding = 4; lastKnownFileType = sourcecode.cpp.h; path = player.hpp; sourceTree = "<group>"; };
		3813313114141F8600B8CE5B /* random.cpp */ = {isa = PBXFileReference; fileEncoding = 4; lastKnownFileType = sourcecode.cpp.cpp; path = random.cpp; sourceTree = "<group>"; };
		3813313214141F8600B8CE5B /* random.hpp */ = {isa = PBXFileReference; fileEncoding = 4; lastKnownFileType = sourcecode.cpp.h; path = random.hpp; sourceTree = "<group>"; };
		3813313314141F8600B8CE5B /* scenery.cpp */ = {isa = PBXFileReference; fileEncoding = 4; lastKnownFileType = sourcecode.cpp.cpp; path = scenery.cpp; sourceTree = "<group>"; };
		3813313414141F8600B8CE5B /* scenery.hpp */ = {isa = PBXFileReference; fileEncoding = 4; lastKnownFileType = sourcecode.cpp.h; path = scenery.hpp; sourceTree = "<group>"; };
		3813313514141F8600B8CE5B /* shapes.cpp */ = {isa = PBXFileReference; fileEncoding = 4; lastKnownFileType = sourcecode.cpp.cpp; path = shapes.cpp; sourceTree = "<group>"; };
		3813313614141F8600B8CE5B /* shapes.hpp */ = {isa = PBXFileReference; fileEncoding = 4; lastKnownFileType = sourcecode.cpp.h; path = shapes.hpp; sourceTree = "<group>"; };
		3813313714141F8600B8CE5B /* ship.cpp */ = {isa = PBXFileReference; fileEncoding = 4; lastKnownFileType = sourcecode.cpp.cpp; path = ship.cpp; sourceTree = "<group>"; };
		3813313814141F8600B8CE5B /* ship.hpp */ = {isa = PBXFileReference; fileEncoding = 4; lastKnownFileType = sourcecode.cpp.h; path = ship.hpp; sourceTree = "<group>"; };
		3813313914141F8600B8CE5B /* shot.cpp */ = {isa = PBXFileReference; fileEncoding = 4; lastKnownFileType = sourcecode.cpp.cpp; path = shot.cpp; sourceTree = "<group>"; };
		3813313A14141F8600B8CE5B /* shot.hpp */ = {isa = PBXFileReference; fileEncoding = 4; lastKnownFileType = sourcecode.cpp.h; path = shot.hpp; sourceTree = "<group>"; };
		3813313B14141F8600B8CE5B /* stars.cpp */ = {isa = PBXFileReference; fileEncoding = 4; lastKnownFileType = sourcecode.cpp.cpp; path = stars.cpp; sourceTree = "<group>"; };
		3813313C14141F8600B8CE5B /* stars.hpp */ = {isa = PBXFileReference; fileEncoding = 4; lastKnownFileType = sourcecode.cpp.h; path = stars.hpp; sourceTree = "<group>"; };
		3813313D14141F8600B8CE5B /* thinker.cpp */ = {isa = PBXFileReference; fileEncoding = 4; lastKnownFileType = sourcecode.cpp.cpp; path = thinker.cpp; sourceTree = "<group>"; };
		3813313E14141F8600B8CE5B /* thinker.hpp */ = {isa = PBXFileReference; fileEncoding = 4; lastKnownFileType = sourcecode.cpp.h; path = thinker.hpp; sourceTree = "<group>"; };
		3813313F14141F8600B8CE5B /* vector.hpp */ = {isa = PBXFileReference; fileEncoding = 4; lastKnownFileType = sourcecode.cpp.h; path = vector.hpp; sourceTree = "<group>"; };
		3813314014141F8600B8CE5B /* world.cpp */ = {isa = PBXFileReference; fileEncoding = 4; lastKnownFileType = sourcecode.cpp.cpp; path = world.cpp; sourceTree = "<group>"; };
		3813314114141F8600B8CE5B /* world.hpp */ = {isa = PBXFileReference; fileEncoding = 4; lastKnownFileType = sourcecode.cpp.h; path = world.hpp; sourceTree = "<group>"; };
		3813314314141F8600B8CE5B /* explosion.cpp */ = {isa = PBXFileReference; fileEncoding = 4; lastKnownFileType = sourcecode.cpp.cpp; path = explosion.cpp; sourceTree = "<group>"; };
		3813314414141F8600B8CE5B /* explosion.hpp */ = {isa = PBXFileReference; fileEncoding = 4; lastKnownFileType = sourcecode.cpp.h; path = explosion.hpp; sourceTree = "<group>"; };
		3813314514141F8600B8CE5B /* gamescreen.cpp */ = {isa = PBXFileReference; fileEncoding = 4; lastKnownFileType = sourcecode.cpp.cpp; path = gamescreen.cpp; sourceTree = "<group>"; };
		3813314614141F8600B8CE5B /* gamescreen.hpp */ = {isa = PBXFileReference; fileEncoding = 4; lastKnownFileType = sourcecode.cpp.h; path = gamescreen.hpp; sourceTree = "<group>"; };
		3813314714141F8600B8CE5B /* object.cpp */ = {isa = PBXFileReference; fileEncoding = 4; lastKnownFileType = sourcecode.cpp.cpp; path = object.cpp; sourceTree = "<group>"; };
		3813314814141F8600B8CE5B /* object.hpp */ = {isa = PBXFileReference; fileEncoding = 4; lastKnownFileType = sourcecode.cpp.h; path = object.hpp; sourceTree = "<group>"; };
		3813314914141F8600B8CE5B /* obstacle.cpp */ = {isa = PBXFileReference; fileEncoding = 4; lastKnownFileType = sourcecode.cpp.cpp; path = obstacle.cpp; sourceTree = "<group>"; };
		3813314A14141F8600B8CE5B /* obstacle.hpp */ = {isa = PBXFileReference; fileEncoding = 4; lastKnownFileType = sourcecode.cpp.h; path = obstacle.hpp; sourceTree = "<group>"; };
		3813314B14141F8600B8CE5B /* player.cpp */ = {isa = PBXFileReference; fileEncoding = 4; lastKnownFileType = sourcecode.cpp.cpp; path = player.cpp; sourceTree = "<group>"; };
		3813314C14141F8600B8CE5B /* player.hpp */ = {isa = PBXFileReference; fileEncoding = 4; lastKnownFileType = sourcecode.cpp.h; path = player.hpp; sourceTree = "<group>"; };
		3813314D14141F8600B8CE5B /* shot.cpp */ = {isa = PBXFileReference; fileEncoding = 4; lastKnownFileType = sourcecode.cpp.cpp; path = shot.cpp; sourceTree = "<group>"; };
		3813314E14141F8600B8CE5B /* shot.hpp */ = {isa = PBXFileReference; fileEncoding = 4; lastKnownFileType = sourcecode.cpp.h; path = shot.hpp; sourceTree = "<group>"; };
		3813314F14141F8600B8CE5B /* world.cpp */ = {isa = PBXFileReference; fileEncoding = 4; lastKnownFileType = sourcecode.cpp.cpp; path = world.cpp; sourceTree = "<group>"; };
		3813315014141F8600B8CE5B /* world.hpp */ = {isa = PBXFileReference; fileEncoding = 4; lastKnownFileType = sourcecode.cpp.h; path = world.hpp; sourceTree = "<group>"; };
		3813316414141FB400B8CE5B /* opengl.hpp */ = {isa = PBXFileReference; fileEncoding = 4; lastKnownFileType = sourcecode.cpp.h; path = opengl.hpp; sourceTree = "<group>"; };
		382C270412119C2E0048F4BF /* color.hpp */ = {isa = PBXFileReference; fileEncoding = 4; lastKnownFileType = sourcecode.cpp.h; path = color.hpp; sourceTree = "<group>"; };
		382C270512119C2E0048F4BF /* model.cpp */ = {isa = PBXFileReference; fileEncoding = 4; lastKnownFileType = sourcecode.cpp.cpp; path = model.cpp; sourceTree = "<group>"; };
		382C270612119C2E0048F4BF /* model.hpp */ = {isa = PBXFileReference; fileEncoding = 4; lastKnownFileType = sourcecode.cpp.h; path = model.hpp; sourceTree = "<group>"; };
		382D217B11D98E5C009C8EF5 /* OpenGL.framework */ = {isa = PBXFileReference; lastKnownFileType = wrapper.framework; name = OpenGL.framework; path = /System/Library/Frameworks/OpenGL.framework; sourceTree = "<absolute>"; };
		382D218F11D98E62009C8EF5 /* AppKit.framework */ = {isa = PBXFileReference; lastKnownFileType = wrapper.framework; name = AppKit.framework; path = /System/Library/Frameworks/AppKit.framework; sourceTree = "<absolute>"; };
		382D224511D98E6A009C8EF5 /* Foundation.framework */ = {isa = PBXFileReference; lastKnownFileType = wrapper.framework; name = Foundation.framework; path = /System/Library/Frameworks/Foundation.framework; sourceTree = "<absolute>"; };
		382D22C611D98E80009C8EF5 /* ApplicationServices.framework */ = {isa = PBXFileReference; lastKnownFileType = wrapper.framework; name = ApplicationServices.framework; path = /System/Library/Frameworks/ApplicationServices.framework; sourceTree = "<absolute>"; };
		3852089E117434FD00640971 /* Game.app */ = {isa = PBXFileReference; explicitFileType = wrapper.application; includeInIndex = 0; path = Game.app; sourceTree = BUILT_PRODUCTS_DIR; };
		385208A1117434FD00640971 /* Game-Info.plist */ = {isa = PBXFileReference; lastKnownFileType = text.plist.xml; path = "Game-Info.plist"; sourceTree = "<group>"; };
		3857BE5A1321785B00F81D56 /* font_pango.cpp */ = {isa = PBXFileReference; fileEncoding = 4; lastKnownFileType = sourcecode.cpp.cpp; path = font_pango.cpp; sourceTree = "<group>"; };
		3857BE5B1321785B00F81D56 /* font_pango.hpp */ = {isa = PBXFileReference; fileEncoding = 4; lastKnownFileType = sourcecode.cpp.h; path = font_pango.hpp; sourceTree = "<group>"; };
		3857BE5C1321785B00F81D56 /* font.hpp */ = {isa = PBXFileReference; fileEncoding = 4; lastKnownFileType = sourcecode.cpp.h; path = font.hpp; sourceTree = "<group>"; };
		3857BE5D1321785B00F81D56 /* rastertext_cairo.cpp */ = {isa = PBXFileReference; fileEncoding = 4; lastKnownFileType = sourcecode.cpp.cpp; path = rastertext_cairo.cpp; sourceTree = "<group>"; };
		3857BE5E1321785B00F81D56 /* rastertext_osx.cpp */ = {isa = PBXFileReference; fileEncoding = 4; lastKnownFileType = sourcecode.cpp.cpp; path = rastertext_osx.cpp; sourceTree = "<group>"; };
		3857BE5F1321785B00F81D56 /* rastertext.cpp */ = {isa = PBXFileReference; fileEncoding = 4; lastKnownFileType = sourcecode.cpp.cpp; path = rastertext.cpp; sourceTree = "<group>"; };
		3857BE601321785B00F81D56 /* rastertext.hpp */ = {isa = PBXFileReference; fileEncoding = 4; lastKnownFileType = sourcecode.cpp.h; path = rastertext.hpp; sourceTree = "<group>"; };
		3857BE65132178A600F81D56 /* geometry.hpp */ = {isa = PBXFileReference; fileEncoding = 4; lastKnownFileType = sourcecode.cpp.h; path = geometry.hpp; sourceTree = "<group>"; };
		3857BE66132178A600F81D56 /* action.hpp */ = {isa = PBXFileReference; fileEncoding = 4; lastKnownFileType = sourcecode.cpp.h; path = action.hpp; sourceTree = "<group>"; };
		3857BE67132178A600F81D56 /* button.cpp */ = {isa = PBXFileReference; fileEncoding = 4; lastKnownFileType = sourcecode.cpp.cpp; path = button.cpp; sourceTree = "<group>"; };
		3857BE68132178A600F81D56 /* button.hpp */ = {isa = PBXFileReference; fileEncoding = 4; lastKnownFileType = sourcecode.cpp.h; path = button.hpp; sourceTree = "<group>"; };
		3857BE69132178A600F81D56 /* event.hpp */ = {isa = PBXFileReference; fileEncoding = 4; lastKnownFileType = sourcecode.cpp.h; path = event.hpp; sourceTree = "<group>"; };
		3857BE6E132178AE00F81D56 /* screen.hpp */ = {isa = PBXFileReference; fileEncoding = 4; lastKnownFileType = sourcecode.cpp.h; path = screen.hpp; sourceTree = "<group>"; };
		3857BE6F132178AE00F81D56 /* mousemanager.hpp */ = {isa = PBXFileReference; fileEncoding = 4; lastKnownFileType = sourcecode.cpp.h; path = mousemanager.hpp; sourceTree = "<group>"; };
		3857BE70132178AE00F81D56 /* screen.cpp */ = {isa = PBXFileReference; fileEncoding = 4; lastKnownFileType = sourcecode.cpp.cpp; path = screen.cpp; sourceTree = "<group>"; };
		3857BE71132178AE00F81D56 /* mousemanager.cpp */ = {isa = PBXFileReference; fileEncoding = 4; lastKnownFileType = sourcecode.cpp.cpp; path = mousemanager.cpp; sourceTree = "<group>"; };
		3857BE801321790100F81D56 /* group.cpp */ = {isa = PBXFileReference; fileEncoding = 4; lastKnownFileType = sourcecode.cpp.cpp; path = group.cpp; sourceTree = "<group>"; };
		3857BE811321790100F81D56 /* group.hpp */ = {isa = PBXFileReference; fileEncoding = 4; lastKnownFileType = sourcecode.cpp.h; path = group.hpp; sourceTree = "<group>"; };
		3857BE821321790100F81D56 /* leafobject.cpp */ = {isa = PBXFileReference; fileEncoding = 4; lastKnownFileType = sourcecode.cpp.cpp; path = leafobject.cpp; sourceTree = "<group>"; };
		3857BE831321790100F81D56 /* leafobject.hpp */ = {isa = PBXFileReference; fileEncoding = 4; lastKnownFileType = sourcecode.cpp.h; path = leafobject.hpp; sourceTree = "<group>"; };
		3857BE841321790100F81D56 /* object.cpp */ = {isa = PBXFileReference; fileEncoding = 4; lastKnownFileType = sourcecode.cpp.cpp; path = object.cpp; sourceTree = "<group>"; };
		3857BE851321790100F81D56 /* object.hpp */ = {isa = PBXFileReference; fileEncoding = 4; lastKnownFileType = sourcecode.cpp.h; path = object.hpp; sourceTree = "<group>"; };
		3857BE8C13217A3F00F81D56 /* font_osx.cpp */ = {isa = PBXFileReference; fileEncoding = 4; lastKnownFileType = sourcecode.cpp.cpp; path = font_osx.cpp; sourceTree = "<group>"; };
		3857BE9213217A7E00F81D56 /* font_osx.hpp */ = {isa = PBXFileReference; fileEncoding = 4; lastKnownFileType = sourcecode.cpp.h; path = font_osx.hpp; sourceTree = "<group>"; };
		38709E7913309B5600DA858D /* dummytexture.cpp */ = {isa = PBXFileReference; fileEncoding = 4; lastKnownFileType = sourcecode.cpp.cpp; path = dummytexture.cpp; sourceTree = "<group>"; };
		38709E7A13309B5600DA858D /* dummytexture.hpp */ = {isa = PBXFileReference; fileEncoding = 4; lastKnownFileType = sourcecode.cpp.h; path = dummytexture.hpp; sourceTree = "<group>"; };
		38709E7C13309B5D00DA858D /* texture.cpp */ = {isa = PBXFileReference; fileEncoding = 4; lastKnownFileType = sourcecode.cpp.cpp; path = texture.cpp; sourceTree = "<group>"; };
		38709E7D13309B5D00DA858D /* texture.hpp */ = {isa = PBXFileReference; fileEncoding = 4; lastKnownFileType = sourcecode.cpp.h; path = texture.hpp; sourceTree = "<group>"; };
		38709E7E13309B5D00DA858D /* texturefile.cpp */ = {isa = PBXFileReference; fileEncoding = 4; lastKnownFileType = sourcecode.cpp.cpp; path = texturefile.cpp; sourceTree = "<group>"; };
		38709E7F13309B5D00DA858D /* texturefile.hpp */ = {isa = PBXFileReference; fileEncoding = 4; lastKnownFileType = sourcecode.cpp.h; path = texturefile.hpp; sourceTree = "<group>"; };
		38709EC61330A5A200DA858D /* buffer.hpp */ = {isa = PBXFileReference; fileEncoding = 4; lastKnownFileType = sourcecode.cpp.h; path = buffer.hpp; sourceTree = "<group>"; };
		38709EC71330A5A200DA858D /* config.cpp */ = {isa = PBXFileReference; fileEncoding = 4; lastKnownFileType = sourcecode.cpp.cpp; path = config.cpp; sourceTree = "<group>"; };
		38709EC81330A5A200DA858D /* config.hpp */ = {isa = PBXFileReference; fileEncoding = 4; lastKnownFileType = sourcecode.cpp.h; path = config.hpp; sourceTree = "<group>"; };
		38709EC91330A5A200DA858D /* configfile.cpp */ = {isa = PBXFileReference; fileEncoding = 4; lastKnownFileType = sourcecode.cpp.cpp; path = configfile.cpp; sourceTree = "<group>"; };
		38709ECA1330A5A200DA858D /* configfile.hpp */ = {isa = PBXFileReference; fileEncoding = 4; lastKnownFileType = sourcecode.cpp.h; path = configfile.hpp; sourceTree = "<group>"; };
		38709ECC1330A5A200DA858D /* ifile.cpp */ = {isa = PBXFileReference; fileEncoding = 4; lastKnownFileType = sourcecode.cpp.cpp; path = ifile.cpp; sourceTree = "<group>"; };
		38709ECD1330A5A200DA858D /* ifile.hpp */ = {isa = PBXFileReference; fileEncoding = 4; lastKnownFileType = sourcecode.cpp.h; path = ifile.hpp; sourceTree = "<group>"; };
		38709ECE1330A5A200DA858D /* ifilereg.cpp */ = {isa = PBXFileReference; fileEncoding = 4; lastKnownFileType = sourcecode.cpp.cpp; path = ifilereg.cpp; sourceTree = "<group>"; };
		38709ECF1330A5A200DA858D /* ifilereg.hpp */ = {isa = PBXFileReference; fileEncoding = 4; lastKnownFileType = sourcecode.cpp.h; path = ifilereg.hpp; sourceTree = "<group>"; };
		38709ED01330A5A200DA858D /* parseconfig.cpp */ = {isa = PBXFileReference; fileEncoding = 4; lastKnownFileType = sourcecode.cpp.cpp; path = parseconfig.cpp; sourceTree = "<group>"; };
		38709ED11330A5A200DA858D /* path.cpp */ = {isa = PBXFileReference; fileEncoding = 4; lastKnownFileType = sourcecode.cpp.cpp; path = path.cpp; sourceTree = "<group>"; };
		38709ED21330A5A200DA858D /* path.hpp */ = {isa = PBXFileReference; fileEncoding = 4; lastKnownFileType = sourcecode.cpp.h; path = path.hpp; sourceTree = "<group>"; };
		38709ED31330A5A200DA858D /* resource.cpp */ = {isa = PBXFileReference; fileEncoding = 4; lastKnownFileType = sourcecode.cpp.cpp; path = resource.cpp; sourceTree = "<group>"; };
		38709ED41330A5A200DA858D /* resource.hpp */ = {isa = PBXFileReference; fileEncoding = 4; lastKnownFileType = sourcecode.cpp.h; path = resource.hpp; sourceTree = "<group>"; };
		38709ED51330A5A200DA858D /* sharedref.hpp */ = {isa = PBXFileReference; fileEncoding = 4; lastKnownFileType = sourcecode.cpp.h; path = sharedref.hpp; sourceTree = "<group>"; };
		38709ED61330A5A200DA858D /* stringarray.cpp */ = {isa = PBXFileReference; fileEncoding = 4; lastKnownFileType = sourcecode.cpp.cpp; path = stringarray.cpp; sourceTree = "<group>"; };
		38709ED71330A5A200DA858D /* stringarray.hpp */ = {isa = PBXFileReference; fileEncoding = 4; lastKnownFileType = sourcecode.cpp.h; path = stringarray.hpp; sourceTree = "<group>"; };
		38709ED81330A5A200DA858D /* system_error.cpp */ = {isa = PBXFileReference; fileEncoding = 4; lastKnownFileType = sourcecode.cpp.cpp; path = system_error.cpp; sourceTree = "<group>"; };
		38709ED91330A5A200DA858D /* system_error.hpp */ = {isa = PBXFileReference; fileEncoding = 4; lastKnownFileType = sourcecode.cpp.h; path = system_error.hpp; sourceTree = "<group>"; };
		38709EDA1330A5A200DA858D /* testconfig.cpp */ = {isa = PBXFileReference; fileEncoding = 4; lastKnownFileType = sourcecode.cpp.cpp; path = testconfig.cpp; sourceTree = "<group>"; };
		38709EE71330A5D000DA858D /* configfileread.cpp */ = {isa = PBXFileReference; fileEncoding = 4; lastKnownFileType = sourcecode.cpp.cpp; path = configfileread.cpp; sourceTree = "<group>"; };
		38709F0D1330B45C00DA858D /* data */ = {isa = PBXFileReference; lastKnownFileType = folder; name = data; path = ../data; sourceTree = SOURCE_ROOT; };
		38709F1F1330B66D00DA858D /* path_linux.cpp */ = {isa = PBXFileReference; fileEncoding = 4; lastKnownFileType = sourcecode.cpp.cpp; path = path_linux.cpp; sourceTree = "<group>"; };
		38709F221330B6A600DA858D /* path_xdg.cpp */ = {isa = PBXFileReference; fileEncoding = 4; lastKnownFileType = sourcecode.cpp.cpp; path = path_xdg.cpp; sourceTree = "<group>"; };
		38709F261330B6FD00DA858D /* path_osx.cpp */ = {isa = PBXFileReference; fileEncoding = 4; lastKnownFileType = sourcecode.cpp.cpp; path = path_osx.cpp; sourceTree = "<group>"; };
		38709F701330BF5900DA858D /* autocf_osx.hpp */ = {isa = PBXFileReference; fileEncoding = 4; lastKnownFileType = sourcecode.cpp.h; path = autocf_osx.hpp; sourceTree = "<group>"; };
		3871E25A141ACA38000DF3D6 /* main.cpp */ = {isa = PBXFileReference; fileEncoding = 4; lastKnownFileType = sourcecode.cpp.cpp; path = main.cpp; sourceTree = "<group>"; };
		3871E293141ACAA3000DF3D6 /* main.c */ = {isa = PBXFileReference; fileEncoding = 4; lastKnownFileType = sourcecode.c.c; path = main.c; sourceTree = "<group>"; };
		3871E296141ACAF7000DF3D6 /* MainMenu.xib */ = {isa = PBXFileReference; lastKnownFileType = file.xib; path = MainMenu.xib; sourceTree = "<group>"; };
		3871E299141ACB60000DF3D6 /* GController.h */ = {isa = PBXFileReference; fileEncoding = 4; lastKnownFileType = sourcecode.c.h; path = GController.h; sourceTree = "<group>"; };
		3871E29A141ACB60000DF3D6 /* GController.mm */ = {isa = PBXFileReference; fileEncoding = 4; lastKnownFileType = sourcecode.cpp.objcpp; path = GController.mm; sourceTree = "<group>"; };
		3871E29F141ACEA6000DF3D6 /* GView.h */ = {isa = PBXFileReference; fileEncoding = 4; lastKnownFileType = sourcecode.c.h; path = GView.h; sourceTree = "<group>"; };
		3871E2A0141ACEA6000DF3D6 /* GView.mm */ = {isa = PBXFileReference; fileEncoding = 4; lastKnownFileType = sourcecode.cpp.objcpp; path = GView.mm; sourceTree = "<group>"; };
		3871E2A7141ACFB6000DF3D6 /* clock.hpp */ = {isa = PBXFileReference; fileEncoding = 4; lastKnownFileType = sourcecode.cpp.h; path = clock.hpp; sourceTree = "<group>"; };
		3871E2A8141ACFCB000DF3D6 /* clock_osx.cpp */ = {isa = PBXFileReference; fileEncoding = 4; lastKnownFileType = sourcecode.cpp.cpp; path = clock_osx.cpp; sourceTree = "<group>"; };
		3871E3CB141B31C3000DF3D6 /* window.cpp */ = {isa = PBXFileReference; fileEncoding = 4; lastKnownFileType = sourcecode.cpp.cpp; path = window.cpp; sourceTree = "<group>"; };
		3871E3CC141B31C3000DF3D6 /* window.hpp */ = {isa = PBXFileReference; fileEncoding = 4; lastKnownFileType = sourcecode.cpp.h; path = window.hpp; sourceTree = "<group>"; };
		389F066E1210A46A00E6AA2A /* menu.cpp */ = {isa = PBXFileReference; fileEncoding = 4; lastKnownFileType = sourcecode.cpp.cpp; path = menu.cpp; sourceTree = "<group>"; };
		389F066F1210A46A00E6AA2A /* menu.hpp */ = {isa = PBXFileReference; fileEncoding = 4; lastKnownFileType = sourcecode.cpp.h; path = menu.hpp; sourceTree = "<group>"; };
		38B2409B117BAE0800903838 /* rand.cpp */ = {isa = PBXFileReference; fileEncoding = 4; lastKnownFileType = sourcecode.cpp.cpp; path = rand.cpp; sourceTree = "<group>"; };
		38B2409C117BAE0800903838 /* rand.hpp */ = {isa = PBXFileReference; fileEncoding = 4; lastKnownFileType = sourcecode.cpp.h; path = rand.hpp; sourceTree = "<group>"; };
		38F78328121317550080545B /* widget.hpp */ = {isa = PBXFileReference; fileEncoding = 4; lastKnownFileType = sourcecode.cpp.h; path = widget.hpp; sourceTree = "<group>"; };
		38F78329121317550080545B /* widget.cpp */ = {isa = PBXFileReference; fileEncoding = 4; lastKnownFileType = sourcecode.cpp.cpp; path = widget.cpp; sourceTree = "<group>"; };
/* End PBXFileReference section */

/* Begin PBXFrameworksBuildPhase section */
		3852089C117434FD00640971 /* Frameworks */ = {
			isa = PBXFrameworksBuildPhase;
			buildActionMask = 2147483647;
			files = (
				382D217C11D98E5C009C8EF5 /* OpenGL.framework in Frameworks */,
				382D219011D98E62009C8EF5 /* AppKit.framework in Frameworks */,
				382D224611D98E6A009C8EF5 /* Foundation.framework in Frameworks */,
				382D22C711D98E80009C8EF5 /* ApplicationServices.framework in Frameworks */,
			);
			runOnlyForDeploymentPostprocessing = 0;
		};
/* End PBXFrameworksBuildPhase section */

/* Begin PBXGroup section */
		3813312914141F8600B8CE5B /* space */ = {
			isa = PBXGroup;
			children = (
				3813312A14141F8600B8CE5B /* entity.cpp */,
				3813312B14141F8600B8CE5B /* entity.hpp */,
				3813312C14141F8600B8CE5B /* gamescreen.cpp */,
				3813312D14141F8600B8CE5B /* gamescreen.hpp */,
				3813312E14141F8600B8CE5B /* main.cpp */,
				3813312F14141F8600B8CE5B /* player.cpp */,
				3813313014141F8600B8CE5B /* player.hpp */,
				3813313114141F8600B8CE5B /* random.cpp */,
				3813313214141F8600B8CE5B /* random.hpp */,
				3813313314141F8600B8CE5B /* scenery.cpp */,
				3813313414141F8600B8CE5B /* scenery.hpp */,
				3813313514141F8600B8CE5B /* shapes.cpp */,
				3813313614141F8600B8CE5B /* shapes.hpp */,
				3813313714141F8600B8CE5B /* ship.cpp */,
				3813313814141F8600B8CE5B /* ship.hpp */,
				3813313914141F8600B8CE5B /* shot.cpp */,
				3813313A14141F8600B8CE5B /* shot.hpp */,
				3813313B14141F8600B8CE5B /* stars.cpp */,
				3813313C14141F8600B8CE5B /* stars.hpp */,
				3813313D14141F8600B8CE5B /* thinker.cpp */,
				3813313E14141F8600B8CE5B /* thinker.hpp */,
				3813313F14141F8600B8CE5B /* vector.hpp */,
				3813314014141F8600B8CE5B /* world.cpp */,
				3813314114141F8600B8CE5B /* world.hpp */,
			);
			path = space;
			sourceTree = "<group>";
		};
		3813314214141F8600B8CE5B /* tank */ = {
			isa = PBXGroup;
			children = (
				3813314314141F8600B8CE5B /* explosion.cpp */,
				3813314414141F8600B8CE5B /* explosion.hpp */,
				3813314514141F8600B8CE5B /* gamescreen.cpp */,
				3813314614141F8600B8CE5B /* gamescreen.hpp */,
				3813314714141F8600B8CE5B /* object.cpp */,
				3813314814141F8600B8CE5B /* object.hpp */,
				3813314914141F8600B8CE5B /* obstacle.cpp */,
				3813314A14141F8600B8CE5B /* obstacle.hpp */,
				3813314B14141F8600B8CE5B /* player.cpp */,
				3813314C14141F8600B8CE5B /* player.hpp */,
				3813314D14141F8600B8CE5B /* shot.cpp */,
				3813314E14141F8600B8CE5B /* shot.hpp */,
				3813314F14141F8600B8CE5B /* world.cpp */,
				3813315014141F8600B8CE5B /* world.hpp */,
			);
			path = tank;
			sourceTree = "<group>";
		};
		382C270312119C2E0048F4BF /* graphics */ = {
			isa = PBXGroup;
			children = (
				382C270412119C2E0048F4BF /* color.hpp */,
				38709E7913309B5600DA858D /* dummytexture.cpp */,
				38709E7A13309B5600DA858D /* dummytexture.hpp */,
				382C270512119C2E0048F4BF /* model.cpp */,
				382C270612119C2E0048F4BF /* model.hpp */,
				38709E7C13309B5D00DA858D /* texture.cpp */,
				38709E7D13309B5D00DA858D /* texture.hpp */,
				38709E7E13309B5D00DA858D /* texturefile.cpp */,
				38709E7F13309B5D00DA858D /* texturefile.hpp */,
			);
			path = graphics;
			sourceTree = "<group>";
		};
		382C270D12119CA10048F4BF /* game */ = {
			isa = PBXGroup;
			children = (
				3813312914141F8600B8CE5B /* space */,
				3813314214141F8600B8CE5B /* tank */,
			);
			path = game;
			sourceTree = "<group>";
		};
		382D216E11D98DF9009C8EF5 /* type */ = {
			isa = PBXGroup;
			children = (
				3857BE8C13217A3F00F81D56 /* font_osx.cpp */,
				3857BE9213217A7E00F81D56 /* font_osx.hpp */,
				3857BE5A1321785B00F81D56 /* font_pango.cpp */,
				3857BE5B1321785B00F81D56 /* font_pango.hpp */,
				3857BE5C1321785B00F81D56 /* font.hpp */,
				3857BE5D1321785B00F81D56 /* rastertext_cairo.cpp */,
				3857BE5E1321785B00F81D56 /* rastertext_osx.cpp */,
				3857BE5F1321785B00F81D56 /* rastertext.cpp */,
				3857BE601321785B00F81D56 /* rastertext.hpp */,
			);
			path = type;
			sourceTree = "<group>";
		};
		382D217911D98E4C009C8EF5 /* frameworks */ = {
			isa = PBXGroup;
			children = (
				382D218F11D98E62009C8EF5 /* AppKit.framework */,
				382D224511D98E6A009C8EF5 /* Foundation.framework */,
				382D217B11D98E5C009C8EF5 /* OpenGL.framework */,
				382D22C611D98E80009C8EF5 /* ApplicationServices.framework */,
			);
			name = frameworks;
			sourceTree = "<group>";
		};
		38520882117432D900640971 = {
			isa = PBXGroup;
			children = (
				382D217911D98E4C009C8EF5 /* frameworks */,
				385208AC11743F5000640971 /* mac */,
				385208A911743F4100640971 /* src */,
				38709F0D1330B45C00DA858D /* data */,
				3852089F117434FD00640971 /* Products */,
			);
			sourceTree = "<group>";
		};
		3852089F117434FD00640971 /* Products */ = {
			isa = PBXGroup;
			children = (
				3852089E117434FD00640971 /* Game.app */,
			);
			name = Products;
			sourceTree = "<group>";
		};
		385208A911743F4100640971 /* src */ = {
			isa = PBXGroup;
			children = (
				38B2409B117BAE0800903838 /* rand.cpp */,
				38B2409C117BAE0800903838 /* rand.hpp */,
				3813316414141FB400B8CE5B /* opengl.hpp */,
				382C270D12119CA10048F4BF /* game */,
				382C270312119C2E0048F4BF /* graphics */,
				3871E28F141ACA83000DF3D6 /* mac */,
				3857BE7F1321790100F81D56 /* scene */,
				3871E259141ACA38000DF3D6 /* sdl */,
				38709EC41330A5A200DA858D /* sys */,
				382D216E11D98DF9009C8EF5 /* type */,
				389F066D1210A46A00E6AA2A /* ui */,
			);
			name = src;
			path = ../src;
			sourceTree = SOURCE_ROOT;
			usesTabs = 0;
		};
		385208AC11743F5000640971 /* mac */ = {
			isa = PBXGroup;
			children = (
				385208A1117434FD00640971 /* Game-Info.plist */,
				3871E296141ACAF7000DF3D6 /* MainMenu.xib */,
			);
			name = mac;
			sourceTree = "<group>";
			usesTabs = 0;
		};
		3857BE7F1321790100F81D56 /* scene */ = {
			isa = PBXGroup;
			children = (
				3857BE801321790100F81D56 /* group.cpp */,
				3857BE811321790100F81D56 /* group.hpp */,
				3857BE821321790100F81D56 /* leafobject.cpp */,
				3857BE831321790100F81D56 /* leafobject.hpp */,
				3857BE841321790100F81D56 /* object.cpp */,
				3857BE851321790100F81D56 /* object.hpp */,
			);
			path = scene;
			sourceTree = "<group>";
		};
		38709EC41330A5A200DA858D /* sys */ = {
			isa = PBXGroup;
			children = (
				38709EC61330A5A200DA858D /* buffer.hpp */,
				38709EC71330A5A200DA858D /* config.cpp */,
				38709EC81330A5A200DA858D /* config.hpp */,
				38709EC91330A5A200DA858D /* configfile.cpp */,
				38709ECA1330A5A200DA858D /* configfile.hpp */,
				38709EE71330A5D000DA858D /* configfileread.cpp */,
				38709ECC1330A5A200DA858D /* ifile.cpp */,
				38709ECD1330A5A200DA858D /* ifile.hpp */,
				38709ECE1330A5A200DA858D /* ifilereg.cpp */,
				38709ECF1330A5A200DA858D /* ifilereg.hpp */,
				38709ED01330A5A200DA858D /* parseconfig.cpp */,
				38709ED11330A5A200DA858D /* path.cpp */,
				38709F1F1330B66D00DA858D /* path_linux.cpp */,
				38709F261330B6FD00DA858D /* path_osx.cpp */,
				38709F221330B6A600DA858D /* path_xdg.cpp */,
				38709ED21330A5A200DA858D /* path.hpp */,
				38709ED31330A5A200DA858D /* resource.cpp */,
				38709ED41330A5A200DA858D /* resource.hpp */,
				38709ED51330A5A200DA858D /* sharedref.hpp */,
				38709ED61330A5A200DA858D /* stringarray.cpp */,
				38709ED71330A5A200DA858D /* stringarray.hpp */,
				38709ED81330A5A200DA858D /* system_error.cpp */,
				38709ED91330A5A200DA858D /* system_error.hpp */,
				38709EDA1330A5A200DA858D /* testconfig.cpp */,
				38709F701330BF5900DA858D /* autocf_osx.hpp */,
				3871E2A7141ACFB6000DF3D6 /* clock.hpp */,
				3871E2A8141ACFCB000DF3D6 /* clock_osx.cpp */,
			);
			path = sys;
			sourceTree = "<group>";
		};
		3871E259141ACA38000DF3D6 /* sdl */ = {
			isa = PBXGroup;
			children = (
				3871E25A141ACA38000DF3D6 /* main.cpp */,
			);
			path = sdl;
			sourceTree = "<group>";
		};
		3871E28F141ACA83000DF3D6 /* mac */ = {
			isa = PBXGroup;
			children = (
				3871E293141ACAA3000DF3D6 /* main.c */,
				3871E299141ACB60000DF3D6 /* GController.h */,
				3871E29A141ACB60000DF3D6 /* GController.mm */,
				3871E29F141ACEA6000DF3D6 /* GView.h */,
				3871E2A0141ACEA6000DF3D6 /* GView.mm */,
			);
			path = mac;
			sourceTree = "<group>";
		};
		389F066D1210A46A00E6AA2A /* ui */ = {
			isa = PBXGroup;
			children = (
				3857BE65132178A600F81D56 /* geometry.hpp */,
				3857BE66132178A600F81D56 /* action.hpp */,
				3857BE67132178A600F81D56 /* button.cpp */,
				3857BE68132178A600F81D56 /* button.hpp */,
				3857BE69132178A600F81D56 /* event.hpp */,
				389F066E1210A46A00E6AA2A /* menu.cpp */,
				389F066F1210A46A00E6AA2A /* menu.hpp */,
				3857BE6F132178AE00F81D56 /* mousemanager.hpp */,
				3857BE6E132178AE00F81D56 /* screen.hpp */,
				3857BE70132178AE00F81D56 /* screen.cpp */,
				3857BE71132178AE00F81D56 /* mousemanager.cpp */,
				38F78328121317550080545B /* widget.hpp */,
				38F78329121317550080545B /* widget.cpp */,
				3871E3CB141B31C3000DF3D6 /* window.cpp */,
				3871E3CC141B31C3000DF3D6 /* window.hpp */,
			);
			path = ui;
			sourceTree = "<group>";
		};
/* End PBXGroup section */

/* Begin PBXNativeTarget section */
		3852089D117434FD00640971 /* Game */ = {
			isa = PBXNativeTarget;
			buildConfigurationList = 385208A4117434FF00640971 /* Build configuration list for PBXNativeTarget "Game" */;
			buildPhases = (
				3852089A117434FD00640971 /* Resources */,
				3852089B117434FD00640971 /* Sources */,
				3852089C117434FD00640971 /* Frameworks */,
			);
			buildRules = (
			);
			dependencies = (
			);
			name = Game;
			productName = Game;
			productReference = 3852089E117434FD00640971 /* Game.app */;
			productType = "com.apple.product-type.application";
		};
/* End PBXNativeTarget section */

/* Begin PBXProject section */
		38520884117432D900640971 /* Project object */ = {
			isa = PBXProject;
			buildConfigurationList = 38520887117432D900640971 /* Build configuration list for PBXProject "game" */;
			compatibilityVersion = "Xcode 2.4";
			hasScannedForEncodings = 0;
			mainGroup = 38520882117432D900640971;
			productRefGroup = 3852089F117434FD00640971 /* Products */;
			projectDirPath = "";
			projectRoot = "";
			targets = (
				3852089D117434FD00640971 /* Game */,
			);
		};
/* End PBXProject section */

/* Begin PBXResourcesBuildPhase section */
		3852089A117434FD00640971 /* Resources */ = {
			isa = PBXResourcesBuildPhase;
			buildActionMask = 2147483647;
			files = (
				38709F181330B45C00DA858D /* data in Resources */,
				3871E297141ACAF7000DF3D6 /* MainMenu.xib in Resources */,
			);
			runOnlyForDeploymentPostprocessing = 0;
		};
/* End PBXResourcesBuildPhase section */

/* Begin PBXSourcesBuildPhase section */
		3852089B117434FD00640971 /* Sources */ = {
			isa = PBXSourcesBuildPhase;
			buildActionMask = 2147483647;
			files = (
				38B2409D117BAE0800903838 /* rand.cpp in Sources */,
				389F06701210A46A00E6AA2A /* menu.cpp in Sources */,
				382C270712119C2E0048F4BF /* model.cpp in Sources */,
				38F7832A121317550080545B /* widget.cpp in Sources */,
				3857BE631321785B00F81D56 /* rastertext_osx.cpp in Sources */,
				3857BE641321785B00F81D56 /* rastertext.cpp in Sources */,
				3857BE6C132178A600F81D56 /* button.cpp in Sources */,
				3857BE72132178AE00F81D56 /* screen.cpp in Sources */,
				3857BE73132178AE00F81D56 /* mousemanager.cpp in Sources */,
				3857BE861321790100F81D56 /* group.cpp in Sources */,
				3857BE871321790100F81D56 /* leafobject.cpp in Sources */,
				3857BE881321790100F81D56 /* object.cpp in Sources */,
				3857BE8D13217A3F00F81D56 /* font_osx.cpp in Sources */,
				38709E7B13309B5600DA858D /* dummytexture.cpp in Sources */,
				38709E8013309B5D00DA858D /* texture.cpp in Sources */,
				38709E8113309B5D00DA858D /* texturefile.cpp in Sources */,
				38709EDC1330A5A200DA858D /* config.cpp in Sources */,
				38709EDD1330A5A200DA858D /* configfile.cpp in Sources */,
				38709EDF1330A5A200DA858D /* ifile.cpp in Sources */,
				38709EE01330A5A200DA858D /* ifilereg.cpp in Sources */,
				38709EE21330A5A200DA858D /* path.cpp in Sources */,
				38709EE31330A5A200DA858D /* resource.cpp in Sources */,
				38709EE41330A5A200DA858D /* stringarray.cpp in Sources */,
				38709EE51330A5A200DA858D /* system_error.cpp in Sources */,
				38709EE81330A5D000DA858D /* configfileread.cpp in Sources */,
				38709F4C1330B7CA00DA858D /* path_osx.cpp in Sources */,
				3813315114141F8600B8CE5B /* entity.cpp in Sources */,
				3813315214141F8600B8CE5B /* gamescreen.cpp in Sources */,
				3813315314141F8600B8CE5B /* main.cpp in Sources */,
				3813315414141F8600B8CE5B /* player.cpp in Sources */,
				3813315514141F8600B8CE5B /* random.cpp in Sources */,
				3813315614141F8600B8CE5B /* scenery.cpp in Sources */,
				3813315714141F8600B8CE5B /* shapes.cpp in Sources */,
				3813315814141F8600B8CE5B /* ship.cpp in Sources */,
				3813315914141F8600B8CE5B /* shot.cpp in Sources */,
				3813315A14141F8600B8CE5B /* stars.cpp in Sources */,
				3813315B14141F8600B8CE5B /* thinker.cpp in Sources */,
				3813315C14141F8600B8CE5B /* world.cpp in Sources */,
				3813315D14141F8600B8CE5B /* explosion.cpp in Sources */,
				3813315E14141F8600B8CE5B /* gamescreen.cpp in Sources */,
				3813315F14141F8600B8CE5B /* object.cpp in Sources */,
				3813316014141F8600B8CE5B /* obstacle.cpp in Sources */,
				3813316114141F8600B8CE5B /* player.cpp in Sources */,
				3813316214141F8600B8CE5B /* shot.cpp in Sources */,
				3813316314141F8600B8CE5B /* world.cpp in Sources */,
				3871E294141ACAA3000DF3D6 /* main.c in Sources */,
				3871E29B141ACB60000DF3D6 /* GController.mm in Sources */,
				3871E2A1141ACEA6000DF3D6 /* GView.mm in Sources */,
				3871E2A9141ACFCB000DF3D6 /* clock_osx.cpp in Sources */,
				3871E3CD141B31C3000DF3D6 /* window.cpp in Sources */,
			);
			runOnlyForDeploymentPostprocessing = 0;
		};
/* End PBXSourcesBuildPhase section */

/* Begin XCBuildConfiguration section */
		38520885117432D900640971 /* Debug */ = {
			isa = XCBuildConfiguration;
			buildSettings = {
				COPY_PHASE_STRIP = NO;
				GCC_PREPROCESSOR_DEFINITIONS = "PACKAGE_NAME=\\\"game\\\"";
				GCC_VERSION = 4.2;
				GCC_WARN_EFFECTIVE_CPLUSPLUS_VIOLATIONS = NO;
			};
			name = Debug;
		};
		38520886117432D900640971 /* Release */ = {
			isa = XCBuildConfiguration;
			buildSettings = {
				COPY_PHASE_STRIP = YES;
				GCC_PREPROCESSOR_DEFINITIONS = "PACKAGE_NAME=\\\"game\\\"";
				GCC_VERSION = 4.2;
				GCC_WARN_EFFECTIVE_CPLUSPLUS_VIOLATIONS = NO;
			};
			name = Release;
		};
		385208A2117434FE00640971 /* Debug */ = {
			isa = XCBuildConfiguration;
			buildSettings = {
				ALWAYS_SEARCH_USER_PATHS = NO;
				COPY_PHASE_STRIP = NO;
				FRAMEWORK_SEARCH_PATHS = (
					"$(inherited)",
					"$(FRAMEWORK_SEARCH_PATHS_QUOTED_FOR_TARGET_1)",
				);
				FRAMEWORK_SEARCH_PATHS_QUOTED_FOR_TARGET_1 = "\"$(SYSTEM_LIBRARY_DIR)/Frameworks/ApplicationServices.framework/Frameworks\"";
				GCC_DYNAMIC_NO_PIC = NO;
				GCC_ENABLE_FIX_AND_CONTINUE = YES;
				GCC_MODEL_TUNING = G5;
				GCC_OPTIMIZATION_LEVEL = 0;
				GCC_PRECOMPILE_PREFIX_HEADER = YES;
				HEADER_SEARCH_PATHS = (
					../src,
					"$(HOME)/Library/Frameworks/SDL.framework/Headers",
					/Library/Frameworks/SDL.framework/Headers,
					"$(HEADER_SEARCH_PATHS)",
				);
				INFOPLIST_FILE = "Game-Info.plist";
				INSTALL_PATH = "$(HOME)/Applications";
				OTHER_LDFLAGS = (
					"-framework",
					Foundation,
					"-framework",
					AppKit,
					"-framework",
					SDL,
					"-framework",
					OpenGL,
					"-lpng",
				);
				PREBINDING = NO;
				PRODUCT_NAME = Game;
			};
			name = Debug;
		};
		385208A3117434FE00640971 /* Release */ = {
			isa = XCBuildConfiguration;
			buildSettings = {
				ALWAYS_SEARCH_USER_PATHS = NO;
				COPY_PHASE_STRIP = YES;
				DEBUG_INFORMATION_FORMAT = "dwarf-with-dsym";
				FRAMEWORK_SEARCH_PATHS = (
					"$(inherited)",
					"$(FRAMEWORK_SEARCH_PATHS_QUOTED_FOR_TARGET_1)",
				);
				FRAMEWORK_SEARCH_PATHS_QUOTED_FOR_TARGET_1 = "\"$(SYSTEM_LIBRARY_DIR)/Frameworks/ApplicationServices.framework/Frameworks\"";
				GCC_ENABLE_FIX_AND_CONTINUE = NO;
				GCC_MODEL_TUNING = G5;
				GCC_PRECOMPILE_PREFIX_HEADER = YES;
				HEADER_SEARCH_PATHS = (
					../src,
					"$(HOME)/Library/Frameworks/SDL.framework/Headers",
					/Library/Frameworks/SDL.framework/Headers,
					"$(HEADER_SEARCH_PATHS)",
				);
				INFOPLIST_FILE = "Game-Info.plist";
				INSTALL_PATH = "$(HOME)/Applications";
				OTHER_LDFLAGS = (
					"-framework",
					Foundation,
					"-framework",
					AppKit,
					"-framework",
					SDL,
					"-framework",
					OpenGL,
					"-lpng",
				);
				PREBINDING = NO;
				PRODUCT_NAME = Game;
				ZERO_LINK = NO;
			};
			name = Release;
		};
/* End XCBuildConfiguration section */

/* Begin XCConfigurationList section */
		38520887117432D900640971 /* Build configuration list for PBXProject "game" */ = {
			isa = XCConfigurationList;
			buildConfigurations = (
				38520885117432D900640971 /* Debug */,
				38520886117432D900640971 /* Release */,
			);
			defaultConfigurationIsVisible = 0;
			defaultConfigurationName = Release;
		};
		385208A4117434FF00640971 /* Build configuration list for PBXNativeTarget "Game" */ = {
			isa = XCConfigurationList;
			buildConfigurations = (
				385208A2117434FE00640971 /* Debug */,
				385208A3117434FE00640971 /* Release */,
			);
			defaultConfigurationIsVisible = 0;
			defaultConfigurationName = Release;
		};
/* End XCConfigurationList section */
	};
	rootObject = 38520884117432D900640971 /* Project object */;
}
