// !$*UTF8*$!
{
	archiveVersion = 1;
	classes = {
	};
	objectVersion = 42;
	objects = {

/* Begin PBXBuildFile section */
		382C270712119C2E0048F4BF /* model.cpp in Sources */ = {isa = PBXBuildFile; fileRef = 382C270512119C2E0048F4BF /* model.cpp */; };
		382C271A12119CA10048F4BF /* explosion.cpp in Sources */ = {isa = PBXBuildFile; fileRef = 382C270E12119CA10048F4BF /* explosion.cpp */; };
		382C271B12119CA10048F4BF /* object.cpp in Sources */ = {isa = PBXBuildFile; fileRef = 382C271012119CA10048F4BF /* object.cpp */; };
		382C271C12119CA10048F4BF /* obstacle.cpp in Sources */ = {isa = PBXBuildFile; fileRef = 382C271212119CA10048F4BF /* obstacle.cpp */; };
		382C271D12119CA10048F4BF /* player.cpp in Sources */ = {isa = PBXBuildFile; fileRef = 382C271412119CA10048F4BF /* player.cpp */; };
		382C271E12119CA10048F4BF /* shot.cpp in Sources */ = {isa = PBXBuildFile; fileRef = 382C271612119CA10048F4BF /* shot.cpp */; };
		382C271F12119CA10048F4BF /* world.cpp in Sources */ = {isa = PBXBuildFile; fileRef = 382C271812119CA10048F4BF /* world.cpp */; };
		382C272312119E6D0048F4BF /* video.cpp in Sources */ = {isa = PBXBuildFile; fileRef = 382C272212119E6D0048F4BF /* video.cpp */; };
		382C273B1211E28B0048F4BF /* layer.cpp in Sources */ = {isa = PBXBuildFile; fileRef = 382C27391211E28B0048F4BF /* layer.cpp */; };
		382D217211D98DF9009C8EF5 /* type.cpp in Sources */ = {isa = PBXBuildFile; fileRef = 382D217011D98DF9009C8EF5 /* type.cpp */; };
		382D217C11D98E5C009C8EF5 /* OpenGL.framework in Frameworks */ = {isa = PBXBuildFile; fileRef = 382D217B11D98E5C009C8EF5 /* OpenGL.framework */; };
		382D219011D98E62009C8EF5 /* AppKit.framework in Frameworks */ = {isa = PBXBuildFile; fileRef = 382D218F11D98E62009C8EF5 /* AppKit.framework */; };
		382D224611D98E6A009C8EF5 /* Foundation.framework in Frameworks */ = {isa = PBXBuildFile; fileRef = 382D224511D98E6A009C8EF5 /* Foundation.framework */; };
		382D22C711D98E80009C8EF5 /* ApplicationServices.framework in Frameworks */ = {isa = PBXBuildFile; fileRef = 382D22C611D98E80009C8EF5 /* ApplicationServices.framework */; };
		382D239211D98E8A009C8EF5 /* SDL.framework in Frameworks */ = {isa = PBXBuildFile; fileRef = 382D239111D98E8A009C8EF5 /* SDL.framework */; };
		3834EBFC117441BB0070CBE5 /* main.cpp in Sources */ = {isa = PBXBuildFile; fileRef = 3834EBFB117441BB0070CBE5 /* main.cpp */; };
		3868F87211EADA780079CF10 /* type_osx.cpp in Sources */ = {isa = PBXBuildFile; fileRef = 3868F87111EADA780079CF10 /* type_osx.cpp */; };
		389F06701210A46A00E6AA2A /* menu.cpp in Sources */ = {isa = PBXBuildFile; fileRef = 389F066E1210A46A00E6AA2A /* menu.cpp */; };
		38B2409D117BAE0800903838 /* rand.cpp in Sources */ = {isa = PBXBuildFile; fileRef = 38B2409B117BAE0800903838 /* rand.cpp */; };
		38F7832A121317550080545B /* widget.cpp in Sources */ = {isa = PBXBuildFile; fileRef = 38F78329121317550080545B /* widget.cpp */; };
/* End PBXBuildFile section */

/* Begin PBXFileReference section */
		382C270412119C2E0048F4BF /* color.hpp */ = {isa = PBXFileReference; fileEncoding = 4; lastKnownFileType = sourcecode.cpp.h; path = color.hpp; sourceTree = "<group>"; };
		382C270512119C2E0048F4BF /* model.cpp */ = {isa = PBXFileReference; fileEncoding = 4; lastKnownFileType = sourcecode.cpp.cpp; path = model.cpp; sourceTree = "<group>"; };
		382C270612119C2E0048F4BF /* model.hpp */ = {isa = PBXFileReference; fileEncoding = 4; lastKnownFileType = sourcecode.cpp.h; path = model.hpp; sourceTree = "<group>"; };
		382C270E12119CA10048F4BF /* explosion.cpp */ = {isa = PBXFileReference; fileEncoding = 4; lastKnownFileType = sourcecode.cpp.cpp; path = explosion.cpp; sourceTree = "<group>"; };
		382C270F12119CA10048F4BF /* explosion.hpp */ = {isa = PBXFileReference; fileEncoding = 4; lastKnownFileType = sourcecode.cpp.h; path = explosion.hpp; sourceTree = "<group>"; };
		382C271012119CA10048F4BF /* object.cpp */ = {isa = PBXFileReference; fileEncoding = 4; lastKnownFileType = sourcecode.cpp.cpp; path = object.cpp; sourceTree = "<group>"; };
		382C271112119CA10048F4BF /* object.hpp */ = {isa = PBXFileReference; fileEncoding = 4; lastKnownFileType = sourcecode.cpp.h; path = object.hpp; sourceTree = "<group>"; };
		382C271212119CA10048F4BF /* obstacle.cpp */ = {isa = PBXFileReference; fileEncoding = 4; lastKnownFileType = sourcecode.cpp.cpp; path = obstacle.cpp; sourceTree = "<group>"; };
		382C271312119CA10048F4BF /* obstacle.hpp */ = {isa = PBXFileReference; fileEncoding = 4; lastKnownFileType = sourcecode.cpp.h; path = obstacle.hpp; sourceTree = "<group>"; };
		382C271412119CA10048F4BF /* player.cpp */ = {isa = PBXFileReference; fileEncoding = 4; lastKnownFileType = sourcecode.cpp.cpp; path = player.cpp; sourceTree = "<group>"; };
		382C271512119CA10048F4BF /* player.hpp */ = {isa = PBXFileReference; fileEncoding = 4; lastKnownFileType = sourcecode.cpp.h; path = player.hpp; sourceTree = "<group>"; };
		382C271612119CA10048F4BF /* shot.cpp */ = {isa = PBXFileReference; fileEncoding = 4; lastKnownFileType = sourcecode.cpp.cpp; path = shot.cpp; sourceTree = "<group>"; };
		382C271712119CA10048F4BF /* shot.hpp */ = {isa = PBXFileReference; fileEncoding = 4; lastKnownFileType = sourcecode.cpp.h; path = shot.hpp; sourceTree = "<group>"; };
		382C271812119CA10048F4BF /* world.cpp */ = {isa = PBXFileReference; fileEncoding = 4; lastKnownFileType = sourcecode.cpp.cpp; path = world.cpp; sourceTree = "<group>"; };
		382C271912119CA10048F4BF /* world.hpp */ = {isa = PBXFileReference; fileEncoding = 4; lastKnownFileType = sourcecode.cpp.h; path = world.hpp; sourceTree = "<group>"; };
		382C272112119E6D0048F4BF /* video.hpp */ = {isa = PBXFileReference; fileEncoding = 4; lastKnownFileType = sourcecode.cpp.h; path = video.hpp; sourceTree = "<group>"; };
		382C272212119E6D0048F4BF /* video.cpp */ = {isa = PBXFileReference; fileEncoding = 4; lastKnownFileType = sourcecode.cpp.cpp; path = video.cpp; sourceTree = "<group>"; };
		382C27391211E28B0048F4BF /* layer.cpp */ = {isa = PBXFileReference; fileEncoding = 4; lastKnownFileType = sourcecode.cpp.cpp; path = layer.cpp; sourceTree = "<group>"; };
		382C273A1211E28B0048F4BF /* layer.hpp */ = {isa = PBXFileReference; fileEncoding = 4; lastKnownFileType = sourcecode.cpp.h; path = layer.hpp; sourceTree = "<group>"; };
		382D217011D98DF9009C8EF5 /* type.cpp */ = {isa = PBXFileReference; fileEncoding = 4; lastKnownFileType = sourcecode.cpp.cpp; path = type.cpp; sourceTree = "<group>"; };
		382D217111D98DF9009C8EF5 /* type.hpp */ = {isa = PBXFileReference; fileEncoding = 4; lastKnownFileType = sourcecode.cpp.h; path = type.hpp; sourceTree = "<group>"; };
		382D217B11D98E5C009C8EF5 /* OpenGL.framework */ = {isa = PBXFileReference; lastKnownFileType = wrapper.framework; name = OpenGL.framework; path = /System/Library/Frameworks/OpenGL.framework; sourceTree = "<absolute>"; };
		382D218F11D98E62009C8EF5 /* AppKit.framework */ = {isa = PBXFileReference; lastKnownFileType = wrapper.framework; name = AppKit.framework; path = /System/Library/Frameworks/AppKit.framework; sourceTree = "<absolute>"; };
		382D224511D98E6A009C8EF5 /* Foundation.framework */ = {isa = PBXFileReference; lastKnownFileType = wrapper.framework; name = Foundation.framework; path = /System/Library/Frameworks/Foundation.framework; sourceTree = "<absolute>"; };
		382D22C611D98E80009C8EF5 /* ApplicationServices.framework */ = {isa = PBXFileReference; lastKnownFileType = wrapper.framework; name = ApplicationServices.framework; path = /System/Library/Frameworks/ApplicationServices.framework; sourceTree = "<absolute>"; };
		382D239111D98E8A009C8EF5 /* SDL.framework */ = {isa = PBXFileReference; lastKnownFileType = wrapper.framework; name = SDL.framework; path = /Library/Frameworks/SDL.framework; sourceTree = "<absolute>"; };
		3834EBFB117441BB0070CBE5 /* main.cpp */ = {isa = PBXFileReference; fileEncoding = 4; lastKnownFileType = sourcecode.cpp.cpp; path = main.cpp; sourceTree = "<group>"; };
		3852089E117434FD00640971 /* Game.app */ = {isa = PBXFileReference; explicitFileType = wrapper.application; includeInIndex = 0; path = Game.app; sourceTree = BUILT_PRODUCTS_DIR; };
		385208A1117434FD00640971 /* Game-Info.plist */ = {isa = PBXFileReference; lastKnownFileType = text.plist.xml; path = "Game-Info.plist"; sourceTree = "<group>"; };
		3868F87111EADA780079CF10 /* type_osx.cpp */ = {isa = PBXFileReference; fileEncoding = 4; lastKnownFileType = sourcecode.cpp.cpp; path = type_osx.cpp; sourceTree = "<group>"; };
		389F066E1210A46A00E6AA2A /* menu.cpp */ = {isa = PBXFileReference; fileEncoding = 4; lastKnownFileType = sourcecode.cpp.cpp; path = menu.cpp; sourceTree = "<group>"; };
		389F066F1210A46A00E6AA2A /* menu.hpp */ = {isa = PBXFileReference; fileEncoding = 4; lastKnownFileType = sourcecode.cpp.h; path = menu.hpp; sourceTree = "<group>"; };
		38B2409B117BAE0800903838 /* rand.cpp */ = {isa = PBXFileReference; fileEncoding = 4; lastKnownFileType = sourcecode.cpp.cpp; path = rand.cpp; sourceTree = "<group>"; };
		38B2409C117BAE0800903838 /* rand.hpp */ = {isa = PBXFileReference; fileEncoding = 4; lastKnownFileType = sourcecode.cpp.h; path = rand.hpp; sourceTree = "<group>"; };
		38F78328121317550080545B /* widget.hpp */ = {isa = PBXFileReference; fileEncoding = 4; lastKnownFileType = sourcecode.cpp.h; path = widget.hpp; sourceTree = "<group>"; };
		38F78329121317550080545B /* widget.cpp */ = {isa = PBXFileReference; fileEncoding = 4; lastKnownFileType = sourcecode.cpp.cpp; path = widget.cpp; sourceTree = "<group>"; };
/* End PBXFileReference section */

/* Begin PBXFrameworksBuildPhase section */
		3852089C117434FD00640971 /* Frameworks */ = {
			isa = PBXFrameworksBuildPhase;
			buildActionMask = 2147483647;
			files = (
				382D217C11D98E5C009C8EF5 /* OpenGL.framework in Frameworks */,
				382D219011D98E62009C8EF5 /* AppKit.framework in Frameworks */,
				382D224611D98E6A009C8EF5 /* Foundation.framework in Frameworks */,
				382D22C711D98E80009C8EF5 /* ApplicationServices.framework in Frameworks */,
				382D239211D98E8A009C8EF5 /* SDL.framework in Frameworks */,
			);
			runOnlyForDeploymentPostprocessing = 0;
		};
/* End PBXFrameworksBuildPhase section */

/* Begin PBXGroup section */
		382C270312119C2E0048F4BF /* graphics */ = {
			isa = PBXGroup;
			children = (
				382C270412119C2E0048F4BF /* color.hpp */,
				382C270512119C2E0048F4BF /* model.cpp */,
				382C270612119C2E0048F4BF /* model.hpp */,
				382C272112119E6D0048F4BF /* video.hpp */,
				382C272212119E6D0048F4BF /* video.cpp */,
			);
			path = graphics;
			sourceTree = "<group>";
		};
		382C270D12119CA10048F4BF /* game */ = {
			isa = PBXGroup;
			children = (
				382C270E12119CA10048F4BF /* explosion.cpp */,
				382C270F12119CA10048F4BF /* explosion.hpp */,
				382C271012119CA10048F4BF /* object.cpp */,
				382C271112119CA10048F4BF /* object.hpp */,
				382C271212119CA10048F4BF /* obstacle.cpp */,
				382C271312119CA10048F4BF /* obstacle.hpp */,
				382C271412119CA10048F4BF /* player.cpp */,
				382C271512119CA10048F4BF /* player.hpp */,
				382C271612119CA10048F4BF /* shot.cpp */,
				382C271712119CA10048F4BF /* shot.hpp */,
				382C271812119CA10048F4BF /* world.cpp */,
				382C271912119CA10048F4BF /* world.hpp */,
			);
			path = game;
			sourceTree = "<group>";
		};
		382D216E11D98DF9009C8EF5 /* type */ = {
			isa = PBXGroup;
			children = (
				3868F87111EADA780079CF10 /* type_osx.cpp */,
				382D217011D98DF9009C8EF5 /* type.cpp */,
				382D217111D98DF9009C8EF5 /* type.hpp */,
			);
			path = type;
			sourceTree = "<group>";
		};
		382D217911D98E4C009C8EF5 /* frameworks */ = {
			isa = PBXGroup;
			children = (
				382D218F11D98E62009C8EF5 /* AppKit.framework */,
				382D224511D98E6A009C8EF5 /* Foundation.framework */,
				382D217B11D98E5C009C8EF5 /* OpenGL.framework */,
				382D22C611D98E80009C8EF5 /* ApplicationServices.framework */,
				382D239111D98E8A009C8EF5 /* SDL.framework */,
			);
			name = frameworks;
			sourceTree = "<group>";
		};
		38520882117432D900640971 = {
			isa = PBXGroup;
			children = (
				382D217911D98E4C009C8EF5 /* frameworks */,
				385208AC11743F5000640971 /* mac */,
				385208A911743F4100640971 /* src */,
				3852089F117434FD00640971 /* Products */,
			);
			sourceTree = "<group>";
		};
		3852089F117434FD00640971 /* Products */ = {
			isa = PBXGroup;
			children = (
				3852089E117434FD00640971 /* Game.app */,
			);
			name = Products;
			sourceTree = "<group>";
		};
		385208A911743F4100640971 /* src */ = {
			isa = PBXGroup;
			children = (
				3834EBFB117441BB0070CBE5 /* main.cpp */,
				38B2409B117BAE0800903838 /* rand.cpp */,
				38B2409C117BAE0800903838 /* rand.hpp */,
				382C270D12119CA10048F4BF /* game */,
				382C270312119C2E0048F4BF /* graphics */,
				382D216E11D98DF9009C8EF5 /* type */,
				389F066D1210A46A00E6AA2A /* ui */,
			);
			name = src;
			path = ../src;
			sourceTree = SOURCE_ROOT;
		};
		385208AC11743F5000640971 /* mac */ = {
			isa = PBXGroup;
			children = (
				385208A1117434FD00640971 /* Game-Info.plist */,
			);
			name = mac;
			sourceTree = "<group>";
		};
		389F066D1210A46A00E6AA2A /* ui */ = {
			isa = PBXGroup;
			children = (
				382C27391211E28B0048F4BF /* layer.cpp */,
				382C273A1211E28B0048F4BF /* layer.hpp */,
				389F066E1210A46A00E6AA2A /* menu.cpp */,
				389F066F1210A46A00E6AA2A /* menu.hpp */,
				38F78328121317550080545B /* widget.hpp */,
				38F78329121317550080545B /* widget.cpp */,
			);
			path = ui;
			sourceTree = "<group>";
		};
/* End PBXGroup section */

/* Begin PBXNativeTarget section */
		3852089D117434FD00640971 /* Game */ = {
			isa = PBXNativeTarget;
			buildConfigurationList = 385208A4117434FF00640971 /* Build configuration list for PBXNativeTarget "Game" */;
			buildPhases = (
				3852089A117434FD00640971 /* Resources */,
				3852089B117434FD00640971 /* Sources */,
				3852089C117434FD00640971 /* Frameworks */,
			);
			buildRules = (
			);
			dependencies = (
			);
			name = Game;
			productName = Game;
			productReference = 3852089E117434FD00640971 /* Game.app */;
			productType = "com.apple.product-type.application";
		};
/* End PBXNativeTarget section */

/* Begin PBXProject section */
		38520884117432D900640971 /* Project object */ = {
			isa = PBXProject;
			buildConfigurationList = 38520887117432D900640971 /* Build configuration list for PBXProject "game" */;
			compatibilityVersion = "Xcode 2.4";
			hasScannedForEncodings = 0;
			mainGroup = 38520882117432D900640971;
			productRefGroup = 3852089F117434FD00640971 /* Products */;
			projectDirPath = "";
			projectRoot = "";
			targets = (
				3852089D117434FD00640971 /* Game */,
			);
		};
/* End PBXProject section */

/* Begin PBXResourcesBuildPhase section */
		3852089A117434FD00640971 /* Resources */ = {
			isa = PBXResourcesBuildPhase;
			buildActionMask = 2147483647;
			files = (
			);
			runOnlyForDeploymentPostprocessing = 0;
		};
/* End PBXResourcesBuildPhase section */

/* Begin PBXSourcesBuildPhase section */
		3852089B117434FD00640971 /* Sources */ = {
			isa = PBXSourcesBuildPhase;
			buildActionMask = 2147483647;
			files = (
				3834EBFC117441BB0070CBE5 /* main.cpp in Sources */,
				38B2409D117BAE0800903838 /* rand.cpp in Sources */,
				382D217211D98DF9009C8EF5 /* type.cpp in Sources */,
				3868F87211EADA780079CF10 /* type_osx.cpp in Sources */,
				389F06701210A46A00E6AA2A /* menu.cpp in Sources */,
				382C270712119C2E0048F4BF /* model.cpp in Sources */,
				382C271A12119CA10048F4BF /* explosion.cpp in Sources */,
				382C271B12119CA10048F4BF /* object.cpp in Sources */,
				382C271C12119CA10048F4BF /* obstacle.cpp in Sources */,
				382C271D12119CA10048F4BF /* player.cpp in Sources */,
				382C271E12119CA10048F4BF /* shot.cpp in Sources */,
				382C271F12119CA10048F4BF /* world.cpp in Sources */,
				382C272312119E6D0048F4BF /* video.cpp in Sources */,
				382C273B1211E28B0048F4BF /* layer.cpp in Sources */,
				38F7832A121317550080545B /* widget.cpp in Sources */,
			);
			runOnlyForDeploymentPostprocessing = 0;
		};
/* End PBXSourcesBuildPhase section */

/* Begin XCBuildConfiguration section */
		38520885117432D900640971 /* Debug */ = {
			isa = XCBuildConfiguration;
			buildSettings = {
				COPY_PHASE_STRIP = NO;
				GCC_WARN_EFFECTIVE_CPLUSPLUS_VIOLATIONS = YES;
			};
			name = Debug;
		};
		38520886117432D900640971 /* Release */ = {
			isa = XCBuildConfiguration;
			buildSettings = {
				COPY_PHASE_STRIP = YES;
				GCC_WARN_EFFECTIVE_CPLUSPLUS_VIOLATIONS = YES;
			};
			name = Release;
		};
		385208A2117434FE00640971 /* Debug */ = {
			isa = XCBuildConfiguration;
			buildSettings = {
				ALWAYS_SEARCH_USER_PATHS = NO;
				COPY_PHASE_STRIP = NO;
				FRAMEWORK_SEARCH_PATHS = (
					"$(inherited)",
					"$(FRAMEWORK_SEARCH_PATHS_QUOTED_FOR_TARGET_1)",
				);
				FRAMEWORK_SEARCH_PATHS_QUOTED_FOR_TARGET_1 = "\"$(SYSTEM_LIBRARY_DIR)/Frameworks/ApplicationServices.framework/Frameworks\"";
				GCC_DYNAMIC_NO_PIC = NO;
				GCC_ENABLE_FIX_AND_CONTINUE = YES;
				GCC_MODEL_TUNING = G5;
				GCC_OPTIMIZATION_LEVEL = 0;
				GCC_PRECOMPILE_PREFIX_HEADER = YES;
				HEADER_SEARCH_PATHS = (
					../src,
					"$(HOME)/Library/Frameworks/SDL.framework/Headers",
					/Library/Frameworks/SDL.framework/Headers,
					"$(HEADER_SEARCH_PATHS)",
				);
				INFOPLIST_FILE = "Game-Info.plist";
				INSTALL_PATH = "$(HOME)/Applications";
				OTHER_LDFLAGS = (
					"-framework",
					Foundation,
					"-framework",
					AppKit,
					"-framework",
					SDL,
					"-framework",
					OpenGL,
				);
				PREBINDING = NO;
				PRODUCT_NAME = Game;
			};
			name = Debug;
		};
		385208A3117434FE00640971 /* Release */ = {
			isa = XCBuildConfiguration;
			buildSettings = {
				ALWAYS_SEARCH_USER_PATHS = NO;
				COPY_PHASE_STRIP = YES;
				DEBUG_INFORMATION_FORMAT = "dwarf-with-dsym";
				FRAMEWORK_SEARCH_PATHS = (
					"$(inherited)",
					"$(FRAMEWORK_SEARCH_PATHS_QUOTED_FOR_TARGET_1)",
				);
				FRAMEWORK_SEARCH_PATHS_QUOTED_FOR_TARGET_1 = "\"$(SYSTEM_LIBRARY_DIR)/Frameworks/ApplicationServices.framework/Frameworks\"";
				GCC_ENABLE_FIX_AND_CONTINUE = NO;
				GCC_MODEL_TUNING = G5;
				GCC_PRECOMPILE_PREFIX_HEADER = YES;
				HEADER_SEARCH_PATHS = (
					../src,
					"$(HOME)/Library/Frameworks/SDL.framework/Headers",
					/Library/Frameworks/SDL.framework/Headers,
					"$(HEADER_SEARCH_PATHS)",
				);
				INFOPLIST_FILE = "Game-Info.plist";
				INSTALL_PATH = "$(HOME)/Applications";
				PREBINDING = NO;
				PRODUCT_NAME = Game;
				ZERO_LINK = NO;
			};
			name = Release;
		};
/* End XCBuildConfiguration section */

/* Begin XCConfigurationList section */
		38520887117432D900640971 /* Build configuration list for PBXProject "game" */ = {
			isa = XCConfigurationList;
			buildConfigurations = (
				38520885117432D900640971 /* Debug */,
				38520886117432D900640971 /* Release */,
			);
			defaultConfigurationIsVisible = 0;
			defaultConfigurationName = Release;
		};
		385208A4117434FF00640971 /* Build configuration list for PBXNativeTarget "Game" */ = {
			isa = XCConfigurationList;
			buildConfigurations = (
				385208A2117434FE00640971 /* Debug */,
				385208A3117434FE00640971 /* Release */,
			);
			defaultConfigurationIsVisible = 0;
			defaultConfigurationName = Release;
		};
/* End XCConfigurationList section */
	};
	rootObject = 38520884117432D900640971 /* Project object */;
}
