// !$*UTF8*$!
{
	archiveVersion = 1;
	classes = {
	};
	objectVersion = 42;
	objects = {

/* Begin PBXBuildFile section */
		381E8ABC149C6B540091D850 /* actor.cpp in Sources */ = {isa = PBXBuildFile; fileRef = 381E8AB3149C6B540091D850 /* actor.cpp */; };
		381E8ABD149C6B540091D850 /* area.cpp in Sources */ = {isa = PBXBuildFile; fileRef = 381E8AB5149C6B540091D850 /* area.cpp */; };
		381E8ABE149C6B540091D850 /* player.cpp in Sources */ = {isa = PBXBuildFile; fileRef = 381E8AB8149C6B540091D850 /* player.cpp */; };
		381E8ABF149C6B540091D850 /* screen.cpp in Sources */ = {isa = PBXBuildFile; fileRef = 381E8ABA149C6B540091D850 /* screen.cpp */; };
		381E8AD8149C879F0091D850 /* background.cpp in Sources */ = {isa = PBXBuildFile; fileRef = 381E8AD6149C879F0091D850 /* background.cpp */; };
		381E8ADB149C87A30091D850 /* walker.cpp in Sources */ = {isa = PBXBuildFile; fileRef = 381E8ADA149C87A30091D850 /* walker.cpp */; };
		381E8B30149CF6E00091D850 /* letterbox.cpp in Sources */ = {isa = PBXBuildFile; fileRef = 381E8B2E149CF6E00091D850 /* letterbox.cpp */; };
		381E8B36149CF7010091D850 /* editor.cpp in Sources */ = {isa = PBXBuildFile; fileRef = 381E8B34149CF7010091D850 /* editor.cpp */; };
		381E8B39149CF7080091D850 /* screenbase.cpp in Sources */ = {isa = PBXBuildFile; fileRef = 381E8B38149CF7080091D850 /* screenbase.cpp */; };
		382D217C11D98E5C009C8EF5 /* OpenGL.framework in Frameworks */ = {isa = PBXBuildFile; fileRef = 382D217B11D98E5C009C8EF5 /* OpenGL.framework */; };
		382D219011D98E62009C8EF5 /* AppKit.framework in Frameworks */ = {isa = PBXBuildFile; fileRef = 382D218F11D98E62009C8EF5 /* AppKit.framework */; };
		382D224611D98E6A009C8EF5 /* Foundation.framework in Frameworks */ = {isa = PBXBuildFile; fileRef = 382D224511D98E6A009C8EF5 /* Foundation.framework */; };
		382D22C711D98E80009C8EF5 /* ApplicationServices.framework in Frameworks */ = {isa = PBXBuildFile; fileRef = 382D22C611D98E80009C8EF5 /* ApplicationServices.framework */; };
		384C894814CB563800EBDB6A /* log_network.c in Sources */ = {isa = PBXBuildFile; fileRef = 384C894714CB563800EBDB6A /* log_network.c */; };
		384C894E14CB565800EBDB6A /* net.c in Sources */ = {isa = PBXBuildFile; fileRef = 384C894D14CB565800EBDB6A /* net.c */; };
		385269B714C2FEA700CD7C74 /* clock.c in Sources */ = {isa = PBXBuildFile; fileRef = 3852697B14C2FEA700CD7C74 /* clock.c */; };
		385269B814C2FEA700CD7C74 /* configfile.c in Sources */ = {isa = PBXBuildFile; fileRef = 3852697D14C2FEA700CD7C74 /* configfile.c */; };
		385269B914C2FEA700CD7C74 /* configfile_read.c in Sources */ = {isa = PBXBuildFile; fileRef = 3852697F14C2FEA700CD7C74 /* configfile_read.c */; };
		385269BA14C2FEA700CD7C74 /* cvar.c in Sources */ = {isa = PBXBuildFile; fileRef = 3852698014C2FEA700CD7C74 /* cvar.c */; };
		385269BB14C2FEA700CD7C74 /* dict.c in Sources */ = {isa = PBXBuildFile; fileRef = 3852698214C2FEA700CD7C74 /* dict.c */; };
		385269BC14C2FEA700CD7C74 /* error.c in Sources */ = {isa = PBXBuildFile; fileRef = 3852698514C2FEA700CD7C74 /* error.c */; };
		385269BE14C2FEA700CD7C74 /* file_path.c in Sources */ = {isa = PBXBuildFile; fileRef = 3852698A14C2FEA700CD7C74 /* file_path.c */; };
		385269BF14C2FEA700CD7C74 /* hash.c in Sources */ = {isa = PBXBuildFile; fileRef = 3852698B14C2FEA700CD7C74 /* hash.c */; };
		385269C514C2FEA700CD7C74 /* keyid.c in Sources */ = {isa = PBXBuildFile; fileRef = 3852699414C2FEA700CD7C74 /* keyid.c */; };
		385269C714C2FEA700CD7C74 /* keytable_mac.c in Sources */ = {isa = PBXBuildFile; fileRef = 3852699814C2FEA700CD7C74 /* keytable_mac.c */; };
		385269D314C2FEA700CD7C74 /* model.c in Sources */ = {isa = PBXBuildFile; fileRef = 385269A414C2FEA700CD7C74 /* model.c */; };
		385269D414C2FEA700CD7C74 /* opengl.c in Sources */ = {isa = PBXBuildFile; fileRef = 385269A614C2FEA700CD7C74 /* opengl.c */; };
		385269D514C2FEA700CD7C74 /* pixbuf.c in Sources */ = {isa = PBXBuildFile; fileRef = 385269A814C2FEA700CD7C74 /* pixbuf.c */; };
		385269D614C2FEA700CD7C74 /* pixbuf_loadimage.c in Sources */ = {isa = PBXBuildFile; fileRef = 385269AA14C2FEA700CD7C74 /* pixbuf_loadimage.c */; };
		385269D714C2FEA700CD7C74 /* rand.c in Sources */ = {isa = PBXBuildFile; fileRef = 385269AB14C2FEA700CD7C74 /* rand.c */; };
		385269D814C2FEA700CD7C74 /* resource.c in Sources */ = {isa = PBXBuildFile; fileRef = 385269AD14C2FEA700CD7C74 /* resource.c */; };
		385269D914C2FEA700CD7C74 /* strbuf.c in Sources */ = {isa = PBXBuildFile; fileRef = 385269AF14C2FEA700CD7C74 /* strbuf.c */; };
		385269DA14C2FEA700CD7C74 /* sys.c in Sources */ = {isa = PBXBuildFile; fileRef = 385269B114C2FEA700CD7C74 /* sys.c */; };
		385269DB14C2FEA700CD7C74 /* texture.c in Sources */ = {isa = PBXBuildFile; fileRef = 385269B214C2FEA700CD7C74 /* texture.c */; };
		385269DC14C2FEA700CD7C74 /* type.c in Sources */ = {isa = PBXBuildFile; fileRef = 385269B414C2FEA700CD7C74 /* type.c */; };
		385269F214C2FEE000CD7C74 /* GApplication.m in Sources */ = {isa = PBXBuildFile; fileRef = 385269E314C2FEE000CD7C74 /* GApplication.m */; };
		385269F314C2FEE000CD7C74 /* GController.m in Sources */ = {isa = PBXBuildFile; fileRef = 385269E514C2FEE000CD7C74 /* GController.m */; };
		385269F414C2FEE000CD7C74 /* GDisplay.m in Sources */ = {isa = PBXBuildFile; fileRef = 385269E714C2FEE000CD7C74 /* GDisplay.m */; };
		385269F514C2FEE000CD7C74 /* GMain.m in Sources */ = {isa = PBXBuildFile; fileRef = 385269E814C2FEE000CD7C74 /* GMain.m */; };
		385269F614C2FEE000CD7C74 /* GView.m in Sources */ = {isa = PBXBuildFile; fileRef = 385269EB14C2FEE000CD7C74 /* GView.m */; };
		385269F714C2FEE000CD7C74 /* GWindow.m in Sources */ = {isa = PBXBuildFile; fileRef = 385269ED14C2FEE000CD7C74 /* GWindow.m */; };
		38526A0314C2FF0600CD7C74 /* viewport.cpp in Sources */ = {isa = PBXBuildFile; fileRef = 38526A0114C2FF0600CD7C74 /* viewport.cpp */; };
		3871E297141ACAF7000DF3D6 /* MainMenu.xib in Resources */ = {isa = PBXBuildFile; fileRef = 3871E296141ACAF7000DF3D6 /* MainMenu.xib */; };
		388A9CD414B9787800036448 /* error.cpp in Sources */ = {isa = PBXBuildFile; fileRef = 388A9CD114B9787800036448 /* error.cpp */; };
		388A9CD714B9787E00036448 /* file.cpp in Sources */ = {isa = PBXBuildFile; fileRef = 388A9CD514B9787E00036448 /* file.cpp */; };
		388A9CE314B978DE00036448 /* menu.cpp in Sources */ = {isa = PBXBuildFile; fileRef = 38A2E8921499D08300A820A9 /* menu.cpp */; };
		388A9CE514B978EA00036448 /* entity.cpp in Sources */ = {isa = PBXBuildFile; fileRef = 3813312A14141F8600B8CE5B /* entity.cpp */; };
		388A9CE614B978EB00036448 /* gamescreen.cpp in Sources */ = {isa = PBXBuildFile; fileRef = 3813312C14141F8600B8CE5B /* gamescreen.cpp */; };
		388A9CE714B978EB00036448 /* main.cpp in Sources */ = {isa = PBXBuildFile; fileRef = 3813312E14141F8600B8CE5B /* main.cpp */; };
		388A9CE814B978EC00036448 /* player.cpp in Sources */ = {isa = PBXBuildFile; fileRef = 3813312F14141F8600B8CE5B /* player.cpp */; };
		388A9CE914B978ED00036448 /* random.cpp in Sources */ = {isa = PBXBuildFile; fileRef = 3813313114141F8600B8CE5B /* random.cpp */; };
		388A9CEA14B978ED00036448 /* scenery.cpp in Sources */ = {isa = PBXBuildFile; fileRef = 3813313314141F8600B8CE5B /* scenery.cpp */; };
		388A9CEB14B978EE00036448 /* shapes.cpp in Sources */ = {isa = PBXBuildFile; fileRef = 3813313514141F8600B8CE5B /* shapes.cpp */; };
		388A9CEC14B978EF00036448 /* ship.cpp in Sources */ = {isa = PBXBuildFile; fileRef = 3813313714141F8600B8CE5B /* ship.cpp */; };
		388A9CED14B978F000036448 /* shot.cpp in Sources */ = {isa = PBXBuildFile; fileRef = 3813313914141F8600B8CE5B /* shot.cpp */; };
		388A9CEE14B978F100036448 /* stars.cpp in Sources */ = {isa = PBXBuildFile; fileRef = 3813313B14141F8600B8CE5B /* stars.cpp */; };
		388A9CEF14B978F100036448 /* thinker.cpp in Sources */ = {isa = PBXBuildFile; fileRef = 3813313D14141F8600B8CE5B /* thinker.cpp */; };
		388A9CF014B978F200036448 /* world.cpp in Sources */ = {isa = PBXBuildFile; fileRef = 3813314014141F8600B8CE5B /* world.cpp */; };
		388A9CF114B978F400036448 /* gamescreen.cpp in Sources */ = {isa = PBXBuildFile; fileRef = 3813314514141F8600B8CE5B /* gamescreen.cpp */; };
		388A9CF214B978F500036448 /* object.cpp in Sources */ = {isa = PBXBuildFile; fileRef = 3813314714141F8600B8CE5B /* object.cpp */; };
		388A9CF314B978F500036448 /* obstacle.cpp in Sources */ = {isa = PBXBuildFile; fileRef = 3813314914141F8600B8CE5B /* obstacle.cpp */; };
		388A9CF414B978F600036448 /* player.cpp in Sources */ = {isa = PBXBuildFile; fileRef = 3813314B14141F8600B8CE5B /* player.cpp */; };
		388A9CF514B978F600036448 /* shot.cpp in Sources */ = {isa = PBXBuildFile; fileRef = 3813314D14141F8600B8CE5B /* shot.cpp */; };
		388A9CF614B978F700036448 /* world.cpp in Sources */ = {isa = PBXBuildFile; fileRef = 3813314F14141F8600B8CE5B /* world.cpp */; };
		388A9CF714B978F800036448 /* explosion.cpp in Sources */ = {isa = PBXBuildFile; fileRef = 3813314314141F8600B8CE5B /* explosion.cpp */; };
		389F7FCD141D4ECD00123790 /* CoreVideo.framework in Frameworks */ = {isa = PBXBuildFile; fileRef = 389F7FCC141D4ECD00123790 /* CoreVideo.framework */; };
		38A1F1EB14CB930000901856 /* version_str.c in Sources */ = {isa = PBXBuildFile; fileRef = 38A1F1E814CB930000901856 /* version_str.c */; };
		38A1F1EC14CB930000901856 /* version.c in Sources */ = {isa = PBXBuildFile; fileRef = 38A1F1E914CB930000901856 /* version.c */; };
		38A1F1F614CB978600901856 /* CoreServices.framework in Frameworks */ = {isa = PBXBuildFile; fileRef = 38A1F1F514CB978600901856 /* CoreServices.framework */; };
		38A2E8A91499D08300A820A9 /* model.cpp in Sources */ = {isa = PBXBuildFile; fileRef = 38A2E8741499D08300A820A9 /* model.cpp */; };
		38A2E8AA1499D08300A820A9 /* group.cpp in Sources */ = {isa = PBXBuildFile; fileRef = 38A2E8781499D08300A820A9 /* group.cpp */; };
		38A2E8AB1499D08300A820A9 /* leafobject.cpp in Sources */ = {isa = PBXBuildFile; fileRef = 38A2E87A1499D08300A820A9 /* leafobject.cpp */; };
		38A2E8AC1499D08300A820A9 /* object.cpp in Sources */ = {isa = PBXBuildFile; fileRef = 38A2E87C1499D08300A820A9 /* object.cpp */; };
		38A2E8AD1499D08300A820A9 /* texture.cpp in Sources */ = {isa = PBXBuildFile; fileRef = 38A2E87E1499D08300A820A9 /* texture.cpp */; };
		38A2E8B41499D08300A820A9 /* button.cpp in Sources */ = {isa = PBXBuildFile; fileRef = 38A2E88E1499D08300A820A9 /* button.cpp */; };
		38A2E8B61499D08300A820A9 /* mousemanager.cpp in Sources */ = {isa = PBXBuildFile; fileRef = 38A2E8941499D08300A820A9 /* mousemanager.cpp */; };
		38A2E8B71499D08300A820A9 /* screen.cpp in Sources */ = {isa = PBXBuildFile; fileRef = 38A2E8961499D08300A820A9 /* screen.cpp */; };
		38A2E8B81499D08300A820A9 /* widget.cpp in Sources */ = {isa = PBXBuildFile; fileRef = 38A2E8981499D08300A820A9 /* widget.cpp */; };
		38A2E926149A51C700A820A9 /* keymanager.cpp in Sources */ = {isa = PBXBuildFile; fileRef = 38A2E924149A51C700A820A9 /* keymanager.cpp */; };
		38A2ECD11495EBA700772423 /* Carbon.framework in Frameworks */ = {isa = PBXBuildFile; fileRef = 38A2ECD01495EBA700772423 /* Carbon.framework */; };
		38B36A75149EB6400056537E /* effect.cpp in Sources */ = {isa = PBXBuildFile; fileRef = 38B36A69149EB6400056537E /* effect.cpp */; };
		38B36A76149EB6400056537E /* endwalk.cpp in Sources */ = {isa = PBXBuildFile; fileRef = 38B36A6B149EB6400056537E /* endwalk.cpp */; };
		38B36A77149EB6400056537E /* item.cpp in Sources */ = {isa = PBXBuildFile; fileRef = 38B36A6D149EB6400056537E /* item.cpp */; };
		38B36A78149EB6400056537E /* level.cpp in Sources */ = {isa = PBXBuildFile; fileRef = 38B36A6F149EB6400056537E /* level.cpp */; };
		38B36A79149EB6400056537E /* other.cpp in Sources */ = {isa = PBXBuildFile; fileRef = 38B36A72149EB6400056537E /* other.cpp */; };
		38B36A7A149EB6400056537E /* mover.cpp in Sources */ = {isa = PBXBuildFile; fileRef = 38B36A74149EB6400056537E /* mover.cpp */; };
		38B36A7F149EB6550056537E /* thinker.cpp in Sources */ = {isa = PBXBuildFile; fileRef = 38B36A7B149EB6550056537E /* thinker.cpp */; };
		38B36A80149EB6550056537E /* tileset.cpp in Sources */ = {isa = PBXBuildFile; fileRef = 38B36A7D149EB6550056537E /* tileset.cpp */; };
		38B36A92149EB67A0056537E /* bitmapfont.cpp in Sources */ = {isa = PBXBuildFile; fileRef = 38B36A91149EB67A0056537E /* bitmapfont.cpp */; };
		38FC2D6414C59BFD002E9D02 /* file_norm.c in Sources */ = {isa = PBXBuildFile; fileRef = 38FC2D5F14C59BFD002E9D02 /* file_norm.c */; };
		38FC2D6614C59BFD002E9D02 /* file_posix.c in Sources */ = {isa = PBXBuildFile; fileRef = 38FC2D6114C59BFD002E9D02 /* file_posix.c */; };
		38FC2D6714C59BFD002E9D02 /* file_read.c in Sources */ = {isa = PBXBuildFile; fileRef = 38FC2D6214C59BFD002E9D02 /* file_read.c */; };
		38FC2D7414C59C2D002E9D02 /* pixbuf_coregraphics.c in Sources */ = {isa = PBXBuildFile; fileRef = 38FC2D7114C59C2D002E9D02 /* pixbuf_coregraphics.c */; };
		38FC2D9514C5A433002E9D02 /* type_coretext.c in Sources */ = {isa = PBXBuildFile; fileRef = 38FC2D8C14C5A422002E9D02 /* type_coretext.c */; };
		38FE66B314CA128600EAE6BA /* log_console.c in Sources */ = {isa = PBXBuildFile; fileRef = 38FE66AF14CA128600EAE6BA /* log_console.c */; };
		38FE66B414CA128600EAE6BA /* log.c in Sources */ = {isa = PBXBuildFile; fileRef = 38FE66B114CA128600EAE6BA /* log.c */; };
/* End PBXBuildFile section */

/* Begin PBXFileReference section */
		3813312A14141F8600B8CE5B /* entity.cpp */ = {isa = PBXFileReference; fileEncoding = 4; lastKnownFileType = sourcecode.cpp.cpp; path = entity.cpp; sourceTree = "<group>"; };
		3813312B14141F8600B8CE5B /* entity.hpp */ = {isa = PBXFileReference; fileEncoding = 4; lastKnownFileType = sourcecode.cpp.h; path = entity.hpp; sourceTree = "<group>"; };
		3813312C14141F8600B8CE5B /* gamescreen.cpp */ = {isa = PBXFileReference; fileEncoding = 4; lastKnownFileType = sourcecode.cpp.cpp; path = gamescreen.cpp; sourceTree = "<group>"; };
		3813312D14141F8600B8CE5B /* gamescreen.hpp */ = {isa = PBXFileReference; fileEncoding = 4; lastKnownFileType = sourcecode.cpp.h; path = gamescreen.hpp; sourceTree = "<group>"; };
		3813312E14141F8600B8CE5B /* main.cpp */ = {isa = PBXFileReference; fileEncoding = 4; lastKnownFileType = sourcecode.cpp.cpp; path = main.cpp; sourceTree = "<group>"; };
		3813312F14141F8600B8CE5B /* player.cpp */ = {isa = PBXFileReference; fileEncoding = 4; lastKnownFileType = sourcecode.cpp.cpp; path = player.cpp; sourceTree = "<group>"; };
		3813313014141F8600B8CE5B /* player.hpp */ = {isa = PBXFileReference; fileEncoding = 4; lastKnownFileType = sourcecode.cpp.h; path = player.hpp; sourceTree = "<group>"; };
		3813313114141F8600B8CE5B /* random.cpp */ = {isa = PBXFileReference; fileEncoding = 4; lastKnownFileType = sourcecode.cpp.cpp; path = random.cpp; sourceTree = "<group>"; };
		3813313214141F8600B8CE5B /* random.hpp */ = {isa = PBXFileReference; fileEncoding = 4; lastKnownFileType = sourcecode.cpp.h; path = random.hpp; sourceTree = "<group>"; };
		3813313314141F8600B8CE5B /* scenery.cpp */ = {isa = PBXFileReference; fileEncoding = 4; lastKnownFileType = sourcecode.cpp.cpp; path = scenery.cpp; sourceTree = "<group>"; };
		3813313414141F8600B8CE5B /* scenery.hpp */ = {isa = PBXFileReference; fileEncoding = 4; lastKnownFileType = sourcecode.cpp.h; path = scenery.hpp; sourceTree = "<group>"; };
		3813313514141F8600B8CE5B /* shapes.cpp */ = {isa = PBXFileReference; fileEncoding = 4; lastKnownFileType = sourcecode.cpp.cpp; path = shapes.cpp; sourceTree = "<group>"; };
		3813313614141F8600B8CE5B /* shapes.hpp */ = {isa = PBXFileReference; fileEncoding = 4; lastKnownFileType = sourcecode.cpp.h; path = shapes.hpp; sourceTree = "<group>"; };
		3813313714141F8600B8CE5B /* ship.cpp */ = {isa = PBXFileReference; fileEncoding = 4; lastKnownFileType = sourcecode.cpp.cpp; path = ship.cpp; sourceTree = "<group>"; };
		3813313814141F8600B8CE5B /* ship.hpp */ = {isa = PBXFileReference; fileEncoding = 4; lastKnownFileType = sourcecode.cpp.h; path = ship.hpp; sourceTree = "<group>"; };
		3813313914141F8600B8CE5B /* shot.cpp */ = {isa = PBXFileReference; fileEncoding = 4; lastKnownFileType = sourcecode.cpp.cpp; path = shot.cpp; sourceTree = "<group>"; };
		3813313A14141F8600B8CE5B /* shot.hpp */ = {isa = PBXFileReference; fileEncoding = 4; lastKnownFileType = sourcecode.cpp.h; path = shot.hpp; sourceTree = "<group>"; };
		3813313B14141F8600B8CE5B /* stars.cpp */ = {isa = PBXFileReference; fileEncoding = 4; lastKnownFileType = sourcecode.cpp.cpp; path = stars.cpp; sourceTree = "<group>"; };
		3813313C14141F8600B8CE5B /* stars.hpp */ = {isa = PBXFileReference; fileEncoding = 4; lastKnownFileType = sourcecode.cpp.h; path = stars.hpp; sourceTree = "<group>"; };
		3813313D14141F8600B8CE5B /* thinker.cpp */ = {isa = PBXFileReference; fileEncoding = 4; lastKnownFileType = sourcecode.cpp.cpp; path = thinker.cpp; sourceTree = "<group>"; };
		3813313E14141F8600B8CE5B /* thinker.hpp */ = {isa = PBXFileReference; fileEncoding = 4; lastKnownFileType = sourcecode.cpp.h; path = thinker.hpp; sourceTree = "<group>"; };
		3813313F14141F8600B8CE5B /* vector.hpp */ = {isa = PBXFileReference; fileEncoding = 4; lastKnownFileType = sourcecode.cpp.h; path = vector.hpp; sourceTree = "<group>"; };
		3813314014141F8600B8CE5B /* world.cpp */ = {isa = PBXFileReference; fileEncoding = 4; lastKnownFileType = sourcecode.cpp.cpp; path = world.cpp; sourceTree = "<group>"; };
		3813314114141F8600B8CE5B /* world.hpp */ = {isa = PBXFileReference; fileEncoding = 4; lastKnownFileType = sourcecode.cpp.h; path = world.hpp; sourceTree = "<group>"; };
		3813314314141F8600B8CE5B /* explosion.cpp */ = {isa = PBXFileReference; fileEncoding = 4; lastKnownFileType = sourcecode.cpp.cpp; path = explosion.cpp; sourceTree = "<group>"; };
		3813314414141F8600B8CE5B /* explosion.hpp */ = {isa = PBXFileReference; fileEncoding = 4; lastKnownFileType = sourcecode.cpp.h; path = explosion.hpp; sourceTree = "<group>"; };
		3813314514141F8600B8CE5B /* gamescreen.cpp */ = {isa = PBXFileReference; fileEncoding = 4; lastKnownFileType = sourcecode.cpp.cpp; path = gamescreen.cpp; sourceTree = "<group>"; };
		3813314614141F8600B8CE5B /* gamescreen.hpp */ = {isa = PBXFileReference; fileEncoding = 4; lastKnownFileType = sourcecode.cpp.h; path = gamescreen.hpp; sourceTree = "<group>"; };
		3813314714141F8600B8CE5B /* object.cpp */ = {isa = PBXFileReference; fileEncoding = 4; lastKnownFileType = sourcecode.cpp.cpp; path = object.cpp; sourceTree = "<group>"; };
		3813314814141F8600B8CE5B /* object.hpp */ = {isa = PBXFileReference; fileEncoding = 4; lastKnownFileType = sourcecode.cpp.h; path = object.hpp; sourceTree = "<group>"; };
		3813314914141F8600B8CE5B /* obstacle.cpp */ = {isa = PBXFileReference; fileEncoding = 4; lastKnownFileType = sourcecode.cpp.cpp; path = obstacle.cpp; sourceTree = "<group>"; };
		3813314A14141F8600B8CE5B /* obstacle.hpp */ = {isa = PBXFileReference; fileEncoding = 4; lastKnownFileType = sourcecode.cpp.h; path = obstacle.hpp; sourceTree = "<group>"; };
		3813314B14141F8600B8CE5B /* player.cpp */ = {isa = PBXFileReference; fileEncoding = 4; lastKnownFileType = sourcecode.cpp.cpp; path = player.cpp; sourceTree = "<group>"; };
		3813314C14141F8600B8CE5B /* player.hpp */ = {isa = PBXFileReference; fileEncoding = 4; lastKnownFileType = sourcecode.cpp.h; path = player.hpp; sourceTree = "<group>"; };
		3813314D14141F8600B8CE5B /* shot.cpp */ = {isa = PBXFileReference; fileEncoding = 4; lastKnownFileType = sourcecode.cpp.cpp; path = shot.cpp; sourceTree = "<group>"; };
		3813314E14141F8600B8CE5B /* shot.hpp */ = {isa = PBXFileReference; fileEncoding = 4; lastKnownFileType = sourcecode.cpp.h; path = shot.hpp; sourceTree = "<group>"; };
		3813314F14141F8600B8CE5B /* world.cpp */ = {isa = PBXFileReference; fileEncoding = 4; lastKnownFileType = sourcecode.cpp.cpp; path = world.cpp; sourceTree = "<group>"; };
		3813315014141F8600B8CE5B /* world.hpp */ = {isa = PBXFileReference; fileEncoding = 4; lastKnownFileType = sourcecode.cpp.h; path = world.hpp; sourceTree = "<group>"; };
		381E8AB3149C6B540091D850 /* actor.cpp */ = {isa = PBXFileReference; fileEncoding = 4; lastKnownFileType = sourcecode.cpp.cpp; path = actor.cpp; sourceTree = "<group>"; };
		381E8AB4149C6B540091D850 /* actor.hpp */ = {isa = PBXFileReference; fileEncoding = 4; lastKnownFileType = sourcecode.cpp.h; path = actor.hpp; sourceTree = "<group>"; };
		381E8AB5149C6B540091D850 /* area.cpp */ = {isa = PBXFileReference; fileEncoding = 4; lastKnownFileType = sourcecode.cpp.cpp; path = area.cpp; sourceTree = "<group>"; };
		381E8AB6149C6B540091D850 /* area.hpp */ = {isa = PBXFileReference; fileEncoding = 4; lastKnownFileType = sourcecode.cpp.h; path = area.hpp; sourceTree = "<group>"; };
		381E8AB7149C6B540091D850 /* defs.hpp */ = {isa = PBXFileReference; fileEncoding = 4; lastKnownFileType = sourcecode.cpp.h; path = defs.hpp; sourceTree = "<group>"; };
		381E8AB8149C6B540091D850 /* player.cpp */ = {isa = PBXFileReference; fileEncoding = 4; lastKnownFileType = sourcecode.cpp.cpp; path = player.cpp; sourceTree = "<group>"; };
		381E8AB9149C6B540091D850 /* player.hpp */ = {isa = PBXFileReference; fileEncoding = 4; lastKnownFileType = sourcecode.cpp.h; path = player.hpp; sourceTree = "<group>"; };
		381E8ABA149C6B540091D850 /* screen.cpp */ = {isa = PBXFileReference; fileEncoding = 4; lastKnownFileType = sourcecode.cpp.cpp; path = screen.cpp; sourceTree = "<group>"; };
		381E8ABB149C6B540091D850 /* screen.hpp */ = {isa = PBXFileReference; fileEncoding = 4; lastKnownFileType = sourcecode.cpp.h; path = screen.hpp; sourceTree = "<group>"; };
		381E8AD6149C879F0091D850 /* background.cpp */ = {isa = PBXFileReference; fileEncoding = 4; lastKnownFileType = sourcecode.cpp.cpp; path = background.cpp; sourceTree = "<group>"; };
		381E8AD7149C879F0091D850 /* background.hpp */ = {isa = PBXFileReference; fileEncoding = 4; lastKnownFileType = sourcecode.cpp.h; path = background.hpp; sourceTree = "<group>"; };
		381E8AD9149C87A30091D850 /* walker.hpp */ = {isa = PBXFileReference; fileEncoding = 4; lastKnownFileType = sourcecode.cpp.h; path = walker.hpp; sourceTree = "<group>"; };
		381E8ADA149C87A30091D850 /* walker.cpp */ = {isa = PBXFileReference; fileEncoding = 4; lastKnownFileType = sourcecode.cpp.cpp; path = walker.cpp; sourceTree = "<group>"; };
		381E8B2E149CF6E00091D850 /* letterbox.cpp */ = {isa = PBXFileReference; fileEncoding = 4; lastKnownFileType = sourcecode.cpp.cpp; path = letterbox.cpp; sourceTree = "<group>"; };
		381E8B2F149CF6E00091D850 /* letterbox.hpp */ = {isa = PBXFileReference; fileEncoding = 4; lastKnownFileType = sourcecode.cpp.h; path = letterbox.hpp; sourceTree = "<group>"; };
		381E8B34149CF7010091D850 /* editor.cpp */ = {isa = PBXFileReference; fileEncoding = 4; lastKnownFileType = sourcecode.cpp.cpp; path = editor.cpp; sourceTree = "<group>"; };
		381E8B35149CF7010091D850 /* editor.hpp */ = {isa = PBXFileReference; fileEncoding = 4; lastKnownFileType = sourcecode.cpp.h; path = editor.hpp; sourceTree = "<group>"; };
		381E8B37149CF7080091D850 /* screenbase.hpp */ = {isa = PBXFileReference; fileEncoding = 4; lastKnownFileType = sourcecode.cpp.h; path = screenbase.hpp; sourceTree = "<group>"; };
		381E8B38149CF7080091D850 /* screenbase.cpp */ = {isa = PBXFileReference; fileEncoding = 4; lastKnownFileType = sourcecode.cpp.cpp; path = screenbase.cpp; sourceTree = "<group>"; };
		382D217B11D98E5C009C8EF5 /* OpenGL.framework */ = {isa = PBXFileReference; lastKnownFileType = wrapper.framework; name = OpenGL.framework; path = /System/Library/Frameworks/OpenGL.framework; sourceTree = "<absolute>"; };
		382D218F11D98E62009C8EF5 /* AppKit.framework */ = {isa = PBXFileReference; lastKnownFileType = wrapper.framework; name = AppKit.framework; path = /System/Library/Frameworks/AppKit.framework; sourceTree = "<absolute>"; };
		382D224511D98E6A009C8EF5 /* Foundation.framework */ = {isa = PBXFileReference; lastKnownFileType = wrapper.framework; name = Foundation.framework; path = /System/Library/Frameworks/Foundation.framework; sourceTree = "<absolute>"; };
		382D22C611D98E80009C8EF5 /* ApplicationServices.framework */ = {isa = PBXFileReference; lastKnownFileType = wrapper.framework; name = ApplicationServices.framework; path = /System/Library/Frameworks/ApplicationServices.framework; sourceTree = "<absolute>"; };
		384C894714CB563800EBDB6A /* log_network.c */ = {isa = PBXFileReference; fileEncoding = 4; lastKnownFileType = sourcecode.c.c; path = log_network.c; sourceTree = "<group>"; };
		384C894C14CB565800EBDB6A /* net.h */ = {isa = PBXFileReference; fileEncoding = 4; lastKnownFileType = sourcecode.c.h; path = net.h; sourceTree = "<group>"; };
		384C894D14CB565800EBDB6A /* net.c */ = {isa = PBXFileReference; fileEncoding = 4; lastKnownFileType = sourcecode.c.c; path = net.c; sourceTree = "<group>"; };
		3852089E117434FD00640971 /* Game.app */ = {isa = PBXFileReference; explicitFileType = wrapper.application; includeInIndex = 0; path = Game.app; sourceTree = BUILT_PRODUCTS_DIR; };
		385208A1117434FD00640971 /* Game-Info.plist */ = {isa = PBXFileReference; lastKnownFileType = text.plist.xml; path = "Game-Info.plist"; sourceTree = "<group>"; };
		3852697B14C2FEA700CD7C74 /* clock.c */ = {isa = PBXFileReference; fileEncoding = 4; lastKnownFileType = sourcecode.c.c; path = clock.c; sourceTree = "<group>"; };
		3852697C14C2FEA700CD7C74 /* clock.h */ = {isa = PBXFileReference; fileEncoding = 4; lastKnownFileType = sourcecode.c.h; path = clock.h; sourceTree = "<group>"; };
		3852697D14C2FEA700CD7C74 /* configfile.c */ = {isa = PBXFileReference; fileEncoding = 4; lastKnownFileType = sourcecode.c.c; path = configfile.c; sourceTree = "<group>"; };
		3852697E14C2FEA700CD7C74 /* configfile.h */ = {isa = PBXFileReference; fileEncoding = 4; lastKnownFileType = sourcecode.c.h; path = configfile.h; sourceTree = "<group>"; };
		3852697F14C2FEA700CD7C74 /* configfile_read.c */ = {isa = PBXFileReference; fileEncoding = 4; lastKnownFileType = sourcecode.c.c; path = configfile_read.c; sourceTree = "<group>"; };
		3852698014C2FEA700CD7C74 /* cvar.c */ = {isa = PBXFileReference; fileEncoding = 4; lastKnownFileType = sourcecode.c.c; path = cvar.c; sourceTree = "<group>"; };
		3852698114C2FEA700CD7C74 /* cvar.h */ = {isa = PBXFileReference; fileEncoding = 4; lastKnownFileType = sourcecode.c.h; path = cvar.h; sourceTree = "<group>"; };
		3852698214C2FEA700CD7C74 /* dict.c */ = {isa = PBXFileReference; fileEncoding = 4; lastKnownFileType = sourcecode.c.c; path = dict.c; sourceTree = "<group>"; };
		3852698314C2FEA700CD7C74 /* dict.h */ = {isa = PBXFileReference; fileEncoding = 4; lastKnownFileType = sourcecode.c.h; path = dict.h; sourceTree = "<group>"; };
		3852698414C2FEA700CD7C74 /* entry.h */ = {isa = PBXFileReference; fileEncoding = 4; lastKnownFileType = sourcecode.c.h; path = entry.h; sourceTree = "<group>"; };
		3852698514C2FEA700CD7C74 /* error.c */ = {isa = PBXFileReference; fileEncoding = 4; lastKnownFileType = sourcecode.c.c; path = error.c; sourceTree = "<group>"; };
		3852698614C2FEA700CD7C74 /* error.h */ = {isa = PBXFileReference; fileEncoding = 4; lastKnownFileType = sourcecode.c.h; path = error.h; sourceTree = "<group>"; };
		3852698714C2FEA700CD7C74 /* event.h */ = {isa = PBXFileReference; fileEncoding = 4; lastKnownFileType = sourcecode.c.h; path = event.h; sourceTree = "<group>"; };
		3852698914C2FEA700CD7C74 /* file.h */ = {isa = PBXFileReference; fileEncoding = 4; lastKnownFileType = sourcecode.c.h; path = file.h; sourceTree = "<group>"; };
		3852698A14C2FEA700CD7C74 /* file_path.c */ = {isa = PBXFileReference; fileEncoding = 4; lastKnownFileType = sourcecode.c.c; path = file_path.c; sourceTree = "<group>"; };
		3852698B14C2FEA700CD7C74 /* hash.c */ = {isa = PBXFileReference; fileEncoding = 4; lastKnownFileType = sourcecode.c.c; path = hash.c; sourceTree = "<group>"; };
		3852698C14C2FEA700CD7C74 /* hash.h */ = {isa = PBXFileReference; fileEncoding = 4; lastKnownFileType = sourcecode.c.h; path = hash.h; sourceTree = "<group>"; };
		3852699114C2FEA700CD7C74 /* keycode.h */ = {isa = PBXFileReference; fileEncoding = 4; lastKnownFileType = sourcecode.c.h; path = keycode.h; sourceTree = "<group>"; };
		3852699414C2FEA700CD7C74 /* keyid.c */ = {isa = PBXFileReference; fileEncoding = 4; lastKnownFileType = sourcecode.c.c; path = keyid.c; sourceTree = "<group>"; };
		3852699514C2FEA700CD7C74 /* keyid.h */ = {isa = PBXFileReference; fileEncoding = 4; lastKnownFileType = sourcecode.c.h; path = keyid.h; sourceTree = "<group>"; };
		3852699614C2FEA700CD7C74 /* keytable.h */ = {isa = PBXFileReference; fileEncoding = 4; lastKnownFileType = sourcecode.c.h; path = keytable.h; sourceTree = "<group>"; };
		3852699714C2FEA700CD7C74 /* keytable_evdev.c */ = {isa = PBXFileReference; fileEncoding = 4; lastKnownFileType = sourcecode.c.c; path = keytable_evdev.c; sourceTree = "<group>"; };
		3852699814C2FEA700CD7C74 /* keytable_mac.c */ = {isa = PBXFileReference; fileEncoding = 4; lastKnownFileType = sourcecode.c.c; path = keytable_mac.c; sourceTree = "<group>"; };
		3852699914C2FEA700CD7C74 /* keytable_win.c */ = {isa = PBXFileReference; fileEncoding = 4; lastKnownFileType = sourcecode.c.c; path = keytable_win.c; sourceTree = "<group>"; };
		385269A414C2FEA700CD7C74 /* model.c */ = {isa = PBXFileReference; fileEncoding = 4; lastKnownFileType = sourcecode.c.c; path = model.c; sourceTree = "<group>"; };
		385269A514C2FEA700CD7C74 /* model.h */ = {isa = PBXFileReference; fileEncoding = 4; lastKnownFileType = sourcecode.c.h; path = model.h; sourceTree = "<group>"; };
		385269A614C2FEA700CD7C74 /* opengl.c */ = {isa = PBXFileReference; fileEncoding = 4; lastKnownFileType = sourcecode.c.c; path = opengl.c; sourceTree = "<group>"; };
		385269A714C2FEA700CD7C74 /* opengl.h */ = {isa = PBXFileReference; fileEncoding = 4; lastKnownFileType = sourcecode.c.h; path = opengl.h; sourceTree = "<group>"; };
		385269A814C2FEA700CD7C74 /* pixbuf.c */ = {isa = PBXFileReference; fileEncoding = 4; lastKnownFileType = sourcecode.c.c; path = pixbuf.c; sourceTree = "<group>"; };
		385269A914C2FEA700CD7C74 /* pixbuf.h */ = {isa = PBXFileReference; fileEncoding = 4; lastKnownFileType = sourcecode.c.h; path = pixbuf.h; sourceTree = "<group>"; };
		385269AA14C2FEA700CD7C74 /* pixbuf_loadimage.c */ = {isa = PBXFileReference; fileEncoding = 4; lastKnownFileType = sourcecode.c.c; path = pixbuf_loadimage.c; sourceTree = "<group>"; };
		385269AB14C2FEA700CD7C74 /* rand.c */ = {isa = PBXFileReference; fileEncoding = 4; lastKnownFileType = sourcecode.c.c; path = rand.c; sourceTree = "<group>"; };
		385269AC14C2FEA700CD7C74 /* rand.h */ = {isa = PBXFileReference; fileEncoding = 4; lastKnownFileType = sourcecode.c.h; path = rand.h; sourceTree = "<group>"; };
		385269AD14C2FEA700CD7C74 /* resource.c */ = {isa = PBXFileReference; fileEncoding = 4; lastKnownFileType = sourcecode.c.c; path = resource.c; sourceTree = "<group>"; };
		385269AE14C2FEA700CD7C74 /* resource.h */ = {isa = PBXFileReference; fileEncoding = 4; lastKnownFileType = sourcecode.c.h; path = resource.h; sourceTree = "<group>"; };
		385269AF14C2FEA700CD7C74 /* strbuf.c */ = {isa = PBXFileReference; fileEncoding = 4; lastKnownFileType = sourcecode.c.c; path = strbuf.c; sourceTree = "<group>"; };
		385269B014C2FEA700CD7C74 /* strbuf.h */ = {isa = PBXFileReference; fileEncoding = 4; lastKnownFileType = sourcecode.c.h; path = strbuf.h; sourceTree = "<group>"; };
		385269B114C2FEA700CD7C74 /* sys.c */ = {isa = PBXFileReference; fileEncoding = 4; lastKnownFileType = sourcecode.c.c; path = sys.c; sourceTree = "<group>"; };
		385269B214C2FEA700CD7C74 /* texture.c */ = {isa = PBXFileReference; fileEncoding = 4; lastKnownFileType = sourcecode.c.c; path = texture.c; sourceTree = "<group>"; };
		385269B314C2FEA700CD7C74 /* texture.h */ = {isa = PBXFileReference; fileEncoding = 4; lastKnownFileType = sourcecode.c.h; path = texture.h; sourceTree = "<group>"; };
		385269B414C2FEA700CD7C74 /* type.c */ = {isa = PBXFileReference; fileEncoding = 4; lastKnownFileType = sourcecode.c.c; path = type.c; sourceTree = "<group>"; };
		385269B514C2FEA700CD7C74 /* type.h */ = {isa = PBXFileReference; fileEncoding = 4; lastKnownFileType = sourcecode.c.h; path = type.h; sourceTree = "<group>"; };
		385269DF14C2FEE000CD7C74 /* gtk.c */ = {isa = PBXFileReference; fileEncoding = 4; lastKnownFileType = sourcecode.c.c; path = gtk.c; sourceTree = "<group>"; };
		385269E214C2FEE000CD7C74 /* GApplication.h */ = {isa = PBXFileReference; fileEncoding = 4; lastKnownFileType = sourcecode.c.h; path = GApplication.h; sourceTree = "<group>"; };
		385269E314C2FEE000CD7C74 /* GApplication.m */ = {isa = PBXFileReference; fileEncoding = 4; lastKnownFileType = sourcecode.c.objc; path = GApplication.m; sourceTree = "<group>"; };
		385269E414C2FEE000CD7C74 /* GController.h */ = {isa = PBXFileReference; fileEncoding = 4; lastKnownFileType = sourcecode.c.h; path = GController.h; sourceTree = "<group>"; };
		385269E514C2FEE000CD7C74 /* GController.m */ = {isa = PBXFileReference; fileEncoding = 4; lastKnownFileType = sourcecode.c.objc; path = GController.m; sourceTree = "<group>"; };
		385269E614C2FEE000CD7C74 /* GDisplay.h */ = {isa = PBXFileReference; fileEncoding = 4; lastKnownFileType = sourcecode.c.h; path = GDisplay.h; sourceTree = "<group>"; };
		385269E714C2FEE000CD7C74 /* GDisplay.m */ = {isa = PBXFileReference; fileEncoding = 4; lastKnownFileType = sourcecode.c.objc; path = GDisplay.m; sourceTree = "<group>"; };
		385269E814C2FEE000CD7C74 /* GMain.m */ = {isa = PBXFileReference; fileEncoding = 4; lastKnownFileType = sourcecode.c.objc; path = GMain.m; sourceTree = "<group>"; };
		385269E914C2FEE000CD7C74 /* GPrefix.h */ = {isa = PBXFileReference; fileEncoding = 4; lastKnownFileType = sourcecode.c.h; path = GPrefix.h; sourceTree = "<group>"; };
		385269EA14C2FEE000CD7C74 /* GView.h */ = {isa = PBXFileReference; fileEncoding = 4; lastKnownFileType = sourcecode.c.h; path = GView.h; sourceTree = "<group>"; };
		385269EB14C2FEE000CD7C74 /* GView.m */ = {isa = PBXFileReference; fileEncoding = 4; lastKnownFileType = sourcecode.c.objc; path = GView.m; sourceTree = "<group>"; };
		385269EC14C2FEE000CD7C74 /* GWindow.h */ = {isa = PBXFileReference; fileEncoding = 4; lastKnownFileType = sourcecode.c.h; path = GWindow.h; sourceTree = "<group>"; };
		385269ED14C2FEE000CD7C74 /* GWindow.m */ = {isa = PBXFileReference; fileEncoding = 4; lastKnownFileType = sourcecode.c.objc; path = GWindow.m; sourceTree = "<group>"; };
		385269EE14C2FEE000CD7C74 /* sdl.c */ = {isa = PBXFileReference; fileEncoding = 4; lastKnownFileType = sourcecode.c.c; path = sdl.c; sourceTree = "<group>"; };
		385269EF14C2FEE000CD7C74 /* windows.c */ = {isa = PBXFileReference; fileEncoding = 4; lastKnownFileType = sourcecode.c.c; path = windows.c; sourceTree = "<group>"; };
		38526A0114C2FF0600CD7C74 /* viewport.cpp */ = {isa = PBXFileReference; fileEncoding = 4; lastKnownFileType = sourcecode.cpp.cpp; path = viewport.cpp; sourceTree = "<group>"; };
		38526A0214C2FF0600CD7C74 /* viewport.hpp */ = {isa = PBXFileReference; fileEncoding = 4; lastKnownFileType = sourcecode.cpp.h; path = viewport.hpp; sourceTree = "<group>"; };
		38526A0414C2FF0E00CD7C74 /* type.hpp */ = {isa = PBXFileReference; fileEncoding = 4; lastKnownFileType = sourcecode.cpp.h; path = type.hpp; sourceTree = "<group>"; };
		38526A0514C2FF1700CD7C74 /* rand.hpp */ = {isa = PBXFileReference; fileEncoding = 4; lastKnownFileType = sourcecode.cpp.h; path = rand.hpp; sourceTree = "<group>"; };
		38709EC61330A5A200DA858D /* buffer.hpp */ = {isa = PBXFileReference; fileEncoding = 4; lastKnownFileType = sourcecode.cpp.h; path = buffer.hpp; sourceTree = "<group>"; };
		38709ED51330A5A200DA858D /* sharedref.hpp */ = {isa = PBXFileReference; fileEncoding = 4; lastKnownFileType = sourcecode.cpp.h; path = sharedref.hpp; sourceTree = "<group>"; };
		3871E296141ACAF7000DF3D6 /* MainMenu.xib */ = {isa = PBXFileReference; lastKnownFileType = file.xib; path = MainMenu.xib; sourceTree = "<group>"; };
		388A9CD114B9787800036448 /* error.cpp */ = {isa = PBXFileReference; fileEncoding = 4; lastKnownFileType = sourcecode.cpp.cpp; path = error.cpp; sourceTree = "<group>"; };
		388A9CD214B9787800036448 /* error.hpp */ = {isa = PBXFileReference; fileEncoding = 4; lastKnownFileType = sourcecode.cpp.h; path = error.hpp; sourceTree = "<group>"; };
		388A9CD514B9787E00036448 /* file.cpp */ = {isa = PBXFileReference; fileEncoding = 4; lastKnownFileType = sourcecode.cpp.cpp; path = file.cpp; sourceTree = "<group>"; };
		388A9CD614B9787E00036448 /* file.hpp */ = {isa = PBXFileReference; fileEncoding = 4; lastKnownFileType = sourcecode.cpp.h; path = file.hpp; sourceTree = "<group>"; };
		389F7FCC141D4ECD00123790 /* CoreVideo.framework */ = {isa = PBXFileReference; lastKnownFileType = wrapper.framework; name = CoreVideo.framework; path = /System/Library/Frameworks/CoreVideo.framework; sourceTree = "<absolute>"; };
		38A1F1E814CB930000901856 /* version_str.c */ = {isa = PBXFileReference; fileEncoding = 4; lastKnownFileType = sourcecode.c.c; path = version_str.c; sourceTree = "<group>"; };
		38A1F1E914CB930000901856 /* version.c */ = {isa = PBXFileReference; fileEncoding = 4; lastKnownFileType = sourcecode.c.c; path = version.c; sourceTree = "<group>"; };
		38A1F1EA14CB930000901856 /* version.h */ = {isa = PBXFileReference; fileEncoding = 4; lastKnownFileType = sourcecode.c.h; path = version.h; sourceTree = "<group>"; };
		38A1F1F514CB978600901856 /* CoreServices.framework */ = {isa = PBXFileReference; lastKnownFileType = wrapper.framework; name = CoreServices.framework; path = /System/Library/Frameworks/CoreServices.framework; sourceTree = "<absolute>"; };
		38A2E8611499D08300A820A9 /* color.hpp */ = {isa = PBXFileReference; fileEncoding = 4; lastKnownFileType = sourcecode.cpp.h; path = color.hpp; sourceTree = "<group>"; };
		38A2E8621499D08300A820A9 /* dummytexture.cpp */ = {isa = PBXFileReference; fileEncoding = 4; lastKnownFileType = sourcecode.cpp.cpp; path = dummytexture.cpp; sourceTree = "<group>"; };
		38A2E8631499D08300A820A9 /* dummytexture.hpp */ = {isa = PBXFileReference; fileEncoding = 4; lastKnownFileType = sourcecode.cpp.h; path = dummytexture.hpp; sourceTree = "<group>"; };
		38A2E8741499D08300A820A9 /* model.cpp */ = {isa = PBXFileReference; fileEncoding = 4; lastKnownFileType = sourcecode.cpp.cpp; path = model.cpp; sourceTree = "<group>"; };
		38A2E8751499D08300A820A9 /* model.hpp */ = {isa = PBXFileReference; fileEncoding = 4; lastKnownFileType = sourcecode.cpp.h; path = model.hpp; sourceTree = "<group>"; };
		38A2E8761499D08300A820A9 /* opengl.hpp */ = {isa = PBXFileReference; fileEncoding = 4; lastKnownFileType = sourcecode.cpp.h; path = opengl.hpp; sourceTree = "<group>"; };
		38A2E8781499D08300A820A9 /* group.cpp */ = {isa = PBXFileReference; fileEncoding = 4; lastKnownFileType = sourcecode.cpp.cpp; path = group.cpp; sourceTree = "<group>"; };
		38A2E8791499D08300A820A9 /* group.hpp */ = {isa = PBXFileReference; fileEncoding = 4; lastKnownFileType = sourcecode.cpp.h; path = group.hpp; sourceTree = "<group>"; };
		38A2E87A1499D08300A820A9 /* leafobject.cpp */ = {isa = PBXFileReference; fileEncoding = 4; lastKnownFileType = sourcecode.cpp.cpp; path = leafobject.cpp; sourceTree = "<group>"; };
		38A2E87B1499D08300A820A9 /* leafobject.hpp */ = {isa = PBXFileReference; fileEncoding = 4; lastKnownFileType = sourcecode.cpp.h; path = leafobject.hpp; sourceTree = "<group>"; };
		38A2E87C1499D08300A820A9 /* object.cpp */ = {isa = PBXFileReference; fileEncoding = 4; lastKnownFileType = sourcecode.cpp.cpp; path = object.cpp; sourceTree = "<group>"; };
		38A2E87D1499D08300A820A9 /* object.hpp */ = {isa = PBXFileReference; fileEncoding = 4; lastKnownFileType = sourcecode.cpp.h; path = object.hpp; sourceTree = "<group>"; };
		38A2E87E1499D08300A820A9 /* texture.cpp */ = {isa = PBXFileReference; fileEncoding = 4; lastKnownFileType = sourcecode.cpp.cpp; path = texture.cpp; sourceTree = "<group>"; };
		38A2E87F1499D08300A820A9 /* texture.hpp */ = {isa = PBXFileReference; fileEncoding = 4; lastKnownFileType = sourcecode.cpp.h; path = texture.hpp; sourceTree = "<group>"; };
		38A2E8801499D08300A820A9 /* texturefile.cpp */ = {isa = PBXFileReference; fileEncoding = 4; lastKnownFileType = sourcecode.cpp.cpp; path = texturefile.cpp; sourceTree = "<group>"; };
		38A2E8811499D08300A820A9 /* texturefile.hpp */ = {isa = PBXFileReference; fileEncoding = 4; lastKnownFileType = sourcecode.cpp.h; path = texturefile.hpp; sourceTree = "<group>"; };
		38A2E88D1499D08300A820A9 /* action.hpp */ = {isa = PBXFileReference; fileEncoding = 4; lastKnownFileType = sourcecode.cpp.h; path = action.hpp; sourceTree = "<group>"; };
		38A2E88E1499D08300A820A9 /* button.cpp */ = {isa = PBXFileReference; fileEncoding = 4; lastKnownFileType = sourcecode.cpp.cpp; path = button.cpp; sourceTree = "<group>"; };
		38A2E88F1499D08300A820A9 /* button.hpp */ = {isa = PBXFileReference; fileEncoding = 4; lastKnownFileType = sourcecode.cpp.h; path = button.hpp; sourceTree = "<group>"; };
		38A2E8901499D08300A820A9 /* event.hpp */ = {isa = PBXFileReference; fileEncoding = 4; lastKnownFileType = sourcecode.cpp.h; path = event.hpp; sourceTree = "<group>"; };
		38A2E8911499D08300A820A9 /* geometry.hpp */ = {isa = PBXFileReference; fileEncoding = 4; lastKnownFileType = sourcecode.cpp.h; path = geometry.hpp; sourceTree = "<group>"; };
		38A2E8921499D08300A820A9 /* menu.cpp */ = {isa = PBXFileReference; fileEncoding = 4; lastKnownFileType = sourcecode.cpp.cpp; path = menu.cpp; sourceTree = "<group>"; };
		38A2E8931499D08300A820A9 /* menu.hpp */ = {isa = PBXFileReference; fileEncoding = 4; lastKnownFileType = sourcecode.cpp.h; path = menu.hpp; sourceTree = "<group>"; };
		38A2E8941499D08300A820A9 /* mousemanager.cpp */ = {isa = PBXFileReference; fileEncoding = 4; lastKnownFileType = sourcecode.cpp.cpp; path = mousemanager.cpp; sourceTree = "<group>"; };
		38A2E8951499D08300A820A9 /* mousemanager.hpp */ = {isa = PBXFileReference; fileEncoding = 4; lastKnownFileType = sourcecode.cpp.h; path = mousemanager.hpp; sourceTree = "<group>"; };
		38A2E8961499D08300A820A9 /* screen.cpp */ = {isa = PBXFileReference; fileEncoding = 4; lastKnownFileType = sourcecode.cpp.cpp; path = screen.cpp; sourceTree = "<group>"; };
		38A2E8971499D08300A820A9 /* screen.hpp */ = {isa = PBXFileReference; fileEncoding = 4; lastKnownFileType = sourcecode.cpp.h; path = screen.hpp; sourceTree = "<group>"; };
		38A2E8981499D08300A820A9 /* widget.cpp */ = {isa = PBXFileReference; fileEncoding = 4; lastKnownFileType = sourcecode.cpp.cpp; path = widget.cpp; sourceTree = "<group>"; };
		38A2E8991499D08300A820A9 /* widget.hpp */ = {isa = PBXFileReference; fileEncoding = 4; lastKnownFileType = sourcecode.cpp.h; path = widget.hpp; sourceTree = "<group>"; };
		38A2E924149A51C700A820A9 /* keymanager.cpp */ = {isa = PBXFileReference; fileEncoding = 4; lastKnownFileType = sourcecode.cpp.cpp; path = keymanager.cpp; sourceTree = "<group>"; };
		38A2E925149A51C700A820A9 /* keymanager.hpp */ = {isa = PBXFileReference; fileEncoding = 4; lastKnownFileType = sourcecode.cpp.h; path = keymanager.hpp; sourceTree = "<group>"; };
		38A2ECD01495EBA700772423 /* Carbon.framework */ = {isa = PBXFileReference; lastKnownFileType = wrapper.framework; name = Carbon.framework; path = /System/Library/Frameworks/Carbon.framework; sourceTree = "<absolute>"; };
		38B36A69149EB6400056537E /* effect.cpp */ = {isa = PBXFileReference; fileEncoding = 4; lastKnownFileType = sourcecode.cpp.cpp; path = effect.cpp; sourceTree = "<group>"; };
		38B36A6A149EB6400056537E /* effect.hpp */ = {isa = PBXFileReference; fileEncoding = 4; lastKnownFileType = sourcecode.cpp.h; path = effect.hpp; sourceTree = "<group>"; };
		38B36A6B149EB6400056537E /* endwalk.cpp */ = {isa = PBXFileReference; fileEncoding = 4; lastKnownFileType = sourcecode.cpp.cpp; path = endwalk.cpp; sourceTree = "<group>"; };
		38B36A6C149EB6400056537E /* endwalk.hpp */ = {isa = PBXFileReference; fileEncoding = 4; lastKnownFileType = sourcecode.cpp.h; path = endwalk.hpp; sourceTree = "<group>"; };
		38B36A6D149EB6400056537E /* item.cpp */ = {isa = PBXFileReference; fileEncoding = 4; lastKnownFileType = sourcecode.cpp.cpp; path = item.cpp; sourceTree = "<group>"; };
		38B36A6E149EB6400056537E /* item.hpp */ = {isa = PBXFileReference; fileEncoding = 4; lastKnownFileType = sourcecode.cpp.h; path = item.hpp; sourceTree = "<group>"; };
		38B36A6F149EB6400056537E /* level.cpp */ = {isa = PBXFileReference; fileEncoding = 4; lastKnownFileType = sourcecode.cpp.cpp; path = level.cpp; sourceTree = "<group>"; };
		38B36A70149EB6400056537E /* level.hpp */ = {isa = PBXFileReference; fileEncoding = 4; lastKnownFileType = sourcecode.cpp.h; path = level.hpp; sourceTree = "<group>"; };
		38B36A71149EB6400056537E /* mover.hpp */ = {isa = PBXFileReference; fileEncoding = 4; lastKnownFileType = sourcecode.cpp.h; path = mover.hpp; sourceTree = "<group>"; };
		38B36A72149EB6400056537E /* other.cpp */ = {isa = PBXFileReference; fileEncoding = 4; lastKnownFileType = sourcecode.cpp.cpp; path = other.cpp; sourceTree = "<group>"; };
		38B36A73149EB6400056537E /* other.hpp */ = {isa = PBXFileReference; fileEncoding = 4; lastKnownFileType = sourcecode.cpp.h; path = other.hpp; sourceTree = "<group>"; };
		38B36A74149EB6400056537E /* mover.cpp */ = {isa = PBXFileReference; fileEncoding = 4; lastKnownFileType = sourcecode.cpp.cpp; path = mover.cpp; sourceTree = "<group>"; };
		38B36A7B149EB6550056537E /* thinker.cpp */ = {isa = PBXFileReference; fileEncoding = 4; lastKnownFileType = sourcecode.cpp.cpp; path = thinker.cpp; sourceTree = "<group>"; };
		38B36A7C149EB6550056537E /* thinker.hpp */ = {isa = PBXFileReference; fileEncoding = 4; lastKnownFileType = sourcecode.cpp.h; path = thinker.hpp; sourceTree = "<group>"; };
		38B36A7D149EB6550056537E /* tileset.cpp */ = {isa = PBXFileReference; fileEncoding = 4; lastKnownFileType = sourcecode.cpp.cpp; path = tileset.cpp; sourceTree = "<group>"; };
		38B36A7E149EB6550056537E /* tileset.hpp */ = {isa = PBXFileReference; fileEncoding = 4; lastKnownFileType = sourcecode.cpp.h; path = tileset.hpp; sourceTree = "<group>"; };
		38B36A90149EB67A0056537E /* bitmapfont.hpp */ = {isa = PBXFileReference; fileEncoding = 4; lastKnownFileType = sourcecode.cpp.h; path = bitmapfont.hpp; sourceTree = "<group>"; };
		38B36A91149EB67A0056537E /* bitmapfont.cpp */ = {isa = PBXFileReference; fileEncoding = 4; lastKnownFileType = sourcecode.cpp.cpp; path = bitmapfont.cpp; sourceTree = "<group>"; };
		38FC2D5E14C59BFD002E9D02 /* file_impl.h */ = {isa = PBXFileReference; fileEncoding = 4; lastKnownFileType = sourcecode.c.h; path = file_impl.h; sourceTree = "<group>"; };
		38FC2D5F14C59BFD002E9D02 /* file_norm.c */ = {isa = PBXFileReference; fileEncoding = 4; lastKnownFileType = sourcecode.c.c; path = file_norm.c; sourceTree = "<group>"; };
		38FC2D6114C59BFD002E9D02 /* file_posix.c */ = {isa = PBXFileReference; fileEncoding = 4; lastKnownFileType = sourcecode.c.c; path = file_posix.c; sourceTree = "<group>"; };
		38FC2D6214C59BFD002E9D02 /* file_read.c */ = {isa = PBXFileReference; fileEncoding = 4; lastKnownFileType = sourcecode.c.c; path = file_read.c; sourceTree = "<group>"; };
		38FC2D6314C59BFD002E9D02 /* file_win.c */ = {isa = PBXFileReference; fileEncoding = 4; lastKnownFileType = sourcecode.c.c; path = file_win.c; sourceTree = "<group>"; };
		38FC2D7114C59C2D002E9D02 /* pixbuf_coregraphics.c */ = {isa = PBXFileReference; fileEncoding = 4; lastKnownFileType = sourcecode.c.c; path = pixbuf_coregraphics.c; sourceTree = "<group>"; };
		38FC2D7214C59C2D002E9D02 /* pixbuf_libjpeg.c */ = {isa = PBXFileReference; fileEncoding = 4; lastKnownFileType = sourcecode.c.c; path = pixbuf_libjpeg.c; sourceTree = "<group>"; };
		38FC2D7314C59C2D002E9D02 /* pixbuf_libpng.c */ = {isa = PBXFileReference; fileEncoding = 4; lastKnownFileType = sourcecode.c.c; path = pixbuf_libpng.c; sourceTree = "<group>"; };
		38FC2D8C14C5A422002E9D02 /* type_coretext.c */ = {isa = PBXFileReference; fileEncoding = 4; lastKnownFileType = sourcecode.c.c; path = type_coretext.c; sourceTree = "<group>"; };
		38FC2D8D14C5A422002E9D02 /* type_impl.h */ = {isa = PBXFileReference; fileEncoding = 4; lastKnownFileType = sourcecode.c.h; path = type_impl.h; sourceTree = "<group>"; };
		38FC2D8E14C5A422002E9D02 /* type_pango.c */ = {isa = PBXFileReference; fileEncoding = 4; lastKnownFileType = sourcecode.c.c; path = type_pango.c; sourceTree = "<group>"; };
		38FC2D8F14C5A422002E9D02 /* type_win.c */ = {isa = PBXFileReference; fileEncoding = 4; lastKnownFileType = sourcecode.c.c; path = type_win.c; sourceTree = "<group>"; };
		38FE66AF14CA128600EAE6BA /* log_console.c */ = {isa = PBXFileReference; fileEncoding = 4; lastKnownFileType = sourcecode.c.c; path = log_console.c; sourceTree = "<group>"; };
		38FE66B014CA128600EAE6BA /* log_impl.h */ = {isa = PBXFileReference; fileEncoding = 4; lastKnownFileType = sourcecode.c.h; path = log_impl.h; sourceTree = "<group>"; };
		38FE66B114CA128600EAE6BA /* log.c */ = {isa = PBXFileReference; fileEncoding = 4; lastKnownFileType = sourcecode.c.c; path = log.c; sourceTree = "<group>"; };
		38FE66B214CA128600EAE6BA /* log.h */ = {isa = PBXFileReference; fileEncoding = 4; lastKnownFileType = sourcecode.c.h; path = log.h; sourceTree = "<group>"; };
/* End PBXFileReference section */

/* Begin PBXFrameworksBuildPhase section */
		3852089C117434FD00640971 /* Frameworks */ = {
			isa = PBXFrameworksBuildPhase;
			buildActionMask = 2147483647;
			files = (
				382D217C11D98E5C009C8EF5 /* OpenGL.framework in Frameworks */,
				382D219011D98E62009C8EF5 /* AppKit.framework in Frameworks */,
				382D224611D98E6A009C8EF5 /* Foundation.framework in Frameworks */,
				382D22C711D98E80009C8EF5 /* ApplicationServices.framework in Frameworks */,
				389F7FCD141D4ECD00123790 /* CoreVideo.framework in Frameworks */,
				38A2ECD11495EBA700772423 /* Carbon.framework in Frameworks */,
				38A1F1F614CB978600901856 /* CoreServices.framework in Frameworks */,
			);
			runOnlyForDeploymentPostprocessing = 0;
		};
/* End PBXFrameworksBuildPhase section */

/* Begin PBXGroup section */
		3813312914141F8600B8CE5B /* space */ = {
			isa = PBXGroup;
			children = (
				3813312A14141F8600B8CE5B /* entity.cpp */,
				3813312B14141F8600B8CE5B /* entity.hpp */,
				3813312C14141F8600B8CE5B /* gamescreen.cpp */,
				3813312D14141F8600B8CE5B /* gamescreen.hpp */,
				3813312E14141F8600B8CE5B /* main.cpp */,
				3813312F14141F8600B8CE5B /* player.cpp */,
				3813313014141F8600B8CE5B /* player.hpp */,
				3813313114141F8600B8CE5B /* random.cpp */,
				3813313214141F8600B8CE5B /* random.hpp */,
				3813313314141F8600B8CE5B /* scenery.cpp */,
				3813313414141F8600B8CE5B /* scenery.hpp */,
				3813313514141F8600B8CE5B /* shapes.cpp */,
				3813313614141F8600B8CE5B /* shapes.hpp */,
				3813313714141F8600B8CE5B /* ship.cpp */,
				3813313814141F8600B8CE5B /* ship.hpp */,
				3813313914141F8600B8CE5B /* shot.cpp */,
				3813313A14141F8600B8CE5B /* shot.hpp */,
				3813313B14141F8600B8CE5B /* stars.cpp */,
				3813313C14141F8600B8CE5B /* stars.hpp */,
				3813313D14141F8600B8CE5B /* thinker.cpp */,
				3813313E14141F8600B8CE5B /* thinker.hpp */,
				3813313F14141F8600B8CE5B /* vector.hpp */,
				3813314014141F8600B8CE5B /* world.cpp */,
				3813314114141F8600B8CE5B /* world.hpp */,
			);
			path = space;
			sourceTree = "<group>";
		};
		3813314214141F8600B8CE5B /* tank */ = {
			isa = PBXGroup;
			children = (
				3813314314141F8600B8CE5B /* explosion.cpp */,
				3813314414141F8600B8CE5B /* explosion.hpp */,
				3813314514141F8600B8CE5B /* gamescreen.cpp */,
				3813314614141F8600B8CE5B /* gamescreen.hpp */,
				3813314714141F8600B8CE5B /* object.cpp */,
				3813314814141F8600B8CE5B /* object.hpp */,
				3813314914141F8600B8CE5B /* obstacle.cpp */,
				3813314A14141F8600B8CE5B /* obstacle.hpp */,
				3813314B14141F8600B8CE5B /* player.cpp */,
				3813314C14141F8600B8CE5B /* player.hpp */,
				3813314D14141F8600B8CE5B /* shot.cpp */,
				3813314E14141F8600B8CE5B /* shot.hpp */,
				3813314F14141F8600B8CE5B /* world.cpp */,
				3813315014141F8600B8CE5B /* world.hpp */,
			);
			path = tank;
			sourceTree = "<group>";
		};
		381E8AB2149C6B540091D850 /* ld22 */ = {
			isa = PBXGroup;
			children = (
				381E8AB3149C6B540091D850 /* actor.cpp */,
				381E8AB4149C6B540091D850 /* actor.hpp */,
				381E8AB5149C6B540091D850 /* area.cpp */,
				381E8AB6149C6B540091D850 /* area.hpp */,
				381E8AD6149C879F0091D850 /* background.cpp */,
				381E8AD7149C879F0091D850 /* background.hpp */,
				381E8AB7149C6B540091D850 /* defs.hpp */,
				381E8B34149CF7010091D850 /* editor.cpp */,
				381E8B35149CF7010091D850 /* editor.hpp */,
				38B36A69149EB6400056537E /* effect.cpp */,
				38B36A6A149EB6400056537E /* effect.hpp */,
				38B36A6B149EB6400056537E /* endwalk.cpp */,
				38B36A6C149EB6400056537E /* endwalk.hpp */,
				38B36A6D149EB6400056537E /* item.cpp */,
				38B36A6E149EB6400056537E /* item.hpp */,
				38B36A6F149EB6400056537E /* level.cpp */,
				38B36A70149EB6400056537E /* level.hpp */,
				38B36A71149EB6400056537E /* mover.hpp */,
				38B36A72149EB6400056537E /* other.cpp */,
				38B36A73149EB6400056537E /* other.hpp */,
				38B36A74149EB6400056537E /* mover.cpp */,
				381E8AB8149C6B540091D850 /* player.cpp */,
				381E8AB9149C6B540091D850 /* player.hpp */,
				381E8ABA149C6B540091D850 /* screen.cpp */,
				381E8ABB149C6B540091D850 /* screen.hpp */,
				381E8B37149CF7080091D850 /* screenbase.hpp */,
				381E8B38149CF7080091D850 /* screenbase.cpp */,
				38B36A7B149EB6550056537E /* thinker.cpp */,
				38B36A7C149EB6550056537E /* thinker.hpp */,
				38B36A7D149EB6550056537E /* tileset.cpp */,
				38B36A7E149EB6550056537E /* tileset.hpp */,
				381E8AD9149C87A30091D850 /* walker.hpp */,
				381E8ADA149C87A30091D850 /* walker.cpp */,
			);
			path = ld22;
			sourceTree = "<group>";
		};
		382C270D12119CA10048F4BF /* game */ = {
			isa = PBXGroup;
			children = (
				381E8AB2149C6B540091D850 /* ld22 */,
				3813312914141F8600B8CE5B /* space */,
				3813314214141F8600B8CE5B /* tank */,
			);
			path = game;
			sourceTree = "<group>";
		};
		382D217911D98E4C009C8EF5 /* frameworks */ = {
			isa = PBXGroup;
			children = (
				382D218F11D98E62009C8EF5 /* AppKit.framework */,
				382D224511D98E6A009C8EF5 /* Foundation.framework */,
				382D217B11D98E5C009C8EF5 /* OpenGL.framework */,
				382D22C611D98E80009C8EF5 /* ApplicationServices.framework */,
				389F7FCC141D4ECD00123790 /* CoreVideo.framework */,
				38A2ECD01495EBA700772423 /* Carbon.framework */,
				38A1F1F514CB978600901856 /* CoreServices.framework */,
			);
			name = frameworks;
			sourceTree = "<group>";
		};
		38520882117432D900640971 = {
			isa = PBXGroup;
			children = (
				382D217911D98E4C009C8EF5 /* frameworks */,
				385208AC11743F5000640971 /* mac */,
				385208A911743F4100640971 /* src */,
				3852089F117434FD00640971 /* Products */,
			);
			sourceTree = "<group>";
		};
		3852089F117434FD00640971 /* Products */ = {
			isa = PBXGroup;
			children = (
				3852089E117434FD00640971 /* Game.app */,
			);
			name = Products;
			sourceTree = "<group>";
		};
		385208A911743F4100640971 /* src */ = {
			isa = PBXGroup;
			children = (
				3852697914C2FEA700CD7C74 /* base */,
				38A2E8601499D08300A820A9 /* client */,
				382C270D12119CA10048F4BF /* game */,
				385269DE14C2FEE000CD7C74 /* platform */,
				38709EC41330A5A200DA858D /* sys */,
			);
			path = src;
			sourceTree = SOURCE_ROOT;
			usesTabs = 0;
		};
		385208AC11743F5000640971 /* mac */ = {
			isa = PBXGroup;
			children = (
				385208A1117434FD00640971 /* Game-Info.plist */,
				3871E296141ACAF7000DF3D6 /* MainMenu.xib */,
			);
			path = mac;
			sourceTree = "<group>";
			usesTabs = 0;
		};
		3852697914C2FEA700CD7C74 /* base */ = {
			isa = PBXGroup;
			children = (
				3852697B14C2FEA700CD7C74 /* clock.c */,
				3852697C14C2FEA700CD7C74 /* clock.h */,
				3852697D14C2FEA700CD7C74 /* configfile.c */,
				3852697E14C2FEA700CD7C74 /* configfile.h */,
				3852697F14C2FEA700CD7C74 /* configfile_read.c */,
				3852698014C2FEA700CD7C74 /* cvar.c */,
				3852698114C2FEA700CD7C74 /* cvar.h */,
				3852698214C2FEA700CD7C74 /* dict.c */,
				3852698314C2FEA700CD7C74 /* dict.h */,
				3852698414C2FEA700CD7C74 /* entry.h */,
				3852698514C2FEA700CD7C74 /* error.c */,
				3852698614C2FEA700CD7C74 /* error.h */,
				3852698714C2FEA700CD7C74 /* event.h */,
				3852698914C2FEA700CD7C74 /* file.h */,
				38FC2D5E14C59BFD002E9D02 /* file_impl.h */,
				38FC2D5F14C59BFD002E9D02 /* file_norm.c */,
				3852698A14C2FEA700CD7C74 /* file_path.c */,
				38FC2D6114C59BFD002E9D02 /* file_posix.c */,
				38FC2D6214C59BFD002E9D02 /* file_read.c */,
				38FC2D6314C59BFD002E9D02 /* file_win.c */,
				3852698B14C2FEA700CD7C74 /* hash.c */,
				3852698C14C2FEA700CD7C74 /* hash.h */,
				3852698D14C2FEA700CD7C74 /* keycode */,
				38FE66AF14CA128600EAE6BA /* log_console.c */,
				38FE66B014CA128600EAE6BA /* log_impl.h */,
				384C894714CB563800EBDB6A /* log_network.c */,
				38FE66B114CA128600EAE6BA /* log.c */,
				38FE66B214CA128600EAE6BA /* log.h */,
				385269A414C2FEA700CD7C74 /* model.c */,
				385269A514C2FEA700CD7C74 /* model.h */,
				384C894C14CB565800EBDB6A /* net.h */,
				384C894D14CB565800EBDB6A /* net.c */,
				385269A614C2FEA700CD7C74 /* opengl.c */,
				385269A714C2FEA700CD7C74 /* opengl.h */,
				385269A814C2FEA700CD7C74 /* pixbuf.c */,
				385269A914C2FEA700CD7C74 /* pixbuf.h */,
				38FC2D7114C59C2D002E9D02 /* pixbuf_coregraphics.c */,
				38FC2D7214C59C2D002E9D02 /* pixbuf_libjpeg.c */,
				38FC2D7314C59C2D002E9D02 /* pixbuf_libpng.c */,
				385269AA14C2FEA700CD7C74 /* pixbuf_loadimage.c */,
				385269AB14C2FEA700CD7C74 /* rand.c */,
				385269AC14C2FEA700CD7C74 /* rand.h */,
				385269AD14C2FEA700CD7C74 /* resource.c */,
				385269AE14C2FEA700CD7C74 /* resource.h */,
				385269AF14C2FEA700CD7C74 /* strbuf.c */,
				385269B014C2FEA700CD7C74 /* strbuf.h */,
				385269B114C2FEA700CD7C74 /* sys.c */,
				385269B214C2FEA700CD7C74 /* texture.c */,
				385269B314C2FEA700CD7C74 /* texture.h */,
				385269B414C2FEA700CD7C74 /* type.c */,
				385269B514C2FEA700CD7C74 /* type.h */,
				38FC2D8C14C5A422002E9D02 /* type_coretext.c */,
				38FC2D8D14C5A422002E9D02 /* type_impl.h */,
				38FC2D8E14C5A422002E9D02 /* type_pango.c */,
				38FC2D8F14C5A422002E9D02 /* type_win.c */,
				38A1F1E814CB930000901856 /* version_str.c */,
				38A1F1E914CB930000901856 /* version.c */,
				38A1F1EA14CB930000901856 /* version.h */,
			);
			path = base;
			sourceTree = "<group>";
		};
		3852698D14C2FEA700CD7C74 /* keycode */ = {
			isa = PBXGroup;
			children = (
				3852699114C2FEA700CD7C74 /* keycode.h */,
				3852699414C2FEA700CD7C74 /* keyid.c */,
				3852699514C2FEA700CD7C74 /* keyid.h */,
				3852699614C2FEA700CD7C74 /* keytable.h */,
				3852699714C2FEA700CD7C74 /* keytable_evdev.c */,
				3852699814C2FEA700CD7C74 /* keytable_mac.c */,
				3852699914C2FEA700CD7C74 /* keytable_win.c */,
			);
			path = keycode;
			sourceTree = "<group>";
		};
		385269DE14C2FEE000CD7C74 /* platform */ = {
			isa = PBXGroup;
			children = (
				385269DF14C2FEE000CD7C74 /* gtk.c */,
				385269E014C2FEE000CD7C74 /* macosx */,
				385269EE14C2FEE000CD7C74 /* sdl.c */,
				385269EF14C2FEE000CD7C74 /* windows.c */,
			);
			path = platform;
			sourceTree = "<group>";
		};
		385269E014C2FEE000CD7C74 /* macosx */ = {
			isa = PBXGroup;
			children = (
				385269E214C2FEE000CD7C74 /* GApplication.h */,
				385269E314C2FEE000CD7C74 /* GApplication.m */,
				385269E414C2FEE000CD7C74 /* GController.h */,
				385269E514C2FEE000CD7C74 /* GController.m */,
				385269E614C2FEE000CD7C74 /* GDisplay.h */,
				385269E714C2FEE000CD7C74 /* GDisplay.m */,
				385269E814C2FEE000CD7C74 /* GMain.m */,
				385269E914C2FEE000CD7C74 /* GPrefix.h */,
				385269EA14C2FEE000CD7C74 /* GView.h */,
				385269EB14C2FEE000CD7C74 /* GView.m */,
				385269EC14C2FEE000CD7C74 /* GWindow.h */,
				385269ED14C2FEE000CD7C74 /* GWindow.m */,
			);
			path = macosx;
			sourceTree = "<group>";
		};
		38709EC41330A5A200DA858D /* sys */ = {
			isa = PBXGroup;
			children = (
				38709EC61330A5A200DA858D /* buffer.hpp */,
				388A9CD114B9787800036448 /* error.cpp */,
				388A9CD214B9787800036448 /* error.hpp */,
				388A9CD514B9787E00036448 /* file.cpp */,
				388A9CD614B9787E00036448 /* file.hpp */,
				38709ED51330A5A200DA858D /* sharedref.hpp */,
			);
			path = sys;
			sourceTree = "<group>";
		};
		38A2E8601499D08300A820A9 /* client */ = {
			isa = PBXGroup;
			children = (
				38B36A90149EB67A0056537E /* bitmapfont.hpp */,
				38B36A91149EB67A0056537E /* bitmapfont.cpp */,
				38A2E8611499D08300A820A9 /* color.hpp */,
				38A2E8621499D08300A820A9 /* dummytexture.cpp */,
				38A2E8631499D08300A820A9 /* dummytexture.hpp */,
				381E8B2E149CF6E00091D850 /* letterbox.cpp */,
				381E8B2F149CF6E00091D850 /* letterbox.hpp */,
				38A2E8741499D08300A820A9 /* model.cpp */,
				38A2E8751499D08300A820A9 /* model.hpp */,
				38A2E8761499D08300A820A9 /* opengl.hpp */,
				38526A0514C2FF1700CD7C74 /* rand.hpp */,
				38A2E8771499D08300A820A9 /* scene */,
				38A2E87E1499D08300A820A9 /* texture.cpp */,
				38A2E87F1499D08300A820A9 /* texture.hpp */,
				38A2E8801499D08300A820A9 /* texturefile.cpp */,
				38A2E8811499D08300A820A9 /* texturefile.hpp */,
				38526A0414C2FF0E00CD7C74 /* type.hpp */,
				38A2E88C1499D08300A820A9 /* ui */,
				38526A0114C2FF0600CD7C74 /* viewport.cpp */,
				38526A0214C2FF0600CD7C74 /* viewport.hpp */,
			);
			path = client;
			sourceTree = "<group>";
		};
		38A2E8771499D08300A820A9 /* scene */ = {
			isa = PBXGroup;
			children = (
				38A2E8781499D08300A820A9 /* group.cpp */,
				38A2E8791499D08300A820A9 /* group.hpp */,
				38A2E87A1499D08300A820A9 /* leafobject.cpp */,
				38A2E87B1499D08300A820A9 /* leafobject.hpp */,
				38A2E87C1499D08300A820A9 /* object.cpp */,
				38A2E87D1499D08300A820A9 /* object.hpp */,
			);
			path = scene;
			sourceTree = "<group>";
		};
		38A2E88C1499D08300A820A9 /* ui */ = {
			isa = PBXGroup;
			children = (
				38A2E88D1499D08300A820A9 /* action.hpp */,
				38A2E88E1499D08300A820A9 /* button.cpp */,
				38A2E88F1499D08300A820A9 /* button.hpp */,
				38A2E8901499D08300A820A9 /* event.hpp */,
				38A2E8911499D08300A820A9 /* geometry.hpp */,
				38A2E924149A51C700A820A9 /* keymanager.cpp */,
				38A2E925149A51C700A820A9 /* keymanager.hpp */,
				38A2E8921499D08300A820A9 /* menu.cpp */,
				38A2E8931499D08300A820A9 /* menu.hpp */,
				38A2E8941499D08300A820A9 /* mousemanager.cpp */,
				38A2E8951499D08300A820A9 /* mousemanager.hpp */,
				38A2E8961499D08300A820A9 /* screen.cpp */,
				38A2E8971499D08300A820A9 /* screen.hpp */,
				38A2E8981499D08300A820A9 /* widget.cpp */,
				38A2E8991499D08300A820A9 /* widget.hpp */,
			);
			path = ui;
			sourceTree = "<group>";
		};
/* End PBXGroup section */

/* Begin PBXNativeTarget section */
		3852089D117434FD00640971 /* Game */ = {
			isa = PBXNativeTarget;
			buildConfigurationList = 385208A4117434FF00640971 /* Build configuration list for PBXNativeTarget "Game" */;
			buildPhases = (
				3852089A117434FD00640971 /* Resources */,
				3852089B117434FD00640971 /* Sources */,
				3852089C117434FD00640971 /* Frameworks */,
			);
			buildRules = (
			);
			dependencies = (
			);
			name = Game;
			productName = Game;
			productReference = 3852089E117434FD00640971 /* Game.app */;
			productType = "com.apple.product-type.application";
		};
/* End PBXNativeTarget section */

/* Begin PBXProject section */
		38520884117432D900640971 /* Project object */ = {
			isa = PBXProject;
			buildConfigurationList = 38520887117432D900640971 /* Build configuration list for PBXProject "game" */;
			compatibilityVersion = "Xcode 2.4";
			hasScannedForEncodings = 0;
			mainGroup = 38520882117432D900640971;
			productRefGroup = 3852089F117434FD00640971 /* Products */;
			projectDirPath = "";
			projectRoot = "";
			targets = (
				3852089D117434FD00640971 /* Game */,
			);
		};
/* End PBXProject section */

/* Begin PBXResourcesBuildPhase section */
		3852089A117434FD00640971 /* Resources */ = {
			isa = PBXResourcesBuildPhase;
			buildActionMask = 2147483647;
			files = (
				3871E297141ACAF7000DF3D6 /* MainMenu.xib in Resources */,
			);
			runOnlyForDeploymentPostprocessing = 0;
		};
/* End PBXResourcesBuildPhase section */

/* Begin PBXSourcesBuildPhase section */
		3852089B117434FD00640971 /* Sources */ = {
			isa = PBXSourcesBuildPhase;
			buildActionMask = 2147483647;
			files = (
				38A2E8A91499D08300A820A9 /* model.cpp in Sources */,
				38A2E8AA1499D08300A820A9 /* group.cpp in Sources */,
				38A2E8AB1499D08300A820A9 /* leafobject.cpp in Sources */,
				38A2E8AC1499D08300A820A9 /* object.cpp in Sources */,
				38A2E8AD1499D08300A820A9 /* texture.cpp in Sources */,
				38A2E8B41499D08300A820A9 /* button.cpp in Sources */,
				38A2E8B61499D08300A820A9 /* mousemanager.cpp in Sources */,
				38A2E8B71499D08300A820A9 /* screen.cpp in Sources */,
				38A2E8B81499D08300A820A9 /* widget.cpp in Sources */,
				38A2E926149A51C700A820A9 /* keymanager.cpp in Sources */,
				381E8ABC149C6B540091D850 /* actor.cpp in Sources */,
				381E8ABD149C6B540091D850 /* area.cpp in Sources */,
				381E8ABE149C6B540091D850 /* player.cpp in Sources */,
				381E8ABF149C6B540091D850 /* screen.cpp in Sources */,
				381E8AD8149C879F0091D850 /* background.cpp in Sources */,
				381E8ADB149C87A30091D850 /* walker.cpp in Sources */,
				381E8B30149CF6E00091D850 /* letterbox.cpp in Sources */,
				381E8B36149CF7010091D850 /* editor.cpp in Sources */,
				381E8B39149CF7080091D850 /* screenbase.cpp in Sources */,
				38B36A75149EB6400056537E /* effect.cpp in Sources */,
				38B36A76149EB6400056537E /* endwalk.cpp in Sources */,
				38B36A77149EB6400056537E /* item.cpp in Sources */,
				38B36A78149EB6400056537E /* level.cpp in Sources */,
				38B36A79149EB6400056537E /* other.cpp in Sources */,
				38B36A7A149EB6400056537E /* mover.cpp in Sources */,
				38B36A7F149EB6550056537E /* thinker.cpp in Sources */,
				38B36A80149EB6550056537E /* tileset.cpp in Sources */,
				38B36A92149EB67A0056537E /* bitmapfont.cpp in Sources */,
				388A9CD414B9787800036448 /* error.cpp in Sources */,
				388A9CD714B9787E00036448 /* file.cpp in Sources */,
				388A9CE314B978DE00036448 /* menu.cpp in Sources */,
				388A9CE514B978EA00036448 /* entity.cpp in Sources */,
				388A9CE614B978EB00036448 /* gamescreen.cpp in Sources */,
				388A9CE714B978EB00036448 /* main.cpp in Sources */,
				388A9CE814B978EC00036448 /* player.cpp in Sources */,
				388A9CE914B978ED00036448 /* random.cpp in Sources */,
				388A9CEA14B978ED00036448 /* scenery.cpp in Sources */,
				388A9CEB14B978EE00036448 /* shapes.cpp in Sources */,
				388A9CEC14B978EF00036448 /* ship.cpp in Sources */,
				388A9CED14B978F000036448 /* shot.cpp in Sources */,
				388A9CEE14B978F100036448 /* stars.cpp in Sources */,
				388A9CEF14B978F100036448 /* thinker.cpp in Sources */,
				388A9CF014B978F200036448 /* world.cpp in Sources */,
				388A9CF114B978F400036448 /* gamescreen.cpp in Sources */,
				388A9CF214B978F500036448 /* object.cpp in Sources */,
				388A9CF314B978F500036448 /* obstacle.cpp in Sources */,
				388A9CF414B978F600036448 /* player.cpp in Sources */,
				388A9CF514B978F600036448 /* shot.cpp in Sources */,
				388A9CF614B978F700036448 /* world.cpp in Sources */,
				388A9CF714B978F800036448 /* explosion.cpp in Sources */,
				385269B714C2FEA700CD7C74 /* clock.c in Sources */,
				385269B814C2FEA700CD7C74 /* configfile.c in Sources */,
				385269B914C2FEA700CD7C74 /* configfile_read.c in Sources */,
				385269BA14C2FEA700CD7C74 /* cvar.c in Sources */,
				385269BB14C2FEA700CD7C74 /* dict.c in Sources */,
				385269BC14C2FEA700CD7C74 /* error.c in Sources */,
				385269BE14C2FEA700CD7C74 /* file_path.c in Sources */,
				385269BF14C2FEA700CD7C74 /* hash.c in Sources */,
				385269C514C2FEA700CD7C74 /* keyid.c in Sources */,
				385269C714C2FEA700CD7C74 /* keytable_mac.c in Sources */,
				385269D314C2FEA700CD7C74 /* model.c in Sources */,
				385269D414C2FEA700CD7C74 /* opengl.c in Sources */,
				385269D514C2FEA700CD7C74 /* pixbuf.c in Sources */,
				385269D614C2FEA700CD7C74 /* pixbuf_loadimage.c in Sources */,
				385269D714C2FEA700CD7C74 /* rand.c in Sources */,
				385269D814C2FEA700CD7C74 /* resource.c in Sources */,
				385269D914C2FEA700CD7C74 /* strbuf.c in Sources */,
				385269DA14C2FEA700CD7C74 /* sys.c in Sources */,
				385269DB14C2FEA700CD7C74 /* texture.c in Sources */,
				385269DC14C2FEA700CD7C74 /* type.c in Sources */,
				385269F214C2FEE000CD7C74 /* GApplication.m in Sources */,
				385269F314C2FEE000CD7C74 /* GController.m in Sources */,
				385269F414C2FEE000CD7C74 /* GDisplay.m in Sources */,
				385269F514C2FEE000CD7C74 /* GMain.m in Sources */,
				385269F614C2FEE000CD7C74 /* GView.m in Sources */,
				385269F714C2FEE000CD7C74 /* GWindow.m in Sources */,
				38526A0314C2FF0600CD7C74 /* viewport.cpp in Sources */,
				38FC2D6414C59BFD002E9D02 /* file_norm.c in Sources */,
				38FC2D6614C59BFD002E9D02 /* file_posix.c in Sources */,
				38FC2D6714C59BFD002E9D02 /* file_read.c in Sources */,
				38FC2D7414C59C2D002E9D02 /* pixbuf_coregraphics.c in Sources */,
				38FC2D9514C5A433002E9D02 /* type_coretext.c in Sources */,
				38FE66B314CA128600EAE6BA /* log_console.c in Sources */,
				38FE66B414CA128600EAE6BA /* log.c in Sources */,
				384C894814CB563800EBDB6A /* log_network.c in Sources */,
				384C894E14CB565800EBDB6A /* net.c in Sources */,
				38A1F1EB14CB930000901856 /* version_str.c in Sources */,
				38A1F1EC14CB930000901856 /* version.c in Sources */,
			);
			runOnlyForDeploymentPostprocessing = 0;
		};
/* End PBXSourcesBuildPhase section */

/* Begin XCBuildConfiguration section */
		38520885117432D900640971 /* Debug */ = {
			isa = XCBuildConfiguration;
			buildSettings = {
				COPY_PHASE_STRIP = NO;
				GCC_PRECOMPILE_PREFIX_HEADER = YES;
				GCC_PREFIX_HEADER = src/platform/macosx/GPrefix.h;
				GCC_PREPROCESSOR_DEFINITIONS = "PACKAGE_NAME=\\\"game\\\"";
				GCC_VERSION = 4.2;
				GCC_WARN_EFFECTIVE_CPLUSPLUS_VIOLATIONS = NO;
				WARNING_CFLAGS = (
					"-Wall",
					"-Wextra",
				);
			};
			name = Debug;
		};
		38520886117432D900640971 /* Release */ = {
			isa = XCBuildConfiguration;
			buildSettings = {
				COPY_PHASE_STRIP = YES;
				GCC_PRECOMPILE_PREFIX_HEADER = YES;
				GCC_PREFIX_HEADER = src/platform/macosx/GPrefix.h;
				GCC_PREPROCESSOR_DEFINITIONS = "PACKAGE_NAME=\\\"game\\\"";
				GCC_VERSION = 4.2;
				GCC_WARN_EFFECTIVE_CPLUSPLUS_VIOLATIONS = NO;
				WARNING_CFLAGS = (
					"-Wall",
					"-Wextra",
				);
			};
			name = Release;
		};
		385208A2117434FE00640971 /* Debug */ = {
			isa = XCBuildConfiguration;
			buildSettings = {
				ALWAYS_SEARCH_USER_PATHS = NO;
				COPY_PHASE_STRIP = NO;
				FRAMEWORK_SEARCH_PATHS = (
					"$(inherited)",
					"$(FRAMEWORK_SEARCH_PATHS_QUOTED_FOR_TARGET_1)",
				);
				FRAMEWORK_SEARCH_PATHS_QUOTED_FOR_TARGET_1 = "\"$(SYSTEM_LIBRARY_DIR)/Frameworks/ApplicationServices.framework/Frameworks\"";
				GCC_DYNAMIC_NO_PIC = NO;
				GCC_ENABLE_FIX_AND_CONTINUE = YES;
				GCC_MODEL_TUNING = G5;
				GCC_OPTIMIZATION_LEVEL = 0;
				GCC_PRECOMPILE_PREFIX_HEADER = YES;
				HEADER_SEARCH_PATHS = (
					src,
					"$(HEADER_SEARCH_PATHS)",
				);
				INFOPLIST_FILE = "mac/Game-Info.plist";
				INSTALL_PATH = "$(HOME)/Applications";
				OTHER_LDFLAGS = (
					"-framework",
					Foundation,
					"-framework",
					AppKit,
					"-framework",
					OpenGL,
				);
				PREBINDING = NO;
				PRODUCT_NAME = Game;
			};
			name = Debug;
		};
		385208A3117434FE00640971 /* Release */ = {
			isa = XCBuildConfiguration;
			buildSettings = {
				ALWAYS_SEARCH_USER_PATHS = NO;
				ARCHS = "$(ARCHS_STANDARD_32_BIT_PRE_XCODE_3_1)";
				ARCHS_STANDARD_32_BIT_PRE_XCODE_3_1 = "ppc i386";
				COPY_PHASE_STRIP = YES;
				DEBUG_INFORMATION_FORMAT = "dwarf-with-dsym";
				FRAMEWORK_SEARCH_PATHS = (
					"$(inherited)",
					"$(FRAMEWORK_SEARCH_PATHS_QUOTED_FOR_TARGET_1)",
				);
				FRAMEWORK_SEARCH_PATHS_QUOTED_FOR_TARGET_1 = "\"$(SYSTEM_LIBRARY_DIR)/Frameworks/ApplicationServices.framework/Frameworks\"";
				GCC_ENABLE_FIX_AND_CONTINUE = NO;
				GCC_MODEL_TUNING = G5;
				GCC_PRECOMPILE_PREFIX_HEADER = YES;
				HEADER_SEARCH_PATHS = (
					src,
					"$(HEADER_SEARCH_PATHS)",
				);
				INFOPLIST_FILE = "mac/Game-Info.plist";
				INSTALL_PATH = "$(HOME)/Applications";
				OTHER_LDFLAGS = (
					"-framework",
					Foundation,
					"-framework",
					AppKit,
					"-framework",
					OpenGL,
				);
				PREBINDING = NO;
				PRODUCT_NAME = Game;
				ZERO_LINK = NO;
			};
			name = Release;
		};
/* End XCBuildConfiguration section */

/* Begin XCConfigurationList section */
		38520887117432D900640971 /* Build configuration list for PBXProject "game" */ = {
			isa = XCConfigurationList;
			buildConfigurations = (
				38520885117432D900640971 /* Debug */,
				38520886117432D900640971 /* Release */,
			);
			defaultConfigurationIsVisible = 0;
			defaultConfigurationName = Release;
		};
		385208A4117434FF00640971 /* Build configuration list for PBXNativeTarget "Game" */ = {
			isa = XCConfigurationList;
			buildConfigurations = (
				385208A2117434FE00640971 /* Debug */,
				385208A3117434FE00640971 /* Release */,
			);
			defaultConfigurationIsVisible = 0;
			defaultConfigurationName = Release;
		};
/* End XCConfigurationList section */
	};
	rootObject = 38520884117432D900640971 /* Project object */;
}
