// !$*UTF8*$!
{
	archiveVersion = 1;
	classes = {
	};
	objectVersion = 42;
	objects = {

/* Begin PBXBuildFile section */
		3813315114141F8600B8CE5B /* entity.cpp in Sources */ = {isa = PBXBuildFile; fileRef = 3813312A14141F8600B8CE5B /* entity.cpp */; };
		3813315214141F8600B8CE5B /* gamescreen.cpp in Sources */ = {isa = PBXBuildFile; fileRef = 3813312C14141F8600B8CE5B /* gamescreen.cpp */; };
		3813315314141F8600B8CE5B /* main.cpp in Sources */ = {isa = PBXBuildFile; fileRef = 3813312E14141F8600B8CE5B /* main.cpp */; };
		3813315414141F8600B8CE5B /* player.cpp in Sources */ = {isa = PBXBuildFile; fileRef = 3813312F14141F8600B8CE5B /* player.cpp */; };
		3813315514141F8600B8CE5B /* random.cpp in Sources */ = {isa = PBXBuildFile; fileRef = 3813313114141F8600B8CE5B /* random.cpp */; };
		3813315614141F8600B8CE5B /* scenery.cpp in Sources */ = {isa = PBXBuildFile; fileRef = 3813313314141F8600B8CE5B /* scenery.cpp */; };
		3813315714141F8600B8CE5B /* shapes.cpp in Sources */ = {isa = PBXBuildFile; fileRef = 3813313514141F8600B8CE5B /* shapes.cpp */; };
		3813315814141F8600B8CE5B /* ship.cpp in Sources */ = {isa = PBXBuildFile; fileRef = 3813313714141F8600B8CE5B /* ship.cpp */; };
		3813315914141F8600B8CE5B /* shot.cpp in Sources */ = {isa = PBXBuildFile; fileRef = 3813313914141F8600B8CE5B /* shot.cpp */; };
		3813315A14141F8600B8CE5B /* stars.cpp in Sources */ = {isa = PBXBuildFile; fileRef = 3813313B14141F8600B8CE5B /* stars.cpp */; };
		3813315B14141F8600B8CE5B /* thinker.cpp in Sources */ = {isa = PBXBuildFile; fileRef = 3813313D14141F8600B8CE5B /* thinker.cpp */; };
		3813315C14141F8600B8CE5B /* world.cpp in Sources */ = {isa = PBXBuildFile; fileRef = 3813314014141F8600B8CE5B /* world.cpp */; };
		3813315D14141F8600B8CE5B /* explosion.cpp in Sources */ = {isa = PBXBuildFile; fileRef = 3813314314141F8600B8CE5B /* explosion.cpp */; };
		3813315E14141F8600B8CE5B /* gamescreen.cpp in Sources */ = {isa = PBXBuildFile; fileRef = 3813314514141F8600B8CE5B /* gamescreen.cpp */; };
		3813315F14141F8600B8CE5B /* object.cpp in Sources */ = {isa = PBXBuildFile; fileRef = 3813314714141F8600B8CE5B /* object.cpp */; };
		3813316014141F8600B8CE5B /* obstacle.cpp in Sources */ = {isa = PBXBuildFile; fileRef = 3813314914141F8600B8CE5B /* obstacle.cpp */; };
		3813316114141F8600B8CE5B /* player.cpp in Sources */ = {isa = PBXBuildFile; fileRef = 3813314B14141F8600B8CE5B /* player.cpp */; };
		3813316214141F8600B8CE5B /* shot.cpp in Sources */ = {isa = PBXBuildFile; fileRef = 3813314D14141F8600B8CE5B /* shot.cpp */; };
		3813316314141F8600B8CE5B /* world.cpp in Sources */ = {isa = PBXBuildFile; fileRef = 3813314F14141F8600B8CE5B /* world.cpp */; };
		382D217C11D98E5C009C8EF5 /* OpenGL.framework in Frameworks */ = {isa = PBXBuildFile; fileRef = 382D217B11D98E5C009C8EF5 /* OpenGL.framework */; };
		382D219011D98E62009C8EF5 /* AppKit.framework in Frameworks */ = {isa = PBXBuildFile; fileRef = 382D218F11D98E62009C8EF5 /* AppKit.framework */; };
		382D224611D98E6A009C8EF5 /* Foundation.framework in Frameworks */ = {isa = PBXBuildFile; fileRef = 382D224511D98E6A009C8EF5 /* Foundation.framework */; };
		382D22C711D98E80009C8EF5 /* ApplicationServices.framework in Frameworks */ = {isa = PBXBuildFile; fileRef = 382D22C611D98E80009C8EF5 /* ApplicationServices.framework */; };
		38709EDF1330A5A200DA858D /* ifile.cpp in Sources */ = {isa = PBXBuildFile; fileRef = 38709ECC1330A5A200DA858D /* ifile.cpp */; };
		38709EE01330A5A200DA858D /* ifilereg.cpp in Sources */ = {isa = PBXBuildFile; fileRef = 38709ECE1330A5A200DA858D /* ifilereg.cpp */; };
		38709EE21330A5A200DA858D /* path.cpp in Sources */ = {isa = PBXBuildFile; fileRef = 38709ED11330A5A200DA858D /* path.cpp */; };
		38709EE31330A5A200DA858D /* resource.cpp in Sources */ = {isa = PBXBuildFile; fileRef = 38709ED31330A5A200DA858D /* resource.cpp */; };
		38709EE41330A5A200DA858D /* stringarray.cpp in Sources */ = {isa = PBXBuildFile; fileRef = 38709ED61330A5A200DA858D /* stringarray.cpp */; };
		38709EE51330A5A200DA858D /* system_error.cpp in Sources */ = {isa = PBXBuildFile; fileRef = 38709ED81330A5A200DA858D /* system_error.cpp */; };
		38709F181330B45C00DA858D /* data in Resources */ = {isa = PBXBuildFile; fileRef = 38709F0D1330B45C00DA858D /* data */; };
		38709F4C1330B7CA00DA858D /* path_osx.cpp in Sources */ = {isa = PBXBuildFile; fileRef = 38709F261330B6FD00DA858D /* path_osx.cpp */; };
		3871E294141ACAA3000DF3D6 /* GMain.m in Sources */ = {isa = PBXBuildFile; fileRef = 3871E293141ACAA3000DF3D6 /* GMain.m */; };
		3871E297141ACAF7000DF3D6 /* MainMenu.xib in Resources */ = {isa = PBXBuildFile; fileRef = 3871E296141ACAF7000DF3D6 /* MainMenu.xib */; };
		3871E29B141ACB60000DF3D6 /* GController.mm in Sources */ = {isa = PBXBuildFile; fileRef = 3871E29A141ACB60000DF3D6 /* GController.mm */; };
		3871E2A1141ACEA6000DF3D6 /* GView.mm in Sources */ = {isa = PBXBuildFile; fileRef = 3871E2A0141ACEA6000DF3D6 /* GView.mm */; };
		389F7FCD141D4ECD00123790 /* CoreVideo.framework in Frameworks */ = {isa = PBXBuildFile; fileRef = 389F7FCC141D4ECD00123790 /* CoreVideo.framework */; };
		38A2E89C1499D08300A820A9 /* dummytexture.cpp in Sources */ = {isa = PBXBuildFile; fileRef = 38A2E8621499D08300A820A9 /* dummytexture.cpp */; };
		38A2E8A01499D08300A820A9 /* keyid.c in Sources */ = {isa = PBXBuildFile; fileRef = 38A2E8691499D08300A820A9 /* keyid.c */; };
		38A2E8A21499D08300A820A9 /* keytable_mac.c in Sources */ = {isa = PBXBuildFile; fileRef = 38A2E86D1499D08300A820A9 /* keytable_mac.c */; };
		38A2E8A91499D08300A820A9 /* model.cpp in Sources */ = {isa = PBXBuildFile; fileRef = 38A2E8741499D08300A820A9 /* model.cpp */; };
		38A2E8AA1499D08300A820A9 /* group.cpp in Sources */ = {isa = PBXBuildFile; fileRef = 38A2E8781499D08300A820A9 /* group.cpp */; };
		38A2E8AB1499D08300A820A9 /* leafobject.cpp in Sources */ = {isa = PBXBuildFile; fileRef = 38A2E87A1499D08300A820A9 /* leafobject.cpp */; };
		38A2E8AC1499D08300A820A9 /* object.cpp in Sources */ = {isa = PBXBuildFile; fileRef = 38A2E87C1499D08300A820A9 /* object.cpp */; };
		38A2E8AD1499D08300A820A9 /* texture.cpp in Sources */ = {isa = PBXBuildFile; fileRef = 38A2E87E1499D08300A820A9 /* texture.cpp */; };
		38A2E8AE1499D08300A820A9 /* texturefile.cpp in Sources */ = {isa = PBXBuildFile; fileRef = 38A2E8801499D08300A820A9 /* texturefile.cpp */; };
		38A2E8AF1499D08300A820A9 /* font_osx.cpp in Sources */ = {isa = PBXBuildFile; fileRef = 38A2E8841499D08300A820A9 /* font_osx.cpp */; };
		38A2E8B11499D08300A820A9 /* rastertext.cpp in Sources */ = {isa = PBXBuildFile; fileRef = 38A2E8881499D08300A820A9 /* rastertext.cpp */; };
		38A2E8B31499D08300A820A9 /* rastertext_osx.cpp in Sources */ = {isa = PBXBuildFile; fileRef = 38A2E88B1499D08300A820A9 /* rastertext_osx.cpp */; };
		38A2E8B41499D08300A820A9 /* button.cpp in Sources */ = {isa = PBXBuildFile; fileRef = 38A2E88E1499D08300A820A9 /* button.cpp */; };
		38A2E8B51499D08300A820A9 /* menu.cpp in Sources */ = {isa = PBXBuildFile; fileRef = 38A2E8921499D08300A820A9 /* menu.cpp */; };
		38A2E8B61499D08300A820A9 /* mousemanager.cpp in Sources */ = {isa = PBXBuildFile; fileRef = 38A2E8941499D08300A820A9 /* mousemanager.cpp */; };
		38A2E8B71499D08300A820A9 /* screen.cpp in Sources */ = {isa = PBXBuildFile; fileRef = 38A2E8961499D08300A820A9 /* screen.cpp */; };
		38A2E8B81499D08300A820A9 /* widget.cpp in Sources */ = {isa = PBXBuildFile; fileRef = 38A2E8981499D08300A820A9 /* widget.cpp */; };
		38A2E8B91499D08300A820A9 /* window.cpp in Sources */ = {isa = PBXBuildFile; fileRef = 38A2E89A1499D08300A820A9 /* window.cpp */; };
		38A2E8D01499D0E500A820A9 /* rand.cpp in Sources */ = {isa = PBXBuildFile; fileRef = 38A2E8CE1499D0E500A820A9 /* rand.cpp */; };
		38A2E8E71499D13B00A820A9 /* clock.cpp in Sources */ = {isa = PBXBuildFile; fileRef = 38A2E8E61499D13B00A820A9 /* clock.cpp */; };
		38A2E926149A51C700A820A9 /* keymanager.cpp in Sources */ = {isa = PBXBuildFile; fileRef = 38A2E924149A51C700A820A9 /* keymanager.cpp */; };
		38A2ECD11495EBA700772423 /* Carbon.framework in Frameworks */ = {isa = PBXBuildFile; fileRef = 38A2ECD01495EBA700772423 /* Carbon.framework */; };
		38A2EE441495FFF100772423 /* GWindow.m in Sources */ = {isa = PBXBuildFile; fileRef = 38A2EE431495FFF100772423 /* GWindow.m */; };
		38FA0EC81495ABFF00F75BAE /* GDisplay.mm in Sources */ = {isa = PBXBuildFile; fileRef = 38FA0EC71495ABFF00F75BAE /* GDisplay.mm */; };
		38FB7F5814971BDA006F40FE /* GApplication.m in Sources */ = {isa = PBXBuildFile; fileRef = 38FB7F5714971BDA006F40FE /* GApplication.m */; };
/* End PBXBuildFile section */

/* Begin PBXFileReference section */
		3813312A14141F8600B8CE5B /* entity.cpp */ = {isa = PBXFileReference; fileEncoding = 4; lastKnownFileType = sourcecode.cpp.cpp; path = entity.cpp; sourceTree = "<group>"; };
		3813312B14141F8600B8CE5B /* entity.hpp */ = {isa = PBXFileReference; fileEncoding = 4; lastKnownFileType = sourcecode.cpp.h; path = entity.hpp; sourceTree = "<group>"; };
		3813312C14141F8600B8CE5B /* gamescreen.cpp */ = {isa = PBXFileReference; fileEncoding = 4; lastKnownFileType = sourcecode.cpp.cpp; path = gamescreen.cpp; sourceTree = "<group>"; };
		3813312D14141F8600B8CE5B /* gamescreen.hpp */ = {isa = PBXFileReference; fileEncoding = 4; lastKnownFileType = sourcecode.cpp.h; path = gamescreen.hpp; sourceTree = "<group>"; };
		3813312E14141F8600B8CE5B /* main.cpp */ = {isa = PBXFileReference; fileEncoding = 4; lastKnownFileType = sourcecode.cpp.cpp; path = main.cpp; sourceTree = "<group>"; };
		3813312F14141F8600B8CE5B /* player.cpp */ = {isa = PBXFileReference; fileEncoding = 4; lastKnownFileType = sourcecode.cpp.cpp; path = player.cpp; sourceTree = "<group>"; };
		3813313014141F8600B8CE5B /* player.hpp */ = {isa = PBXFileReference; fileEncoding = 4; lastKnownFileType = sourcecode.cpp.h; path = player.hpp; sourceTree = "<group>"; };
		3813313114141F8600B8CE5B /* random.cpp */ = {isa = PBXFileReference; fileEncoding = 4; lastKnownFileType = sourcecode.cpp.cpp; path = random.cpp; sourceTree = "<group>"; };
		3813313214141F8600B8CE5B /* random.hpp */ = {isa = PBXFileReference; fileEncoding = 4; lastKnownFileType = sourcecode.cpp.h; path = random.hpp; sourceTree = "<group>"; };
		3813313314141F8600B8CE5B /* scenery.cpp */ = {isa = PBXFileReference; fileEncoding = 4; lastKnownFileType = sourcecode.cpp.cpp; path = scenery.cpp; sourceTree = "<group>"; };
		3813313414141F8600B8CE5B /* scenery.hpp */ = {isa = PBXFileReference; fileEncoding = 4; lastKnownFileType = sourcecode.cpp.h; path = scenery.hpp; sourceTree = "<group>"; };
		3813313514141F8600B8CE5B /* shapes.cpp */ = {isa = PBXFileReference; fileEncoding = 4; lastKnownFileType = sourcecode.cpp.cpp; path = shapes.cpp; sourceTree = "<group>"; };
		3813313614141F8600B8CE5B /* shapes.hpp */ = {isa = PBXFileReference; fileEncoding = 4; lastKnownFileType = sourcecode.cpp.h; path = shapes.hpp; sourceTree = "<group>"; };
		3813313714141F8600B8CE5B /* ship.cpp */ = {isa = PBXFileReference; fileEncoding = 4; lastKnownFileType = sourcecode.cpp.cpp; path = ship.cpp; sourceTree = "<group>"; };
		3813313814141F8600B8CE5B /* ship.hpp */ = {isa = PBXFileReference; fileEncoding = 4; lastKnownFileType = sourcecode.cpp.h; path = ship.hpp; sourceTree = "<group>"; };
		3813313914141F8600B8CE5B /* shot.cpp */ = {isa = PBXFileReference; fileEncoding = 4; lastKnownFileType = sourcecode.cpp.cpp; path = shot.cpp; sourceTree = "<group>"; };
		3813313A14141F8600B8CE5B /* shot.hpp */ = {isa = PBXFileReference; fileEncoding = 4; lastKnownFileType = sourcecode.cpp.h; path = shot.hpp; sourceTree = "<group>"; };
		3813313B14141F8600B8CE5B /* stars.cpp */ = {isa = PBXFileReference; fileEncoding = 4; lastKnownFileType = sourcecode.cpp.cpp; path = stars.cpp; sourceTree = "<group>"; };
		3813313C14141F8600B8CE5B /* stars.hpp */ = {isa = PBXFileReference; fileEncoding = 4; lastKnownFileType = sourcecode.cpp.h; path = stars.hpp; sourceTree = "<group>"; };
		3813313D14141F8600B8CE5B /* thinker.cpp */ = {isa = PBXFileReference; fileEncoding = 4; lastKnownFileType = sourcecode.cpp.cpp; path = thinker.cpp; sourceTree = "<group>"; };
		3813313E14141F8600B8CE5B /* thinker.hpp */ = {isa = PBXFileReference; fileEncoding = 4; lastKnownFileType = sourcecode.cpp.h; path = thinker.hpp; sourceTree = "<group>"; };
		3813313F14141F8600B8CE5B /* vector.hpp */ = {isa = PBXFileReference; fileEncoding = 4; lastKnownFileType = sourcecode.cpp.h; path = vector.hpp; sourceTree = "<group>"; };
		3813314014141F8600B8CE5B /* world.cpp */ = {isa = PBXFileReference; fileEncoding = 4; lastKnownFileType = sourcecode.cpp.cpp; path = world.cpp; sourceTree = "<group>"; };
		3813314114141F8600B8CE5B /* world.hpp */ = {isa = PBXFileReference; fileEncoding = 4; lastKnownFileType = sourcecode.cpp.h; path = world.hpp; sourceTree = "<group>"; };
		3813314314141F8600B8CE5B /* explosion.cpp */ = {isa = PBXFileReference; fileEncoding = 4; lastKnownFileType = sourcecode.cpp.cpp; path = explosion.cpp; sourceTree = "<group>"; };
		3813314414141F8600B8CE5B /* explosion.hpp */ = {isa = PBXFileReference; fileEncoding = 4; lastKnownFileType = sourcecode.cpp.h; path = explosion.hpp; sourceTree = "<group>"; };
		3813314514141F8600B8CE5B /* gamescreen.cpp */ = {isa = PBXFileReference; fileEncoding = 4; lastKnownFileType = sourcecode.cpp.cpp; path = gamescreen.cpp; sourceTree = "<group>"; };
		3813314614141F8600B8CE5B /* gamescreen.hpp */ = {isa = PBXFileReference; fileEncoding = 4; lastKnownFileType = sourcecode.cpp.h; path = gamescreen.hpp; sourceTree = "<group>"; };
		3813314714141F8600B8CE5B /* object.cpp */ = {isa = PBXFileReference; fileEncoding = 4; lastKnownFileType = sourcecode.cpp.cpp; path = object.cpp; sourceTree = "<group>"; };
		3813314814141F8600B8CE5B /* object.hpp */ = {isa = PBXFileReference; fileEncoding = 4; lastKnownFileType = sourcecode.cpp.h; path = object.hpp; sourceTree = "<group>"; };
		3813314914141F8600B8CE5B /* obstacle.cpp */ = {isa = PBXFileReference; fileEncoding = 4; lastKnownFileType = sourcecode.cpp.cpp; path = obstacle.cpp; sourceTree = "<group>"; };
		3813314A14141F8600B8CE5B /* obstacle.hpp */ = {isa = PBXFileReference; fileEncoding = 4; lastKnownFileType = sourcecode.cpp.h; path = obstacle.hpp; sourceTree = "<group>"; };
		3813314B14141F8600B8CE5B /* player.cpp */ = {isa = PBXFileReference; fileEncoding = 4; lastKnownFileType = sourcecode.cpp.cpp; path = player.cpp; sourceTree = "<group>"; };
		3813314C14141F8600B8CE5B /* player.hpp */ = {isa = PBXFileReference; fileEncoding = 4; lastKnownFileType = sourcecode.cpp.h; path = player.hpp; sourceTree = "<group>"; };
		3813314D14141F8600B8CE5B /* shot.cpp */ = {isa = PBXFileReference; fileEncoding = 4; lastKnownFileType = sourcecode.cpp.cpp; path = shot.cpp; sourceTree = "<group>"; };
		3813314E14141F8600B8CE5B /* shot.hpp */ = {isa = PBXFileReference; fileEncoding = 4; lastKnownFileType = sourcecode.cpp.h; path = shot.hpp; sourceTree = "<group>"; };
		3813314F14141F8600B8CE5B /* world.cpp */ = {isa = PBXFileReference; fileEncoding = 4; lastKnownFileType = sourcecode.cpp.cpp; path = world.cpp; sourceTree = "<group>"; };
		3813315014141F8600B8CE5B /* world.hpp */ = {isa = PBXFileReference; fileEncoding = 4; lastKnownFileType = sourcecode.cpp.h; path = world.hpp; sourceTree = "<group>"; };
		382D217B11D98E5C009C8EF5 /* OpenGL.framework */ = {isa = PBXFileReference; lastKnownFileType = wrapper.framework; name = OpenGL.framework; path = /System/Library/Frameworks/OpenGL.framework; sourceTree = "<absolute>"; };
		382D218F11D98E62009C8EF5 /* AppKit.framework */ = {isa = PBXFileReference; lastKnownFileType = wrapper.framework; name = AppKit.framework; path = /System/Library/Frameworks/AppKit.framework; sourceTree = "<absolute>"; };
		382D224511D98E6A009C8EF5 /* Foundation.framework */ = {isa = PBXFileReference; lastKnownFileType = wrapper.framework; name = Foundation.framework; path = /System/Library/Frameworks/Foundation.framework; sourceTree = "<absolute>"; };
		382D22C611D98E80009C8EF5 /* ApplicationServices.framework */ = {isa = PBXFileReference; lastKnownFileType = wrapper.framework; name = ApplicationServices.framework; path = /System/Library/Frameworks/ApplicationServices.framework; sourceTree = "<absolute>"; };
		3852089E117434FD00640971 /* Game.app */ = {isa = PBXFileReference; explicitFileType = wrapper.application; includeInIndex = 0; path = Game.app; sourceTree = BUILT_PRODUCTS_DIR; };
		385208A1117434FD00640971 /* Game-Info.plist */ = {isa = PBXFileReference; lastKnownFileType = text.plist.xml; path = "Game-Info.plist"; sourceTree = "<group>"; };
		38709EC61330A5A200DA858D /* buffer.hpp */ = {isa = PBXFileReference; fileEncoding = 4; lastKnownFileType = sourcecode.cpp.h; path = buffer.hpp; sourceTree = "<group>"; };
		38709EC91330A5A200DA858D /* configfile.cpp */ = {isa = PBXFileReference; fileEncoding = 4; lastKnownFileType = sourcecode.cpp.cpp; path = configfile.cpp; sourceTree = "<group>"; };
		38709ECA1330A5A200DA858D /* configfile.hpp */ = {isa = PBXFileReference; fileEncoding = 4; lastKnownFileType = sourcecode.cpp.h; path = configfile.hpp; sourceTree = "<group>"; };
		38709ECC1330A5A200DA858D /* ifile.cpp */ = {isa = PBXFileReference; fileEncoding = 4; lastKnownFileType = sourcecode.cpp.cpp; path = ifile.cpp; sourceTree = "<group>"; };
		38709ECD1330A5A200DA858D /* ifile.hpp */ = {isa = PBXFileReference; fileEncoding = 4; lastKnownFileType = sourcecode.cpp.h; path = ifile.hpp; sourceTree = "<group>"; };
		38709ECE1330A5A200DA858D /* ifilereg.cpp */ = {isa = PBXFileReference; fileEncoding = 4; lastKnownFileType = sourcecode.cpp.cpp; path = ifilereg.cpp; sourceTree = "<group>"; };
		38709ECF1330A5A200DA858D /* ifilereg.hpp */ = {isa = PBXFileReference; fileEncoding = 4; lastKnownFileType = sourcecode.cpp.h; path = ifilereg.hpp; sourceTree = "<group>"; };
		38709ED01330A5A200DA858D /* parseconfig.cpp */ = {isa = PBXFileReference; fileEncoding = 4; lastKnownFileType = sourcecode.cpp.cpp; path = parseconfig.cpp; sourceTree = "<group>"; };
		38709ED11330A5A200DA858D /* path.cpp */ = {isa = PBXFileReference; fileEncoding = 4; lastKnownFileType = sourcecode.cpp.cpp; path = path.cpp; sourceTree = "<group>"; };
		38709ED21330A5A200DA858D /* path.hpp */ = {isa = PBXFileReference; fileEncoding = 4; lastKnownFileType = sourcecode.cpp.h; path = path.hpp; sourceTree = "<group>"; };
		38709ED31330A5A200DA858D /* resource.cpp */ = {isa = PBXFileReference; fileEncoding = 4; lastKnownFileType = sourcecode.cpp.cpp; path = resource.cpp; sourceTree = "<group>"; };
		38709ED41330A5A200DA858D /* resource.hpp */ = {isa = PBXFileReference; fileEncoding = 4; lastKnownFileType = sourcecode.cpp.h; path = resource.hpp; sourceTree = "<group>"; };
		38709ED51330A5A200DA858D /* sharedref.hpp */ = {isa = PBXFileReference; fileEncoding = 4; lastKnownFileType = sourcecode.cpp.h; path = sharedref.hpp; sourceTree = "<group>"; };
		38709ED61330A5A200DA858D /* stringarray.cpp */ = {isa = PBXFileReference; fileEncoding = 4; lastKnownFileType = sourcecode.cpp.cpp; path = stringarray.cpp; sourceTree = "<group>"; };
		38709ED71330A5A200DA858D /* stringarray.hpp */ = {isa = PBXFileReference; fileEncoding = 4; lastKnownFileType = sourcecode.cpp.h; path = stringarray.hpp; sourceTree = "<group>"; };
		38709ED81330A5A200DA858D /* system_error.cpp */ = {isa = PBXFileReference; fileEncoding = 4; lastKnownFileType = sourcecode.cpp.cpp; path = system_error.cpp; sourceTree = "<group>"; };
		38709ED91330A5A200DA858D /* system_error.hpp */ = {isa = PBXFileReference; fileEncoding = 4; lastKnownFileType = sourcecode.cpp.h; path = system_error.hpp; sourceTree = "<group>"; };
		38709EDA1330A5A200DA858D /* testconfig.cpp */ = {isa = PBXFileReference; fileEncoding = 4; lastKnownFileType = sourcecode.cpp.cpp; path = testconfig.cpp; sourceTree = "<group>"; };
		38709F0D1330B45C00DA858D /* data */ = {isa = PBXFileReference; lastKnownFileType = folder; path = data; sourceTree = "<group>"; };
		38709F1F1330B66D00DA858D /* path_linux.cpp */ = {isa = PBXFileReference; fileEncoding = 4; lastKnownFileType = sourcecode.cpp.cpp; path = path_linux.cpp; sourceTree = "<group>"; };
		38709F221330B6A600DA858D /* path_xdg.cpp */ = {isa = PBXFileReference; fileEncoding = 4; lastKnownFileType = sourcecode.cpp.cpp; path = path_xdg.cpp; sourceTree = "<group>"; };
		38709F261330B6FD00DA858D /* path_osx.cpp */ = {isa = PBXFileReference; fileEncoding = 4; lastKnownFileType = sourcecode.cpp.cpp; path = path_osx.cpp; sourceTree = "<group>"; };
		38709F701330BF5900DA858D /* autocf_osx.hpp */ = {isa = PBXFileReference; fileEncoding = 4; lastKnownFileType = sourcecode.cpp.h; path = autocf_osx.hpp; sourceTree = "<group>"; };
		3871E25A141ACA38000DF3D6 /* main.cpp */ = {isa = PBXFileReference; fileEncoding = 4; lastKnownFileType = sourcecode.cpp.cpp; path = main.cpp; sourceTree = "<group>"; };
		3871E293141ACAA3000DF3D6 /* GMain.m */ = {isa = PBXFileReference; fileEncoding = 4; lastKnownFileType = sourcecode.c.objc; path = GMain.m; sourceTree = "<group>"; };
		3871E296141ACAF7000DF3D6 /* MainMenu.xib */ = {isa = PBXFileReference; lastKnownFileType = file.xib; path = MainMenu.xib; sourceTree = "<group>"; };
		3871E299141ACB60000DF3D6 /* GController.h */ = {isa = PBXFileReference; fileEncoding = 4; lastKnownFileType = sourcecode.c.h; path = GController.h; sourceTree = "<group>"; };
		3871E29A141ACB60000DF3D6 /* GController.mm */ = {isa = PBXFileReference; fileEncoding = 4; lastKnownFileType = sourcecode.cpp.objcpp; path = GController.mm; sourceTree = "<group>"; };
		3871E29F141ACEA6000DF3D6 /* GView.h */ = {isa = PBXFileReference; fileEncoding = 4; lastKnownFileType = sourcecode.c.h; path = GView.h; sourceTree = "<group>"; };
		3871E2A0141ACEA6000DF3D6 /* GView.mm */ = {isa = PBXFileReference; fileEncoding = 4; lastKnownFileType = sourcecode.cpp.objcpp; path = GView.mm; sourceTree = "<group>"; };
		3871E2A7141ACFB6000DF3D6 /* clock.hpp */ = {isa = PBXFileReference; fileEncoding = 4; lastKnownFileType = sourcecode.cpp.h; path = clock.hpp; sourceTree = "<group>"; };
		389F7FCC141D4ECD00123790 /* CoreVideo.framework */ = {isa = PBXFileReference; lastKnownFileType = wrapper.framework; name = CoreVideo.framework; path = /System/Library/Frameworks/CoreVideo.framework; sourceTree = "<absolute>"; };
		38A2E8611499D08300A820A9 /* color.hpp */ = {isa = PBXFileReference; fileEncoding = 4; lastKnownFileType = sourcecode.cpp.h; path = color.hpp; sourceTree = "<group>"; };
		38A2E8621499D08300A820A9 /* dummytexture.cpp */ = {isa = PBXFileReference; fileEncoding = 4; lastKnownFileType = sourcecode.cpp.cpp; path = dummytexture.cpp; sourceTree = "<group>"; };
		38A2E8631499D08300A820A9 /* dummytexture.hpp */ = {isa = PBXFileReference; fileEncoding = 4; lastKnownFileType = sourcecode.cpp.h; path = dummytexture.hpp; sourceTree = "<group>"; };
		38A2E8651499D08300A820A9 /* evdev.txt */ = {isa = PBXFileReference; fileEncoding = 4; lastKnownFileType = text; path = evdev.txt; sourceTree = "<group>"; };
		38A2E8661499D08300A820A9 /* keycode.h */ = {isa = PBXFileReference; fileEncoding = 4; lastKnownFileType = sourcecode.c.h; path = keycode.h; sourceTree = "<group>"; };
		38A2E8671499D08300A820A9 /* keycode.py */ = {isa = PBXFileReference; fileEncoding = 4; lastKnownFileType = text.script.python; path = keycode.py; sourceTree = "<group>"; };
		38A2E8681499D08300A820A9 /* keycode.txt */ = {isa = PBXFileReference; fileEncoding = 4; lastKnownFileType = text; path = keycode.txt; sourceTree = "<group>"; };
		38A2E8691499D08300A820A9 /* keyid.c */ = {isa = PBXFileReference; fileEncoding = 4; lastKnownFileType = sourcecode.c.c; path = keyid.c; sourceTree = "<group>"; };
		38A2E86A1499D08300A820A9 /* keyid.h */ = {isa = PBXFileReference; fileEncoding = 4; lastKnownFileType = sourcecode.c.h; path = keyid.h; sourceTree = "<group>"; };
		38A2E86B1499D08300A820A9 /* keytable.h */ = {isa = PBXFileReference; fileEncoding = 4; lastKnownFileType = sourcecode.c.h; path = keytable.h; sourceTree = "<group>"; };
		38A2E86C1499D08300A820A9 /* keytable_evdev.c */ = {isa = PBXFileReference; fileEncoding = 4; lastKnownFileType = sourcecode.c.c; path = keytable_evdev.c; sourceTree = "<group>"; };
		38A2E86D1499D08300A820A9 /* keytable_mac.c */ = {isa = PBXFileReference; fileEncoding = 4; lastKnownFileType = sourcecode.c.c; path = keytable_mac.c; sourceTree = "<group>"; };
		38A2E86E1499D08300A820A9 /* mac.py */ = {isa = PBXFileReference; fileEncoding = 4; lastKnownFileType = text.script.python; path = mac.py; sourceTree = "<group>"; };
		38A2E86F1499D08300A820A9 /* mac.txt */ = {isa = PBXFileReference; fileEncoding = 4; lastKnownFileType = text; path = mac.txt; sourceTree = "<group>"; };
		38A2E8701499D08300A820A9 /* mac2.txt */ = {isa = PBXFileReference; fileEncoding = 4; lastKnownFileType = text; path = mac2.txt; sourceTree = "<group>"; };
		38A2E8711499D08300A820A9 /* README.txt */ = {isa = PBXFileReference; fileEncoding = 4; lastKnownFileType = text; path = README.txt; sourceTree = "<group>"; };
		38A2E8721499D08300A820A9 /* xkb.py */ = {isa = PBXFileReference; fileEncoding = 4; lastKnownFileType = text.script.python; path = xkb.py; sourceTree = "<group>"; };
		38A2E8731499D08300A820A9 /* xkb.txt */ = {isa = PBXFileReference; fileEncoding = 4; lastKnownFileType = text; path = xkb.txt; sourceTree = "<group>"; };
		38A2E8741499D08300A820A9 /* model.cpp */ = {isa = PBXFileReference; fileEncoding = 4; lastKnownFileType = sourcecode.cpp.cpp; path = model.cpp; sourceTree = "<group>"; };
		38A2E8751499D08300A820A9 /* model.hpp */ = {isa = PBXFileReference; fileEncoding = 4; lastKnownFileType = sourcecode.cpp.h; path = model.hpp; sourceTree = "<group>"; };
		38A2E8761499D08300A820A9 /* opengl.hpp */ = {isa = PBXFileReference; fileEncoding = 4; lastKnownFileType = sourcecode.cpp.h; path = opengl.hpp; sourceTree = "<group>"; };
		38A2E8781499D08300A820A9 /* group.cpp */ = {isa = PBXFileReference; fileEncoding = 4; lastKnownFileType = sourcecode.cpp.cpp; path = group.cpp; sourceTree = "<group>"; };
		38A2E8791499D08300A820A9 /* group.hpp */ = {isa = PBXFileReference; fileEncoding = 4; lastKnownFileType = sourcecode.cpp.h; path = group.hpp; sourceTree = "<group>"; };
		38A2E87A1499D08300A820A9 /* leafobject.cpp */ = {isa = PBXFileReference; fileEncoding = 4; lastKnownFileType = sourcecode.cpp.cpp; path = leafobject.cpp; sourceTree = "<group>"; };
		38A2E87B1499D08300A820A9 /* leafobject.hpp */ = {isa = PBXFileReference; fileEncoding = 4; lastKnownFileType = sourcecode.cpp.h; path = leafobject.hpp; sourceTree = "<group>"; };
		38A2E87C1499D08300A820A9 /* object.cpp */ = {isa = PBXFileReference; fileEncoding = 4; lastKnownFileType = sourcecode.cpp.cpp; path = object.cpp; sourceTree = "<group>"; };
		38A2E87D1499D08300A820A9 /* object.hpp */ = {isa = PBXFileReference; fileEncoding = 4; lastKnownFileType = sourcecode.cpp.h; path = object.hpp; sourceTree = "<group>"; };
		38A2E87E1499D08300A820A9 /* texture.cpp */ = {isa = PBXFileReference; fileEncoding = 4; lastKnownFileType = sourcecode.cpp.cpp; path = texture.cpp; sourceTree = "<group>"; };
		38A2E87F1499D08300A820A9 /* texture.hpp */ = {isa = PBXFileReference; fileEncoding = 4; lastKnownFileType = sourcecode.cpp.h; path = texture.hpp; sourceTree = "<group>"; };
		38A2E8801499D08300A820A9 /* texturefile.cpp */ = {isa = PBXFileReference; fileEncoding = 4; lastKnownFileType = sourcecode.cpp.cpp; path = texturefile.cpp; sourceTree = "<group>"; };
		38A2E8811499D08300A820A9 /* texturefile.hpp */ = {isa = PBXFileReference; fileEncoding = 4; lastKnownFileType = sourcecode.cpp.h; path = texturefile.hpp; sourceTree = "<group>"; };
		38A2E8831499D08300A820A9 /* font.hpp */ = {isa = PBXFileReference; fileEncoding = 4; lastKnownFileType = sourcecode.cpp.h; path = font.hpp; sourceTree = "<group>"; };
		38A2E8841499D08300A820A9 /* font_osx.cpp */ = {isa = PBXFileReference; fileEncoding = 4; lastKnownFileType = sourcecode.cpp.cpp; path = font_osx.cpp; sourceTree = "<group>"; };
		38A2E8851499D08300A820A9 /* font_osx.hpp */ = {isa = PBXFileReference; fileEncoding = 4; lastKnownFileType = sourcecode.cpp.h; path = font_osx.hpp; sourceTree = "<group>"; };
		38A2E8861499D08300A820A9 /* font_pango.cpp */ = {isa = PBXFileReference; fileEncoding = 4; lastKnownFileType = sourcecode.cpp.cpp; path = font_pango.cpp; sourceTree = "<group>"; };
		38A2E8871499D08300A820A9 /* font_pango.hpp */ = {isa = PBXFileReference; fileEncoding = 4; lastKnownFileType = sourcecode.cpp.h; path = font_pango.hpp; sourceTree = "<group>"; };
		38A2E8881499D08300A820A9 /* rastertext.cpp */ = {isa = PBXFileReference; fileEncoding = 4; lastKnownFileType = sourcecode.cpp.cpp; path = rastertext.cpp; sourceTree = "<group>"; };
		38A2E8891499D08300A820A9 /* rastertext.hpp */ = {isa = PBXFileReference; fileEncoding = 4; lastKnownFileType = sourcecode.cpp.h; path = rastertext.hpp; sourceTree = "<group>"; };
		38A2E88A1499D08300A820A9 /* rastertext_cairo.cpp */ = {isa = PBXFileReference; fileEncoding = 4; lastKnownFileType = sourcecode.cpp.cpp; path = rastertext_cairo.cpp; sourceTree = "<group>"; };
		38A2E88B1499D08300A820A9 /* rastertext_osx.cpp */ = {isa = PBXFileReference; fileEncoding = 4; lastKnownFileType = sourcecode.cpp.cpp; path = rastertext_osx.cpp; sourceTree = "<group>"; };
		38A2E88D1499D08300A820A9 /* action.hpp */ = {isa = PBXFileReference; fileEncoding = 4; lastKnownFileType = sourcecode.cpp.h; path = action.hpp; sourceTree = "<group>"; };
		38A2E88E1499D08300A820A9 /* button.cpp */ = {isa = PBXFileReference; fileEncoding = 4; lastKnownFileType = sourcecode.cpp.cpp; path = button.cpp; sourceTree = "<group>"; };
		38A2E88F1499D08300A820A9 /* button.hpp */ = {isa = PBXFileReference; fileEncoding = 4; lastKnownFileType = sourcecode.cpp.h; path = button.hpp; sourceTree = "<group>"; };
		38A2E8901499D08300A820A9 /* event.hpp */ = {isa = PBXFileReference; fileEncoding = 4; lastKnownFileType = sourcecode.cpp.h; path = event.hpp; sourceTree = "<group>"; };
		38A2E8911499D08300A820A9 /* geometry.hpp */ = {isa = PBXFileReference; fileEncoding = 4; lastKnownFileType = sourcecode.cpp.h; path = geometry.hpp; sourceTree = "<group>"; };
		38A2E8921499D08300A820A9 /* menu.cpp */ = {isa = PBXFileReference; fileEncoding = 4; lastKnownFileType = sourcecode.cpp.cpp; path = menu.cpp; sourceTree = "<group>"; };
		38A2E8931499D08300A820A9 /* menu.hpp */ = {isa = PBXFileReference; fileEncoding = 4; lastKnownFileType = sourcecode.cpp.h; path = menu.hpp; sourceTree = "<group>"; };
		38A2E8941499D08300A820A9 /* mousemanager.cpp */ = {isa = PBXFileReference; fileEncoding = 4; lastKnownFileType = sourcecode.cpp.cpp; path = mousemanager.cpp; sourceTree = "<group>"; };
		38A2E8951499D08300A820A9 /* mousemanager.hpp */ = {isa = PBXFileReference; fileEncoding = 4; lastKnownFileType = sourcecode.cpp.h; path = mousemanager.hpp; sourceTree = "<group>"; };
		38A2E8961499D08300A820A9 /* screen.cpp */ = {isa = PBXFileReference; fileEncoding = 4; lastKnownFileType = sourcecode.cpp.cpp; path = screen.cpp; sourceTree = "<group>"; };
		38A2E8971499D08300A820A9 /* screen.hpp */ = {isa = PBXFileReference; fileEncoding = 4; lastKnownFileType = sourcecode.cpp.h; path = screen.hpp; sourceTree = "<group>"; };
		38A2E8981499D08300A820A9 /* widget.cpp */ = {isa = PBXFileReference; fileEncoding = 4; lastKnownFileType = sourcecode.cpp.cpp; path = widget.cpp; sourceTree = "<group>"; };
		38A2E8991499D08300A820A9 /* widget.hpp */ = {isa = PBXFileReference; fileEncoding = 4; lastKnownFileType = sourcecode.cpp.h; path = widget.hpp; sourceTree = "<group>"; };
		38A2E89A1499D08300A820A9 /* window.cpp */ = {isa = PBXFileReference; fileEncoding = 4; lastKnownFileType = sourcecode.cpp.cpp; path = window.cpp; sourceTree = "<group>"; };
		38A2E89B1499D08300A820A9 /* window.hpp */ = {isa = PBXFileReference; fileEncoding = 4; lastKnownFileType = sourcecode.cpp.h; path = window.hpp; sourceTree = "<group>"; };
		38A2E8CE1499D0E500A820A9 /* rand.cpp */ = {isa = PBXFileReference; fileEncoding = 4; lastKnownFileType = sourcecode.cpp.cpp; path = rand.cpp; sourceTree = "<group>"; };
		38A2E8CF1499D0E500A820A9 /* rand.hpp */ = {isa = PBXFileReference; fileEncoding = 4; lastKnownFileType = sourcecode.cpp.h; path = rand.hpp; sourceTree = "<group>"; };
		38A2E8E61499D13B00A820A9 /* clock.cpp */ = {isa = PBXFileReference; fileEncoding = 4; lastKnownFileType = sourcecode.cpp.cpp; path = clock.cpp; sourceTree = "<group>"; };
		38A2E924149A51C700A820A9 /* keymanager.cpp */ = {isa = PBXFileReference; fileEncoding = 4; lastKnownFileType = sourcecode.cpp.cpp; path = keymanager.cpp; sourceTree = "<group>"; };
		38A2E925149A51C700A820A9 /* keymanager.hpp */ = {isa = PBXFileReference; fileEncoding = 4; lastKnownFileType = sourcecode.cpp.h; path = keymanager.hpp; sourceTree = "<group>"; };
		38A2ECD01495EBA700772423 /* Carbon.framework */ = {isa = PBXFileReference; lastKnownFileType = wrapper.framework; name = Carbon.framework; path = /System/Library/Frameworks/Carbon.framework; sourceTree = "<absolute>"; };
		38A2EE421495FFF100772423 /* GWindow.h */ = {isa = PBXFileReference; fileEncoding = 4; lastKnownFileType = sourcecode.c.h; path = GWindow.h; sourceTree = "<group>"; };
		38A2EE431495FFF100772423 /* GWindow.m */ = {isa = PBXFileReference; fileEncoding = 4; lastKnownFileType = sourcecode.c.objc; path = GWindow.m; sourceTree = "<group>"; };
		38A2EE75149608A400772423 /* GPrefix.h */ = {isa = PBXFileReference; fileEncoding = 4; lastKnownFileType = sourcecode.c.h; path = GPrefix.h; sourceTree = "<group>"; };
		38FA0EC61495ABFF00F75BAE /* GDisplay.h */ = {isa = PBXFileReference; fileEncoding = 4; lastKnownFileType = sourcecode.c.h; path = GDisplay.h; sourceTree = "<group>"; };
		38FA0EC71495ABFF00F75BAE /* GDisplay.mm */ = {isa = PBXFileReference; fileEncoding = 4; lastKnownFileType = sourcecode.cpp.objcpp; path = GDisplay.mm; sourceTree = "<group>"; };
		38FB7F5614971BDA006F40FE /* GApplication.h */ = {isa = PBXFileReference; fileEncoding = 4; lastKnownFileType = sourcecode.c.h; path = GApplication.h; sourceTree = "<group>"; };
		38FB7F5714971BDA006F40FE /* GApplication.m */ = {isa = PBXFileReference; fileEncoding = 4; lastKnownFileType = sourcecode.c.objc; path = GApplication.m; sourceTree = "<group>"; };
/* End PBXFileReference section */

/* Begin PBXFrameworksBuildPhase section */
		3852089C117434FD00640971 /* Frameworks */ = {
			isa = PBXFrameworksBuildPhase;
			buildActionMask = 2147483647;
			files = (
				382D217C11D98E5C009C8EF5 /* OpenGL.framework in Frameworks */,
				382D219011D98E62009C8EF5 /* AppKit.framework in Frameworks */,
				382D224611D98E6A009C8EF5 /* Foundation.framework in Frameworks */,
				382D22C711D98E80009C8EF5 /* ApplicationServices.framework in Frameworks */,
				389F7FCD141D4ECD00123790 /* CoreVideo.framework in Frameworks */,
				38A2ECD11495EBA700772423 /* Carbon.framework in Frameworks */,
			);
			runOnlyForDeploymentPostprocessing = 0;
		};
/* End PBXFrameworksBuildPhase section */

/* Begin PBXGroup section */
		3813312914141F8600B8CE5B /* space */ = {
			isa = PBXGroup;
			children = (
				3813312A14141F8600B8CE5B /* entity.cpp */,
				3813312B14141F8600B8CE5B /* entity.hpp */,
				3813312C14141F8600B8CE5B /* gamescreen.cpp */,
				3813312D14141F8600B8CE5B /* gamescreen.hpp */,
				3813312E14141F8600B8CE5B /* main.cpp */,
				3813312F14141F8600B8CE5B /* player.cpp */,
				3813313014141F8600B8CE5B /* player.hpp */,
				3813313114141F8600B8CE5B /* random.cpp */,
				3813313214141F8600B8CE5B /* random.hpp */,
				3813313314141F8600B8CE5B /* scenery.cpp */,
				3813313414141F8600B8CE5B /* scenery.hpp */,
				3813313514141F8600B8CE5B /* shapes.cpp */,
				3813313614141F8600B8CE5B /* shapes.hpp */,
				3813313714141F8600B8CE5B /* ship.cpp */,
				3813313814141F8600B8CE5B /* ship.hpp */,
				3813313914141F8600B8CE5B /* shot.cpp */,
				3813313A14141F8600B8CE5B /* shot.hpp */,
				3813313B14141F8600B8CE5B /* stars.cpp */,
				3813313C14141F8600B8CE5B /* stars.hpp */,
				3813313D14141F8600B8CE5B /* thinker.cpp */,
				3813313E14141F8600B8CE5B /* thinker.hpp */,
				3813313F14141F8600B8CE5B /* vector.hpp */,
				3813314014141F8600B8CE5B /* world.cpp */,
				3813314114141F8600B8CE5B /* world.hpp */,
			);
			path = space;
			sourceTree = "<group>";
		};
		3813314214141F8600B8CE5B /* tank */ = {
			isa = PBXGroup;
			children = (
				3813314314141F8600B8CE5B /* explosion.cpp */,
				3813314414141F8600B8CE5B /* explosion.hpp */,
				3813314514141F8600B8CE5B /* gamescreen.cpp */,
				3813314614141F8600B8CE5B /* gamescreen.hpp */,
				3813314714141F8600B8CE5B /* object.cpp */,
				3813314814141F8600B8CE5B /* object.hpp */,
				3813314914141F8600B8CE5B /* obstacle.cpp */,
				3813314A14141F8600B8CE5B /* obstacle.hpp */,
				3813314B14141F8600B8CE5B /* player.cpp */,
				3813314C14141F8600B8CE5B /* player.hpp */,
				3813314D14141F8600B8CE5B /* shot.cpp */,
				3813314E14141F8600B8CE5B /* shot.hpp */,
				3813314F14141F8600B8CE5B /* world.cpp */,
				3813315014141F8600B8CE5B /* world.hpp */,
			);
			path = tank;
			sourceTree = "<group>";
		};
		382C270D12119CA10048F4BF /* game */ = {
			isa = PBXGroup;
			children = (
				3813312914141F8600B8CE5B /* space */,
				3813314214141F8600B8CE5B /* tank */,
			);
			path = game;
			sourceTree = "<group>";
		};
		382D217911D98E4C009C8EF5 /* frameworks */ = {
			isa = PBXGroup;
			children = (
				382D218F11D98E62009C8EF5 /* AppKit.framework */,
				382D224511D98E6A009C8EF5 /* Foundation.framework */,
				382D217B11D98E5C009C8EF5 /* OpenGL.framework */,
				382D22C611D98E80009C8EF5 /* ApplicationServices.framework */,
				389F7FCC141D4ECD00123790 /* CoreVideo.framework */,
				38A2ECD01495EBA700772423 /* Carbon.framework */,
			);
			name = frameworks;
			sourceTree = "<group>";
		};
		38520882117432D900640971 = {
			isa = PBXGroup;
			children = (
				382D217911D98E4C009C8EF5 /* frameworks */,
				385208AC11743F5000640971 /* mac */,
				385208A911743F4100640971 /* src */,
				38709F0D1330B45C00DA858D /* data */,
				3852089F117434FD00640971 /* Products */,
			);
			sourceTree = "<group>";
		};
		3852089F117434FD00640971 /* Products */ = {
			isa = PBXGroup;
			children = (
				3852089E117434FD00640971 /* Game.app */,
			);
			name = Products;
			sourceTree = "<group>";
		};
		385208A911743F4100640971 /* src */ = {
			isa = PBXGroup;
			children = (
				38A2E8601499D08300A820A9 /* client */,
				382C270D12119CA10048F4BF /* game */,
				3871E28F141ACA83000DF3D6 /* mac */,
				3871E259141ACA38000DF3D6 /* sdl */,
				38709EC41330A5A200DA858D /* sys */,
			);
			path = src;
			sourceTree = SOURCE_ROOT;
			usesTabs = 0;
		};
		385208AC11743F5000640971 /* mac */ = {
			isa = PBXGroup;
			children = (
				385208A1117434FD00640971 /* Game-Info.plist */,
				3871E296141ACAF7000DF3D6 /* MainMenu.xib */,
			);
			path = mac;
			sourceTree = "<group>";
			usesTabs = 0;
		};
		38709EC41330A5A200DA858D /* sys */ = {
			isa = PBXGroup;
			children = (
				38709F701330BF5900DA858D /* autocf_osx.hpp */,
				38709EC61330A5A200DA858D /* buffer.hpp */,
				3871E2A7141ACFB6000DF3D6 /* clock.hpp */,
				38A2E8E61499D13B00A820A9 /* clock.cpp */,
				38709EC91330A5A200DA858D /* configfile.cpp */,
				38709ECA1330A5A200DA858D /* configfile.hpp */,
				38709ECC1330A5A200DA858D /* ifile.cpp */,
				38709ECD1330A5A200DA858D /* ifile.hpp */,
				38709ECE1330A5A200DA858D /* ifilereg.cpp */,
				38709ECF1330A5A200DA858D /* ifilereg.hpp */,
				38709ED01330A5A200DA858D /* parseconfig.cpp */,
				38709ED11330A5A200DA858D /* path.cpp */,
				38709F1F1330B66D00DA858D /* path_linux.cpp */,
				38709F261330B6FD00DA858D /* path_osx.cpp */,
				38709F221330B6A600DA858D /* path_xdg.cpp */,
				38709ED21330A5A200DA858D /* path.hpp */,
				38A2E8CE1499D0E500A820A9 /* rand.cpp */,
				38A2E8CF1499D0E500A820A9 /* rand.hpp */,
				38709ED31330A5A200DA858D /* resource.cpp */,
				38709ED41330A5A200DA858D /* resource.hpp */,
				38709ED51330A5A200DA858D /* sharedref.hpp */,
				38709ED61330A5A200DA858D /* stringarray.cpp */,
				38709ED71330A5A200DA858D /* stringarray.hpp */,
				38709ED81330A5A200DA858D /* system_error.cpp */,
				38709ED91330A5A200DA858D /* system_error.hpp */,
				38709EDA1330A5A200DA858D /* testconfig.cpp */,
			);
			path = sys;
			sourceTree = "<group>";
		};
		3871E259141ACA38000DF3D6 /* sdl */ = {
			isa = PBXGroup;
			children = (
				3871E25A141ACA38000DF3D6 /* main.cpp */,
			);
			path = sdl;
			sourceTree = "<group>";
		};
		3871E28F141ACA83000DF3D6 /* mac */ = {
			isa = PBXGroup;
			children = (
				38FB7F5614971BDA006F40FE /* GApplication.h */,
				38FB7F5714971BDA006F40FE /* GApplication.m */,
				3871E299141ACB60000DF3D6 /* GController.h */,
				3871E29A141ACB60000DF3D6 /* GController.mm */,
				38FA0EC61495ABFF00F75BAE /* GDisplay.h */,
				38FA0EC71495ABFF00F75BAE /* GDisplay.mm */,
				3871E293141ACAA3000DF3D6 /* GMain.m */,
				38A2EE75149608A400772423 /* GPrefix.h */,
				3871E29F141ACEA6000DF3D6 /* GView.h */,
				3871E2A0141ACEA6000DF3D6 /* GView.mm */,
				38A2EE421495FFF100772423 /* GWindow.h */,
				38A2EE431495FFF100772423 /* GWindow.m */,
			);
			path = mac;
			sourceTree = "<group>";
		};
		38A2E8601499D08300A820A9 /* client */ = {
			isa = PBXGroup;
			children = (
				38A2E8611499D08300A820A9 /* color.hpp */,
				38A2E8621499D08300A820A9 /* dummytexture.cpp */,
				38A2E8631499D08300A820A9 /* dummytexture.hpp */,
				38A2E8641499D08300A820A9 /* keyboard */,
				38A2E8741499D08300A820A9 /* model.cpp */,
				38A2E8751499D08300A820A9 /* model.hpp */,
				38A2E8761499D08300A820A9 /* opengl.hpp */,
				38A2E8771499D08300A820A9 /* scene */,
				38A2E87E1499D08300A820A9 /* texture.cpp */,
				38A2E87F1499D08300A820A9 /* texture.hpp */,
				38A2E8801499D08300A820A9 /* texturefile.cpp */,
				38A2E8811499D08300A820A9 /* texturefile.hpp */,
				38A2E8821499D08300A820A9 /* type */,
				38A2E88C1499D08300A820A9 /* ui */,
			);
			path = client;
			sourceTree = "<group>";
		};
		38A2E8641499D08300A820A9 /* keyboard */ = {
			isa = PBXGroup;
			children = (
				38A2E8651499D08300A820A9 /* evdev.txt */,
				38A2E8661499D08300A820A9 /* keycode.h */,
				38A2E8671499D08300A820A9 /* keycode.py */,
				38A2E8681499D08300A820A9 /* keycode.txt */,
				38A2E8691499D08300A820A9 /* keyid.c */,
				38A2E86A1499D08300A820A9 /* keyid.h */,
				38A2E86B1499D08300A820A9 /* keytable.h */,
				38A2E86C1499D08300A820A9 /* keytable_evdev.c */,
				38A2E86D1499D08300A820A9 /* keytable_mac.c */,
				38A2E86E1499D08300A820A9 /* mac.py */,
				38A2E86F1499D08300A820A9 /* mac.txt */,
				38A2E8701499D08300A820A9 /* mac2.txt */,
				38A2E8711499D08300A820A9 /* README.txt */,
				38A2E8721499D08300A820A9 /* xkb.py */,
				38A2E8731499D08300A820A9 /* xkb.txt */,
			);
			path = keyboard;
			sourceTree = "<group>";
		};
		38A2E8771499D08300A820A9 /* scene */ = {
			isa = PBXGroup;
			children = (
				38A2E8781499D08300A820A9 /* group.cpp */,
				38A2E8791499D08300A820A9 /* group.hpp */,
				38A2E87A1499D08300A820A9 /* leafobject.cpp */,
				38A2E87B1499D08300A820A9 /* leafobject.hpp */,
				38A2E87C1499D08300A820A9 /* object.cpp */,
				38A2E87D1499D08300A820A9 /* object.hpp */,
			);
			path = scene;
			sourceTree = "<group>";
		};
		38A2E8821499D08300A820A9 /* type */ = {
			isa = PBXGroup;
			children = (
				38A2E8831499D08300A820A9 /* font.hpp */,
				38A2E8841499D08300A820A9 /* font_osx.cpp */,
				38A2E8851499D08300A820A9 /* font_osx.hpp */,
				38A2E8861499D08300A820A9 /* font_pango.cpp */,
				38A2E8871499D08300A820A9 /* font_pango.hpp */,
				38A2E8881499D08300A820A9 /* rastertext.cpp */,
				38A2E8891499D08300A820A9 /* rastertext.hpp */,
				38A2E88A1499D08300A820A9 /* rastertext_cairo.cpp */,
				38A2E88B1499D08300A820A9 /* rastertext_osx.cpp */,
			);
			path = type;
			sourceTree = "<group>";
		};
		38A2E88C1499D08300A820A9 /* ui */ = {
			isa = PBXGroup;
			children = (
				38A2E88D1499D08300A820A9 /* action.hpp */,
				38A2E88E1499D08300A820A9 /* button.cpp */,
				38A2E88F1499D08300A820A9 /* button.hpp */,
				38A2E8901499D08300A820A9 /* event.hpp */,
				38A2E8911499D08300A820A9 /* geometry.hpp */,
				38A2E924149A51C700A820A9 /* keymanager.cpp */,
				38A2E925149A51C700A820A9 /* keymanager.hpp */,
				38A2E8921499D08300A820A9 /* menu.cpp */,
				38A2E8931499D08300A820A9 /* menu.hpp */,
				38A2E8941499D08300A820A9 /* mousemanager.cpp */,
				38A2E8951499D08300A820A9 /* mousemanager.hpp */,
				38A2E8961499D08300A820A9 /* screen.cpp */,
				38A2E8971499D08300A820A9 /* screen.hpp */,
				38A2E8981499D08300A820A9 /* widget.cpp */,
				38A2E8991499D08300A820A9 /* widget.hpp */,
				38A2E89A1499D08300A820A9 /* window.cpp */,
				38A2E89B1499D08300A820A9 /* window.hpp */,
			);
			path = ui;
			sourceTree = "<group>";
		};
/* End PBXGroup section */

/* Begin PBXNativeTarget section */
		3852089D117434FD00640971 /* Game */ = {
			isa = PBXNativeTarget;
			buildConfigurationList = 385208A4117434FF00640971 /* Build configuration list for PBXNativeTarget "Game" */;
			buildPhases = (
				3852089A117434FD00640971 /* Resources */,
				3852089B117434FD00640971 /* Sources */,
				3852089C117434FD00640971 /* Frameworks */,
			);
			buildRules = (
			);
			dependencies = (
			);
			name = Game;
			productName = Game;
			productReference = 3852089E117434FD00640971 /* Game.app */;
			productType = "com.apple.product-type.application";
		};
/* End PBXNativeTarget section */

/* Begin PBXProject section */
		38520884117432D900640971 /* Project object */ = {
			isa = PBXProject;
			buildConfigurationList = 38520887117432D900640971 /* Build configuration list for PBXProject "game" */;
			compatibilityVersion = "Xcode 2.4";
			hasScannedForEncodings = 0;
			mainGroup = 38520882117432D900640971;
			productRefGroup = 3852089F117434FD00640971 /* Products */;
			projectDirPath = "";
			projectRoot = "";
			targets = (
				3852089D117434FD00640971 /* Game */,
			);
		};
/* End PBXProject section */

/* Begin PBXResourcesBuildPhase section */
		3852089A117434FD00640971 /* Resources */ = {
			isa = PBXResourcesBuildPhase;
			buildActionMask = 2147483647;
			files = (
				38709F181330B45C00DA858D /* data in Resources */,
				3871E297141ACAF7000DF3D6 /* MainMenu.xib in Resources */,
			);
			runOnlyForDeploymentPostprocessing = 0;
		};
/* End PBXResourcesBuildPhase section */

/* Begin PBXSourcesBuildPhase section */
		3852089B117434FD00640971 /* Sources */ = {
			isa = PBXSourcesBuildPhase;
			buildActionMask = 2147483647;
			files = (
				38709EDF1330A5A200DA858D /* ifile.cpp in Sources */,
				38709EE01330A5A200DA858D /* ifilereg.cpp in Sources */,
				38709EE21330A5A200DA858D /* path.cpp in Sources */,
				38709EE31330A5A200DA858D /* resource.cpp in Sources */,
				38709EE41330A5A200DA858D /* stringarray.cpp in Sources */,
				38709EE51330A5A200DA858D /* system_error.cpp in Sources */,
				38709F4C1330B7CA00DA858D /* path_osx.cpp in Sources */,
				3813315114141F8600B8CE5B /* entity.cpp in Sources */,
				3813315214141F8600B8CE5B /* gamescreen.cpp in Sources */,
				3813315314141F8600B8CE5B /* main.cpp in Sources */,
				3813315414141F8600B8CE5B /* player.cpp in Sources */,
				3813315514141F8600B8CE5B /* random.cpp in Sources */,
				3813315614141F8600B8CE5B /* scenery.cpp in Sources */,
				3813315714141F8600B8CE5B /* shapes.cpp in Sources */,
				3813315814141F8600B8CE5B /* ship.cpp in Sources */,
				3813315914141F8600B8CE5B /* shot.cpp in Sources */,
				3813315A14141F8600B8CE5B /* stars.cpp in Sources */,
				3813315B14141F8600B8CE5B /* thinker.cpp in Sources */,
				3813315C14141F8600B8CE5B /* world.cpp in Sources */,
				3813315D14141F8600B8CE5B /* explosion.cpp in Sources */,
				3813315E14141F8600B8CE5B /* gamescreen.cpp in Sources */,
				3813315F14141F8600B8CE5B /* object.cpp in Sources */,
				3813316014141F8600B8CE5B /* obstacle.cpp in Sources */,
				3813316114141F8600B8CE5B /* player.cpp in Sources */,
				3813316214141F8600B8CE5B /* shot.cpp in Sources */,
				3813316314141F8600B8CE5B /* world.cpp in Sources */,
				3871E294141ACAA3000DF3D6 /* GMain.m in Sources */,
				3871E29B141ACB60000DF3D6 /* GController.mm in Sources */,
				3871E2A1141ACEA6000DF3D6 /* GView.mm in Sources */,
				38FA0EC81495ABFF00F75BAE /* GDisplay.mm in Sources */,
				38A2EE441495FFF100772423 /* GWindow.m in Sources */,
				38FB7F5814971BDA006F40FE /* GApplication.m in Sources */,
				38A2E89C1499D08300A820A9 /* dummytexture.cpp in Sources */,
				38A2E8A01499D08300A820A9 /* keyid.c in Sources */,
				38A2E8A21499D08300A820A9 /* keytable_mac.c in Sources */,
				38A2E8A91499D08300A820A9 /* model.cpp in Sources */,
				38A2E8AA1499D08300A820A9 /* group.cpp in Sources */,
				38A2E8AB1499D08300A820A9 /* leafobject.cpp in Sources */,
				38A2E8AC1499D08300A820A9 /* object.cpp in Sources */,
				38A2E8AD1499D08300A820A9 /* texture.cpp in Sources */,
				38A2E8AE1499D08300A820A9 /* texturefile.cpp in Sources */,
				38A2E8AF1499D08300A820A9 /* font_osx.cpp in Sources */,
				38A2E8B11499D08300A820A9 /* rastertext.cpp in Sources */,
				38A2E8B31499D08300A820A9 /* rastertext_osx.cpp in Sources */,
				38A2E8B41499D08300A820A9 /* button.cpp in Sources */,
				38A2E8B51499D08300A820A9 /* menu.cpp in Sources */,
				38A2E8B61499D08300A820A9 /* mousemanager.cpp in Sources */,
				38A2E8B71499D08300A820A9 /* screen.cpp in Sources */,
				38A2E8B81499D08300A820A9 /* widget.cpp in Sources */,
				38A2E8B91499D08300A820A9 /* window.cpp in Sources */,
				38A2E8D01499D0E500A820A9 /* rand.cpp in Sources */,
				38A2E8E71499D13B00A820A9 /* clock.cpp in Sources */,
				38A2E926149A51C700A820A9 /* keymanager.cpp in Sources */,
			);
			runOnlyForDeploymentPostprocessing = 0;
		};
/* End PBXSourcesBuildPhase section */

/* Begin XCBuildConfiguration section */
		38520885117432D900640971 /* Debug */ = {
			isa = XCBuildConfiguration;
			buildSettings = {
				COPY_PHASE_STRIP = NO;
				GCC_PRECOMPILE_PREFIX_HEADER = YES;
				GCC_PREFIX_HEADER = src/mac/GPrefix.h;
				GCC_PREPROCESSOR_DEFINITIONS = "PACKAGE_NAME=\\\"game\\\"";
				GCC_VERSION = 4.2;
				GCC_WARN_EFFECTIVE_CPLUSPLUS_VIOLATIONS = NO;
				WARNING_CFLAGS = (
					"-Wall",
					"-Wextra",
				);
			};
			name = Debug;
		};
		38520886117432D900640971 /* Release */ = {
			isa = XCBuildConfiguration;
			buildSettings = {
				COPY_PHASE_STRIP = YES;
				GCC_PRECOMPILE_PREFIX_HEADER = YES;
				GCC_PREFIX_HEADER = src/mac/GPrefix.h;
				GCC_PREPROCESSOR_DEFINITIONS = "PACKAGE_NAME=\\\"game\\\"";
				GCC_VERSION = 4.2;
				GCC_WARN_EFFECTIVE_CPLUSPLUS_VIOLATIONS = NO;
				WARNING_CFLAGS = (
					"-Wall",
					"-Wextra",
				);
			};
			name = Release;
		};
		385208A2117434FE00640971 /* Debug */ = {
			isa = XCBuildConfiguration;
			buildSettings = {
				ALWAYS_SEARCH_USER_PATHS = NO;
				COPY_PHASE_STRIP = NO;
				FRAMEWORK_SEARCH_PATHS = (
					"$(inherited)",
					"$(FRAMEWORK_SEARCH_PATHS_QUOTED_FOR_TARGET_1)",
				);
				FRAMEWORK_SEARCH_PATHS_QUOTED_FOR_TARGET_1 = "\"$(SYSTEM_LIBRARY_DIR)/Frameworks/ApplicationServices.framework/Frameworks\"";
				GCC_DYNAMIC_NO_PIC = NO;
				GCC_ENABLE_FIX_AND_CONTINUE = YES;
				GCC_MODEL_TUNING = G5;
				GCC_OPTIMIZATION_LEVEL = 0;
				GCC_PRECOMPILE_PREFIX_HEADER = YES;
				HEADER_SEARCH_PATHS = (
					src,
					"$(HEADER_SEARCH_PATHS)",
				);
				INFOPLIST_FILE = "mac/Game-Info.plist";
				INSTALL_PATH = "$(HOME)/Applications";
				OTHER_LDFLAGS = (
					"-framework",
					Foundation,
					"-framework",
					AppKit,
					"-framework",
					OpenGL,
				);
				PREBINDING = NO;
				PRODUCT_NAME = Game;
			};
			name = Debug;
		};
		385208A3117434FE00640971 /* Release */ = {
			isa = XCBuildConfiguration;
			buildSettings = {
				ALWAYS_SEARCH_USER_PATHS = NO;
				ARCHS = "$(ARCHS_STANDARD_32_BIT_PRE_XCODE_3_1)";
				ARCHS_STANDARD_32_BIT_PRE_XCODE_3_1 = "ppc i386";
				COPY_PHASE_STRIP = YES;
				DEBUG_INFORMATION_FORMAT = "dwarf-with-dsym";
				FRAMEWORK_SEARCH_PATHS = (
					"$(inherited)",
					"$(FRAMEWORK_SEARCH_PATHS_QUOTED_FOR_TARGET_1)",
				);
				FRAMEWORK_SEARCH_PATHS_QUOTED_FOR_TARGET_1 = "\"$(SYSTEM_LIBRARY_DIR)/Frameworks/ApplicationServices.framework/Frameworks\"";
				GCC_ENABLE_FIX_AND_CONTINUE = NO;
				GCC_MODEL_TUNING = G5;
				GCC_PRECOMPILE_PREFIX_HEADER = YES;
				HEADER_SEARCH_PATHS = (
					src,
					"$(HEADER_SEARCH_PATHS)",
				);
				INFOPLIST_FILE = "mac/Game-Info.plist";
				INSTALL_PATH = "$(HOME)/Applications";
				OTHER_LDFLAGS = (
					"-framework",
					Foundation,
					"-framework",
					AppKit,
					"-framework",
					OpenGL,
				);
				PREBINDING = NO;
				PRODUCT_NAME = Game;
				ZERO_LINK = NO;
			};
			name = Release;
		};
/* End XCBuildConfiguration section */

/* Begin XCConfigurationList section */
		38520887117432D900640971 /* Build configuration list for PBXProject "game" */ = {
			isa = XCConfigurationList;
			buildConfigurations = (
				38520885117432D900640971 /* Debug */,
				38520886117432D900640971 /* Release */,
			);
			defaultConfigurationIsVisible = 0;
			defaultConfigurationName = Release;
		};
		385208A4117434FF00640971 /* Build configuration list for PBXNativeTarget "Game" */ = {
			isa = XCConfigurationList;
			buildConfigurations = (
				385208A2117434FE00640971 /* Debug */,
				385208A3117434FE00640971 /* Release */,
			);
			defaultConfigurationIsVisible = 0;
			defaultConfigurationName = Release;
		};
/* End XCConfigurationList section */
	};
	rootObject = 38520884117432D900640971 /* Project object */;
}
