// !$*UTF8*$!
{
	archiveVersion = 1;
	classes = {
	};
	objectVersion = 42;
	objects = {

/* Begin PBXBuildFile section */
		382A9B231176B235007B06CC /* object.cpp in Sources */ = {isa = PBXBuildFile; fileRef = 382A9B1E1176B235007B06CC /* object.cpp */; };
		382A9B241176B235007B06CC /* world.cpp in Sources */ = {isa = PBXBuildFile; fileRef = 382A9B201176B235007B06CC /* world.cpp */; };
		382A9B5B1176DCE6007B06CC /* color.cpp in Sources */ = {isa = PBXBuildFile; fileRef = 382A9B5A1176DCE6007B06CC /* color.cpp */; };
		3834EBFC117441BB0070CBE5 /* main.cpp in Sources */ = {isa = PBXBuildFile; fileRef = 3834EBFB117441BB0070CBE5 /* main.cpp */; };
		385208A81174351800640971 /* SDLMain.m in Sources */ = {isa = PBXBuildFile; fileRef = 385208A71174351800640971 /* SDLMain.m */; };
		38B2409A117BADFE00903838 /* explosion.cpp in Sources */ = {isa = PBXBuildFile; fileRef = 38B24098117BADFE00903838 /* explosion.cpp */; };
		38B2409D117BAE0800903838 /* rand.cpp in Sources */ = {isa = PBXBuildFile; fileRef = 38B2409B117BAE0800903838 /* rand.cpp */; };
		38C4612E1179796600E239D6 /* obstacle.cpp in Sources */ = {isa = PBXBuildFile; fileRef = 38C4612D1179796600E239D6 /* obstacle.cpp */; };
		38C4615311797A1A00E239D6 /* model.cpp in Sources */ = {isa = PBXBuildFile; fileRef = 38C4615111797A1A00E239D6 /* model.cpp */; };
		38C4DE2B117A44E200AA242C /* player.cpp in Sources */ = {isa = PBXBuildFile; fileRef = 38C4DE29117A44E200AA242C /* player.cpp */; };
		38C4DE45117A676600AA242C /* shot.cpp in Sources */ = {isa = PBXBuildFile; fileRef = 38C4DE43117A676600AA242C /* shot.cpp */; };
/* End PBXBuildFile section */

/* Begin PBXFileReference section */
		382A9B1E1176B235007B06CC /* object.cpp */ = {isa = PBXFileReference; fileEncoding = 4; lastKnownFileType = sourcecode.cpp.cpp; path = object.cpp; sourceTree = "<group>"; };
		382A9B1F1176B235007B06CC /* object.hpp */ = {isa = PBXFileReference; fileEncoding = 4; lastKnownFileType = sourcecode.cpp.h; path = object.hpp; sourceTree = "<group>"; };
		382A9B201176B235007B06CC /* world.cpp */ = {isa = PBXFileReference; fileEncoding = 4; lastKnownFileType = sourcecode.cpp.cpp; path = world.cpp; sourceTree = "<group>"; };
		382A9B211176B235007B06CC /* world.hpp */ = {isa = PBXFileReference; fileEncoding = 4; lastKnownFileType = sourcecode.cpp.h; path = world.hpp; sourceTree = "<group>"; };
		382A9B541176DC20007B06CC /* color.hpp */ = {isa = PBXFileReference; fileEncoding = 4; lastKnownFileType = sourcecode.cpp.h; path = color.hpp; sourceTree = "<group>"; };
		382A9B5A1176DCE6007B06CC /* color.cpp */ = {isa = PBXFileReference; fileEncoding = 4; lastKnownFileType = sourcecode.cpp.cpp; path = color.cpp; sourceTree = "<group>"; };
		3834EBFB117441BB0070CBE5 /* main.cpp */ = {isa = PBXFileReference; fileEncoding = 4; lastKnownFileType = sourcecode.cpp.cpp; path = main.cpp; sourceTree = "<group>"; };
		3852089E117434FD00640971 /* Game.app */ = {isa = PBXFileReference; explicitFileType = wrapper.application; includeInIndex = 0; path = Game.app; sourceTree = BUILT_PRODUCTS_DIR; };
		385208A1117434FD00640971 /* Game-Info.plist */ = {isa = PBXFileReference; lastKnownFileType = text.plist.xml; path = "Game-Info.plist"; sourceTree = "<group>"; };
		385208A61174351800640971 /* SDLMain.h */ = {isa = PBXFileReference; fileEncoding = 4; lastKnownFileType = sourcecode.c.h; path = SDLMain.h; sourceTree = "<group>"; };
		385208A71174351800640971 /* SDLMain.m */ = {isa = PBXFileReference; fileEncoding = 4; lastKnownFileType = sourcecode.c.objc; path = SDLMain.m; sourceTree = "<group>"; };
		38B24098117BADFE00903838 /* explosion.cpp */ = {isa = PBXFileReference; fileEncoding = 4; lastKnownFileType = sourcecode.cpp.cpp; path = explosion.cpp; sourceTree = "<group>"; };
		38B24099117BADFE00903838 /* explosion.hpp */ = {isa = PBXFileReference; fileEncoding = 4; lastKnownFileType = sourcecode.cpp.h; path = explosion.hpp; sourceTree = "<group>"; };
		38B2409B117BAE0800903838 /* rand.cpp */ = {isa = PBXFileReference; fileEncoding = 4; lastKnownFileType = sourcecode.cpp.cpp; path = rand.cpp; sourceTree = "<group>"; };
		38B2409C117BAE0800903838 /* rand.hpp */ = {isa = PBXFileReference; fileEncoding = 4; lastKnownFileType = sourcecode.cpp.h; path = rand.hpp; sourceTree = "<group>"; };
		38C4612D1179796600E239D6 /* obstacle.cpp */ = {isa = PBXFileReference; fileEncoding = 4; lastKnownFileType = sourcecode.cpp.cpp; path = obstacle.cpp; sourceTree = "<group>"; };
		38C4612F1179796900E239D6 /* obstacle.hpp */ = {isa = PBXFileReference; fileEncoding = 4; lastKnownFileType = sourcecode.cpp.h; path = obstacle.hpp; sourceTree = "<group>"; };
		38C4615111797A1A00E239D6 /* model.cpp */ = {isa = PBXFileReference; fileEncoding = 4; lastKnownFileType = sourcecode.cpp.cpp; path = model.cpp; sourceTree = "<group>"; };
		38C4615211797A1A00E239D6 /* model.hpp */ = {isa = PBXFileReference; fileEncoding = 4; lastKnownFileType = sourcecode.cpp.h; path = model.hpp; sourceTree = "<group>"; };
		38C4DE29117A44E200AA242C /* player.cpp */ = {isa = PBXFileReference; fileEncoding = 4; lastKnownFileType = sourcecode.cpp.cpp; path = player.cpp; sourceTree = "<group>"; };
		38C4DE2A117A44E200AA242C /* player.hpp */ = {isa = PBXFileReference; fileEncoding = 4; lastKnownFileType = sourcecode.cpp.h; path = player.hpp; sourceTree = "<group>"; };
		38C4DE43117A676600AA242C /* shot.cpp */ = {isa = PBXFileReference; fileEncoding = 4; lastKnownFileType = sourcecode.cpp.cpp; path = shot.cpp; sourceTree = "<group>"; };
		38C4DE44117A676600AA242C /* shot.hpp */ = {isa = PBXFileReference; fileEncoding = 4; lastKnownFileType = sourcecode.cpp.h; path = shot.hpp; sourceTree = "<group>"; };
/* End PBXFileReference section */

/* Begin PBXFrameworksBuildPhase section */
		3852089C117434FD00640971 /* Frameworks */ = {
			isa = PBXFrameworksBuildPhase;
			buildActionMask = 2147483647;
			files = (
			);
			runOnlyForDeploymentPostprocessing = 0;
		};
/* End PBXFrameworksBuildPhase section */

/* Begin PBXGroup section */
		38520882117432D900640971 = {
			isa = PBXGroup;
			children = (
				385208AC11743F5000640971 /* mac */,
				385208A911743F4100640971 /* src */,
				3852089F117434FD00640971 /* Products */,
			);
			sourceTree = "<group>";
		};
		3852089F117434FD00640971 /* Products */ = {
			isa = PBXGroup;
			children = (
				3852089E117434FD00640971 /* Game.app */,
			);
			name = Products;
			sourceTree = "<group>";
		};
		385208A911743F4100640971 /* src */ = {
			isa = PBXGroup;
			children = (
				382A9B5A1176DCE6007B06CC /* color.cpp */,
				382A9B541176DC20007B06CC /* color.hpp */,
				38B24098117BADFE00903838 /* explosion.cpp */,
				38B24099117BADFE00903838 /* explosion.hpp */,
				3834EBFB117441BB0070CBE5 /* main.cpp */,
				38C4615111797A1A00E239D6 /* model.cpp */,
				38C4615211797A1A00E239D6 /* model.hpp */,
				382A9B1E1176B235007B06CC /* object.cpp */,
				382A9B1F1176B235007B06CC /* object.hpp */,
				38C4612D1179796600E239D6 /* obstacle.cpp */,
				38C4612F1179796900E239D6 /* obstacle.hpp */,
				38C4DE29117A44E200AA242C /* player.cpp */,
				38C4DE2A117A44E200AA242C /* player.hpp */,
				38B2409B117BAE0800903838 /* rand.cpp */,
				38B2409C117BAE0800903838 /* rand.hpp */,
				38C4DE43117A676600AA242C /* shot.cpp */,
				38C4DE44117A676600AA242C /* shot.hpp */,
				382A9B201176B235007B06CC /* world.cpp */,
				382A9B211176B235007B06CC /* world.hpp */,
			);
			name = src;
			path = ../src;
			sourceTree = SOURCE_ROOT;
		};
		385208AC11743F5000640971 /* mac */ = {
			isa = PBXGroup;
			children = (
				385208A61174351800640971 /* SDLMain.h */,
				385208A71174351800640971 /* SDLMain.m */,
				385208A1117434FD00640971 /* Game-Info.plist */,
			);
			name = mac;
			sourceTree = "<group>";
		};
/* End PBXGroup section */

/* Begin PBXNativeTarget section */
		3852089D117434FD00640971 /* Game */ = {
			isa = PBXNativeTarget;
			buildConfigurationList = 385208A4117434FF00640971 /* Build configuration list for PBXNativeTarget "Game" */;
			buildPhases = (
				3852089A117434FD00640971 /* Resources */,
				3852089B117434FD00640971 /* Sources */,
				3852089C117434FD00640971 /* Frameworks */,
			);
			buildRules = (
			);
			dependencies = (
			);
			name = Game;
			productName = Game;
			productReference = 3852089E117434FD00640971 /* Game.app */;
			productType = "com.apple.product-type.application";
		};
/* End PBXNativeTarget section */

/* Begin PBXProject section */
		38520884117432D900640971 /* Project object */ = {
			isa = PBXProject;
			buildConfigurationList = 38520887117432D900640971 /* Build configuration list for PBXProject "game" */;
			compatibilityVersion = "Xcode 2.4";
			hasScannedForEncodings = 0;
			mainGroup = 38520882117432D900640971;
			productRefGroup = 3852089F117434FD00640971 /* Products */;
			projectDirPath = "";
			projectRoot = "";
			targets = (
				3852089D117434FD00640971 /* Game */,
			);
		};
/* End PBXProject section */

/* Begin PBXResourcesBuildPhase section */
		3852089A117434FD00640971 /* Resources */ = {
			isa = PBXResourcesBuildPhase;
			buildActionMask = 2147483647;
			files = (
			);
			runOnlyForDeploymentPostprocessing = 0;
		};
/* End PBXResourcesBuildPhase section */

/* Begin PBXSourcesBuildPhase section */
		3852089B117434FD00640971 /* Sources */ = {
			isa = PBXSourcesBuildPhase;
			buildActionMask = 2147483647;
			files = (
				385208A81174351800640971 /* SDLMain.m in Sources */,
				3834EBFC117441BB0070CBE5 /* main.cpp in Sources */,
				382A9B231176B235007B06CC /* object.cpp in Sources */,
				382A9B241176B235007B06CC /* world.cpp in Sources */,
				382A9B5B1176DCE6007B06CC /* color.cpp in Sources */,
				38C4612E1179796600E239D6 /* obstacle.cpp in Sources */,
				38C4615311797A1A00E239D6 /* model.cpp in Sources */,
				38C4DE2B117A44E200AA242C /* player.cpp in Sources */,
				38C4DE45117A676600AA242C /* shot.cpp in Sources */,
				38B2409A117BADFE00903838 /* explosion.cpp in Sources */,
				38B2409D117BAE0800903838 /* rand.cpp in Sources */,
			);
			runOnlyForDeploymentPostprocessing = 0;
		};
/* End PBXSourcesBuildPhase section */

/* Begin XCBuildConfiguration section */
		38520885117432D900640971 /* Debug */ = {
			isa = XCBuildConfiguration;
			buildSettings = {
				COPY_PHASE_STRIP = NO;
				GCC_WARN_EFFECTIVE_CPLUSPLUS_VIOLATIONS = YES;
			};
			name = Debug;
		};
		38520886117432D900640971 /* Release */ = {
			isa = XCBuildConfiguration;
			buildSettings = {
				COPY_PHASE_STRIP = YES;
				GCC_WARN_EFFECTIVE_CPLUSPLUS_VIOLATIONS = YES;
			};
			name = Release;
		};
		385208A2117434FE00640971 /* Debug */ = {
			isa = XCBuildConfiguration;
			buildSettings = {
				ALWAYS_SEARCH_USER_PATHS = NO;
				COPY_PHASE_STRIP = NO;
				GCC_DYNAMIC_NO_PIC = NO;
				GCC_ENABLE_FIX_AND_CONTINUE = YES;
				GCC_MODEL_TUNING = G5;
				GCC_OPTIMIZATION_LEVEL = 0;
				GCC_PRECOMPILE_PREFIX_HEADER = YES;
				HEADER_SEARCH_PATHS = (
					"$(HOME)/Library/Frameworks/SDL.framework/Headers",
					/Library/Frameworks/SDL.framework/Headers,
					"$(HEADER_SEARCH_PATHS)",
				);
				INFOPLIST_FILE = "Game-Info.plist";
				INSTALL_PATH = "$(HOME)/Applications";
				OTHER_LDFLAGS = (
					"-framework",
					Foundation,
					"-framework",
					AppKit,
					"-framework",
					SDL,
					"-framework",
					OpenGL,
				);
				PREBINDING = NO;
				PRODUCT_NAME = Game;
			};
			name = Debug;
		};
		385208A3117434FE00640971 /* Release */ = {
			isa = XCBuildConfiguration;
			buildSettings = {
				ALWAYS_SEARCH_USER_PATHS = NO;
				COPY_PHASE_STRIP = YES;
				DEBUG_INFORMATION_FORMAT = "dwarf-with-dsym";
				GCC_ENABLE_FIX_AND_CONTINUE = NO;
				GCC_MODEL_TUNING = G5;
				GCC_PRECOMPILE_PREFIX_HEADER = YES;
				HEADER_SEARCH_PATHS = (
					"$(HOME)/Library/Frameworks/SDL.framework/Headers",
					/Library/Frameworks/SDL.framework/Headers,
					"$(HEADER_SEARCH_PATHS)",
				);
				INFOPLIST_FILE = "Game-Info.plist";
				INSTALL_PATH = "$(HOME)/Applications";
				OTHER_LDFLAGS = (
					"-framework",
					Foundation,
					"-framework",
					AppKit,
					"-framework",
					SDL,
					"-framework",
					OpenGL,
				);
				PREBINDING = NO;
				PRODUCT_NAME = Game;
				ZERO_LINK = NO;
			};
			name = Release;
		};
/* End XCBuildConfiguration section */

/* Begin XCConfigurationList section */
		38520887117432D900640971 /* Build configuration list for PBXProject "game" */ = {
			isa = XCConfigurationList;
			buildConfigurations = (
				38520885117432D900640971 /* Debug */,
				38520886117432D900640971 /* Release */,
			);
			defaultConfigurationIsVisible = 0;
			defaultConfigurationName = Release;
		};
		385208A4117434FF00640971 /* Build configuration list for PBXNativeTarget "Game" */ = {
			isa = XCConfigurationList;
			buildConfigurations = (
				385208A2117434FE00640971 /* Debug */,
				385208A3117434FE00640971 /* Release */,
			);
			defaultConfigurationIsVisible = 0;
			defaultConfigurationName = Release;
		};
/* End XCConfigurationList section */
	};
	rootObject = 38520884117432D900640971 /* Project object */;
}
